
Microsoft Visual Studio Solution File, Format Version 12.00
# Visual Studio 15
VisualStudioVersion = 15.0.28307.1758
MinimumVisualStudioVersion = 10.0.40219.1
Project("{8BC9CEB8-8B4A-11D0-8D11-00A0C91BC942}") = "Lambda_Expression", "Lambda_Expression\Lambda_Expression.vcxproj", "{9BAF218B-C664-4376-A160-DC9A74B45ACB}"
EndProject
Project("{8BC9CEB8-8B4A-11D0-8D11-00A0C91BC942}") = "std_function", "std_function\std_function.vcxproj", "{3B57D7BF-7C8C-4A1E-9B0F-D7D3F9D3D6A4}"
EndProject
Project("{8BC9CEB8-8B4A-11D0-8D11-00A0C91BC942}") = "std_bind", "std_bind\std_bind.vcxproj", "{9EED22D1-FB8B-4EB0-803B-A834854B7A4E}"
EndProject
Project("{8BC9CEB8-8B4A-11D0-8D11-00A0C91BC942}") = "std_bind2", "std_bind2\std_bind2.vcxproj", "{9B1B7EEF-E847-4D94-83AE-10D9B020822D}"
EndProject
Project("{8BC9CEB8-8B4A-11D0-8D11-00A0C91BC942}") = "std_bind3", "std_bind3\std_bind3.vcxproj", "{E06025C2-04BB-46F0-9A59-86747EE3E285}"
EndProject
Project("{8BC9CEB8-8B4A-11D0-8D11-00A0C91BC942}") = "FunctionPointer", "FunctionPointer\FunctionPointer.vcxproj", "{C16F1316-4F49-497D-B38B-3C62798065ED}"
EndProject
Project("{8BC9CEB8-8B4A-11D0-8D11-00A0C91BC942}") = "FunctionPointer2", "FunctionPointer2\FunctionPointer2.vcxproj", "{7E123F8B-2ECC-4168-AF76-9F1CBCBE4CC5}"
EndProject
Project("{8BC9CEB8-8B4A-11D0-8D11-00A0C91BC942}") = "FunctionPointer3", "FunctionPointer3\FunctionPointer3.vcxproj", "{B9332613-B922-4C15-BDB6-0CAF816DCE36}"
EndProject
Project("{8BC9CEB8-8B4A-11D0-8D11-00A0C91BC942}") = "CallBack1", "CallBack1\CallBack1.vcxproj", "{A2ADF899-86AB-4FBE-AD57-6F453959E161}"
EndProject
Project("{8BC9CEB8-8B4A-11D0-8D11-00A0C91BC942}") = "Callback2", "Callback2\Callback2.vcxproj", "{90D677CF-11D5-47FD-980D-26698C84763F}"
EndProject
Project("{8BC9CEB8-8B4A-11D0-8D11-00A0C91BC942}") = "Callback3", "Callback3\Callback3.vcxproj", "{3E6B2241-336B-49C7-B310-0C7AB8DA7172}"
EndProject
Project("{8BC9CEB8-8B4A-11D0-8D11-00A0C91BC942}") = "FunctionObject1", "FunctionObject1\FunctionObject1.vcxproj", "{2AE597BD-5877-467F-92D3-C4A7B5755CBF}"
EndProject
Project("{8BC9CEB8-8B4A-11D0-8D11-00A0C91BC942}") = "FunctionObject2", "FunctionObject2\FunctionObject2.vcxproj", "{FB0B0FE3-BDB7-4314-ADF3-566C2239B63A}"
EndProject
Project("{8BC9CEB8-8B4A-11D0-8D11-00A0C91BC942}") = "FunctionObject3", "FunctionObject3\FunctionObject3.vcxproj", "{E1F82A3E-8E3B-4004-8215-DB908A87BA06}"
EndProject
Project("{8BC9CEB8-8B4A-11D0-8D11-00A0C91BC942}") = "FunctionObject4", "FunctionObject4\FunctionObject4.vcxproj", "{81706C2C-160F-426F-94C4-19D05F52E807}"
EndProject
Project("{8BC9CEB8-8B4A-11D0-8D11-00A0C91BC942}") = "FunctionObject5", "FunctionObject5\FunctionObject5.vcxproj", "{AE975DC5-5AAD-472E-BB7C-407CE860D7B9}"
EndProject
Project("{8BC9CEB8-8B4A-11D0-8D11-00A0C91BC942}") = "FunctionObject6", "FunctionObject6\FunctionObject6.vcxproj", "{444F7FA0-E088-4FBA-82DB-6E1673C20574}"
EndProject
Project("{8BC9CEB8-8B4A-11D0-8D11-00A0C91BC942}") = "FunctionObject7", "FunctionObject7\FunctionObject7.vcxproj", "{FA4D423F-FFAD-4D57-9FC7-470288B334B0}"
EndProject
Project("{8BC9CEB8-8B4A-11D0-8D11-00A0C91BC942}") = "FunctionObject8", "FunctionObject8\FunctionObject8.vcxproj", "{6219463C-B88F-4C8B-85D3-A18F07170ED8}"
EndProject
Project("{8BC9CEB8-8B4A-11D0-8D11-00A0C91BC942}") = "FunctionTemplate", "FunctionTemplate\FunctionTemplate.vcxproj", "{1CB5F837-CDA8-4212-B330-702FD272FC0C}"
EndProject
Project("{8BC9CEB8-8B4A-11D0-8D11-00A0C91BC942}") = "FunctionTemplate2", "FunctionTemplate2\FunctionTemplate2.vcxproj", "{20A8A166-C1F2-4278-91D5-FCFB968B6898}"
EndProject
Project("{8BC9CEB8-8B4A-11D0-8D11-00A0C91BC942}") = "FunctionTemplate3", "FunctionTemplate3\FunctionTemplate3.vcxproj", "{004FCD7F-2E28-40BB-8179-81DB49435B59}"
EndProject
Project("{8BC9CEB8-8B4A-11D0-8D11-00A0C91BC942}") = "FunctionTemplate4", "FunctionTemplate4\FunctionTemplate4.vcxproj", "{DC6D800E-2257-4E82-AC63-0C630AAB079B}"
EndProject
Project("{8BC9CEB8-8B4A-11D0-8D11-00A0C91BC942}") = "FucntionTemplate5", "FucntionTemplate5\FucntionTemplate5.vcxproj", "{79965AB3-5AFE-4324-B517-996587367800}"
EndProject
Project("{8BC9CEB8-8B4A-11D0-8D11-00A0C91BC942}") = "FunctionTemplate06", "FunctionTemplate06\FunctionTemplate06.vcxproj", "{E262F45D-84CD-42FD-A6D4-0C046B47652A}"
EndProject
Project("{8BC9CEB8-8B4A-11D0-8D11-00A0C91BC942}") = "FunctionTemplate7", "FunctionTemplate7\FunctionTemplate7.vcxproj", "{322C79EE-8D84-46E5-AD52-771BD1D4680C}"
EndProject
Project("{8BC9CEB8-8B4A-11D0-8D11-00A0C91BC942}") = "FunctionTemplate8", "FunctionTemplate8\FunctionTemplate8.vcxproj", "{5043F1C9-3CB3-4FC3-BA1A-4AAC4BB5DF73}"
EndProject
Project("{8BC9CEB8-8B4A-11D0-8D11-00A0C91BC942}") = "FunctionTemplate9", "FunctionTemplate9\FunctionTemplate9.vcxproj", "{B389BA4E-B402-4A5D-87EF-53255CE66AC1}"
EndProject
Project("{8BC9CEB8-8B4A-11D0-8D11-00A0C91BC942}") = "ClassTemplate", "ClassTemplate\ClassTemplate.vcxproj", "{A918D577-0AFF-4924-8FBE-FF0A39F1FA1F}"
EndProject
Project("{8BC9CEB8-8B4A-11D0-8D11-00A0C91BC942}") = "ClassTemplate2", "ClassTemplate2\ClassTemplate2.vcxproj", "{CD32E147-F40C-428F-B5F4-B20C2DEA9044}"
EndProject
Project("{8BC9CEB8-8B4A-11D0-8D11-00A0C91BC942}") = "ClassTemplate3", "ClassTemplate3\ClassTemplate3.vcxproj", "{CACD2AC3-7CA3-4C37-80E9-C91FD607DAB1}"
EndProject
Project("{8BC9CEB8-8B4A-11D0-8D11-00A0C91BC942}") = "ClassTemplate4", "ClassTemplate4\ClassTemplate4.vcxproj", "{387894BB-5F04-409E-B1C9-F10E9401269C}"
EndProject
Project("{8BC9CEB8-8B4A-11D0-8D11-00A0C91BC942}") = "ClassTemplate6", "ClassTemplate6\ClassTemplate6.vcxproj", "{8CA0E8D8-C76E-45EE-974B-0C7177A96920}"
EndProject
Project("{8BC9CEB8-8B4A-11D0-8D11-00A0C91BC942}") = "ClassTemplate7_ObjectInfo2", "ClassTemplate7_ObjectInfo2\ClassTemplate7_ObjectInfo2.vcxproj", "{8A7631E3-A16C-4CA5-83CB-3B9191BBA8C6}"
EndProject
Project("{8BC9CEB8-8B4A-11D0-8D11-00A0C91BC942}") = "For_Each1", "For_Each1\For_Each1.vcxproj", "{9C5D8EB4-E524-4389-BA5D-A857CC0C9990}"
EndProject
Project("{8BC9CEB8-8B4A-11D0-8D11-00A0C91BC942}") = "For_each2", "For_each2\For_each2.vcxproj", "{E98162B8-B67E-4997-9A33-29AC591CD4E5}"
EndProject
Project("{8BC9CEB8-8B4A-11D0-8D11-00A0C91BC942}") = "For_each3", "For_each3\For_each3.vcxproj", "{5FCBFD9C-8917-4E11-9FFD-3C2FAE7B2FA6}"
EndProject
Project("{8BC9CEB8-8B4A-11D0-8D11-00A0C91BC942}") = "lessandgreater", "lessandgreater\lessandgreater.vcxproj", "{B53941BE-A665-4224-9B4B-B78EC2432B60}"
EndProject
Project("{8BC9CEB8-8B4A-11D0-8D11-00A0C91BC942}") = "FunctionObjectSpecial", "FunctionObjectSpecial\FunctionObjectSpecial.vcxproj", "{A9244B2D-ADA3-426C-A07A-8D6B264CB16B}"
EndProject
Project("{8BC9CEB8-8B4A-11D0-8D11-00A0C91BC942}") = "Pair_Class", "Pair_Class\Pair_Class.vcxproj", "{EF9FD86D-4780-4B93-965D-CCD99ED762A1}"
EndProject
Project("{8BC9CEB8-8B4A-11D0-8D11-00A0C91BC942}") = "vector1", "vector1\vector1.vcxproj", "{6C4E60AD-A7C1-4983-8F1C-59B25AD43F67}"
EndProject
Project("{8BC9CEB8-8B4A-11D0-8D11-00A0C91BC942}") = "vector_iterator", "vector_iterator\vector_iterator.vcxproj", "{CB61CD0F-978A-4CDE-8DCA-5BBBF3FCB44B}"
EndProject
Project("{8BC9CEB8-8B4A-11D0-8D11-00A0C91BC942}") = "vector_iter2", "vector_iter2\vector_iter2.vcxproj", "{3BC573FF-DD4A-495D-98C9-473238A4D84C}"
EndProject
Project("{8BC9CEB8-8B4A-11D0-8D11-00A0C91BC942}") = "deque_iter", "deque_iter\deque_iter.vcxproj", "{409371D7-A879-43CE-9FD1-E3B0E0CCED48}"
EndProject
Project("{8BC9CEB8-8B4A-11D0-8D11-00A0C91BC942}") = "functionobject_sort", "functionobject_sort\functionobject_sort.vcxproj", "{0598F3A7-30C0-4BAA-A19B-36CB8417FDE3}"
EndProject
Project("{8BC9CEB8-8B4A-11D0-8D11-00A0C91BC942}") = "stack_container", "stack_container\stack_container.vcxproj", "{599E370C-2607-47FE-9967-0534B3EDC4C1}"
EndProject
Global
	GlobalSection(SolutionConfigurationPlatforms) = preSolution
		Debug|x64 = Debug|x64
		Debug|x86 = Debug|x86
		Release|x64 = Release|x64
		Release|x86 = Release|x86
	EndGlobalSection
	GlobalSection(ProjectConfigurationPlatforms) = postSolution
		{9BAF218B-C664-4376-A160-DC9A74B45ACB}.Debug|x64.ActiveCfg = Debug|x64
		{9BAF218B-C664-4376-A160-DC9A74B45ACB}.Debug|x64.Build.0 = Debug|x64
		{9BAF218B-C664-4376-A160-DC9A74B45ACB}.Debug|x86.ActiveCfg = Debug|Win32
		{9BAF218B-C664-4376-A160-DC9A74B45ACB}.Debug|x86.Build.0 = Debug|Win32
		{9BAF218B-C664-4376-A160-DC9A74B45ACB}.Release|x64.ActiveCfg = Release|x64
		{9BAF218B-C664-4376-A160-DC9A74B45ACB}.Release|x64.Build.0 = Release|x64
		{9BAF218B-C664-4376-A160-DC9A74B45ACB}.Release|x86.ActiveCfg = Release|Win32
		{9BAF218B-C664-4376-A160-DC9A74B45ACB}.Release|x86.Build.0 = Release|Win32
		{3B57D7BF-7C8C-4A1E-9B0F-D7D3F9D3D6A4}.Debug|x64.ActiveCfg = Debug|x64
		{3B57D7BF-7C8C-4A1E-9B0F-D7D3F9D3D6A4}.Debug|x64.Build.0 = Debug|x64
		{3B57D7BF-7C8C-4A1E-9B0F-D7D3F9D3D6A4}.Debug|x86.ActiveCfg = Debug|Win32
		{3B57D7BF-7C8C-4A1E-9B0F-D7D3F9D3D6A4}.Debug|x86.Build.0 = Debug|Win32
		{3B57D7BF-7C8C-4A1E-9B0F-D7D3F9D3D6A4}.Release|x64.ActiveCfg = Release|x64
		{3B57D7BF-7C8C-4A1E-9B0F-D7D3F9D3D6A4}.Release|x64.Build.0 = Release|x64
		{3B57D7BF-7C8C-4A1E-9B0F-D7D3F9D3D6A4}.Release|x86.ActiveCfg = Release|Win32
		{3B57D7BF-7C8C-4A1E-9B0F-D7D3F9D3D6A4}.Release|x86.Build.0 = Release|Win32
		{9EED22D1-FB8B-4EB0-803B-A834854B7A4E}.Debug|x64.ActiveCfg = Debug|x64
		{9EED22D1-FB8B-4EB0-803B-A834854B7A4E}.Debug|x64.Build.0 = Debug|x64
		{9EED22D1-FB8B-4EB0-803B-A834854B7A4E}.Debug|x86.ActiveCfg = Debug|Win32
		{9EED22D1-FB8B-4EB0-803B-A834854B7A4E}.Debug|x86.Build.0 = Debug|Win32
		{9EED22D1-FB8B-4EB0-803B-A834854B7A4E}.Release|x64.ActiveCfg = Release|x64
		{9EED22D1-FB8B-4EB0-803B-A834854B7A4E}.Release|x64.Build.0 = Release|x64
		{9EED22D1-FB8B-4EB0-803B-A834854B7A4E}.Release|x86.ActiveCfg = Release|Win32
		{9EED22D1-FB8B-4EB0-803B-A834854B7A4E}.Release|x86.Build.0 = Release|Win32
		{9B1B7EEF-E847-4D94-83AE-10D9B020822D}.Debug|x64.ActiveCfg = Debug|x64
		{9B1B7EEF-E847-4D94-83AE-10D9B020822D}.Debug|x64.Build.0 = Debug|x64
		{9B1B7EEF-E847-4D94-83AE-10D9B020822D}.Debug|x86.ActiveCfg = Debug|Win32
		{9B1B7EEF-E847-4D94-83AE-10D9B020822D}.Debug|x86.Build.0 = Debug|Win32
		{9B1B7EEF-E847-4D94-83AE-10D9B020822D}.Release|x64.ActiveCfg = Release|x64
		{9B1B7EEF-E847-4D94-83AE-10D9B020822D}.Release|x64.Build.0 = Release|x64
		{9B1B7EEF-E847-4D94-83AE-10D9B020822D}.Release|x86.ActiveCfg = Release|Win32
		{9B1B7EEF-E847-4D94-83AE-10D9B020822D}.Release|x86.Build.0 = Release|Win32
		{E06025C2-04BB-46F0-9A59-86747EE3E285}.Debug|x64.ActiveCfg = Debug|x64
		{E06025C2-04BB-46F0-9A59-86747EE3E285}.Debug|x64.Build.0 = Debug|x64
		{E06025C2-04BB-46F0-9A59-86747EE3E285}.Debug|x86.ActiveCfg = Debug|Win32
		{E06025C2-04BB-46F0-9A59-86747EE3E285}.Debug|x86.Build.0 = Debug|Win32
		{E06025C2-04BB-46F0-9A59-86747EE3E285}.Release|x64.ActiveCfg = Release|x64
		{E06025C2-04BB-46F0-9A59-86747EE3E285}.Release|x64.Build.0 = Release|x64
		{E06025C2-04BB-46F0-9A59-86747EE3E285}.Release|x86.ActiveCfg = Release|Win32
		{E06025C2-04BB-46F0-9A59-86747EE3E285}.Release|x86.Build.0 = Release|Win32
		{C16F1316-4F49-497D-B38B-3C62798065ED}.Debug|x64.ActiveCfg = Debug|x64
		{C16F1316-4F49-497D-B38B-3C62798065ED}.Debug|x64.Build.0 = Debug|x64
		{C16F1316-4F49-497D-B38B-3C62798065ED}.Debug|x86.ActiveCfg = Debug|Win32
		{C16F1316-4F49-497D-B38B-3C62798065ED}.Debug|x86.Build.0 = Debug|Win32
		{C16F1316-4F49-497D-B38B-3C62798065ED}.Release|x64.ActiveCfg = Release|x64
		{C16F1316-4F49-497D-B38B-3C62798065ED}.Release|x64.Build.0 = Release|x64
		{C16F1316-4F49-497D-B38B-3C62798065ED}.Release|x86.ActiveCfg = Release|Win32
		{C16F1316-4F49-497D-B38B-3C62798065ED}.Release|x86.Build.0 = Release|Win32
		{7E123F8B-2ECC-4168-AF76-9F1CBCBE4CC5}.Debug|x64.ActiveCfg = Debug|x64
		{7E123F8B-2ECC-4168-AF76-9F1CBCBE4CC5}.Debug|x64.Build.0 = Debug|x64
		{7E123F8B-2ECC-4168-AF76-9F1CBCBE4CC5}.Debug|x86.ActiveCfg = Debug|Win32
		{7E123F8B-2ECC-4168-AF76-9F1CBCBE4CC5}.Debug|x86.Build.0 = Debug|Win32
		{7E123F8B-2ECC-4168-AF76-9F1CBCBE4CC5}.Release|x64.ActiveCfg = Release|x64
		{7E123F8B-2ECC-4168-AF76-9F1CBCBE4CC5}.Release|x64.Build.0 = Release|x64
		{7E123F8B-2ECC-4168-AF76-9F1CBCBE4CC5}.Release|x86.ActiveCfg = Release|Win32
		{7E123F8B-2ECC-4168-AF76-9F1CBCBE4CC5}.Release|x86.Build.0 = Release|Win32
		{B9332613-B922-4C15-BDB6-0CAF816DCE36}.Debug|x64.ActiveCfg = Debug|x64
		{B9332613-B922-4C15-BDB6-0CAF816DCE36}.Debug|x64.Build.0 = Debug|x64
		{B9332613-B922-4C15-BDB6-0CAF816DCE36}.Debug|x86.ActiveCfg = Debug|Win32
		{B9332613-B922-4C15-BDB6-0CAF816DCE36}.Debug|x86.Build.0 = Debug|Win32
		{B9332613-B922-4C15-BDB6-0CAF816DCE36}.Release|x64.ActiveCfg = Release|x64
		{B9332613-B922-4C15-BDB6-0CAF816DCE36}.Release|x64.Build.0 = Release|x64
		{B9332613-B922-4C15-BDB6-0CAF816DCE36}.Release|x86.ActiveCfg = Release|Win32
		{B9332613-B922-4C15-BDB6-0CAF816DCE36}.Release|x86.Build.0 = Release|Win32
		{A2ADF899-86AB-4FBE-AD57-6F453959E161}.Debug|x64.ActiveCfg = Debug|x64
		{A2ADF899-86AB-4FBE-AD57-6F453959E161}.Debug|x64.Build.0 = Debug|x64
		{A2ADF899-86AB-4FBE-AD57-6F453959E161}.Debug|x86.ActiveCfg = Debug|Win32
		{A2ADF899-86AB-4FBE-AD57-6F453959E161}.Debug|x86.Build.0 = Debug|Win32
		{A2ADF899-86AB-4FBE-AD57-6F453959E161}.Release|x64.ActiveCfg = Release|x64
		{A2ADF899-86AB-4FBE-AD57-6F453959E161}.Release|x64.Build.0 = Release|x64
		{A2ADF899-86AB-4FBE-AD57-6F453959E161}.Release|x86.ActiveCfg = Release|Win32
		{A2ADF899-86AB-4FBE-AD57-6F453959E161}.Release|x86.Build.0 = Release|Win32
		{90D677CF-11D5-47FD-980D-26698C84763F}.Debug|x64.ActiveCfg = Debug|x64
		{90D677CF-11D5-47FD-980D-26698C84763F}.Debug|x64.Build.0 = Debug|x64
		{90D677CF-11D5-47FD-980D-26698C84763F}.Debug|x86.ActiveCfg = Debug|Win32
		{90D677CF-11D5-47FD-980D-26698C84763F}.Debug|x86.Build.0 = Debug|Win32
		{90D677CF-11D5-47FD-980D-26698C84763F}.Release|x64.ActiveCfg = Release|x64
		{90D677CF-11D5-47FD-980D-26698C84763F}.Release|x64.Build.0 = Release|x64
		{90D677CF-11D5-47FD-980D-26698C84763F}.Release|x86.ActiveCfg = Release|Win32
		{90D677CF-11D5-47FD-980D-26698C84763F}.Release|x86.Build.0 = Release|Win32
		{3E6B2241-336B-49C7-B310-0C7AB8DA7172}.Debug|x64.ActiveCfg = Debug|x64
		{3E6B2241-336B-49C7-B310-0C7AB8DA7172}.Debug|x64.Build.0 = Debug|x64
		{3E6B2241-336B-49C7-B310-0C7AB8DA7172}.Debug|x86.ActiveCfg = Debug|Win32
		{3E6B2241-336B-49C7-B310-0C7AB8DA7172}.Debug|x86.Build.0 = Debug|Win32
		{3E6B2241-336B-49C7-B310-0C7AB8DA7172}.Release|x64.ActiveCfg = Release|x64
		{3E6B2241-336B-49C7-B310-0C7AB8DA7172}.Release|x64.Build.0 = Release|x64
		{3E6B2241-336B-49C7-B310-0C7AB8DA7172}.Release|x86.ActiveCfg = Release|Win32
		{3E6B2241-336B-49C7-B310-0C7AB8DA7172}.Release|x86.Build.0 = Release|Win32
		{2AE597BD-5877-467F-92D3-C4A7B5755CBF}.Debug|x64.ActiveCfg = Debug|x64
		{2AE597BD-5877-467F-92D3-C4A7B5755CBF}.Debug|x64.Build.0 = Debug|x64
		{2AE597BD-5877-467F-92D3-C4A7B5755CBF}.Debug|x86.ActiveCfg = Debug|Win32
		{2AE597BD-5877-467F-92D3-C4A7B5755CBF}.Debug|x86.Build.0 = Debug|Win32
		{2AE597BD-5877-467F-92D3-C4A7B5755CBF}.Release|x64.ActiveCfg = Release|x64
		{2AE597BD-5877-467F-92D3-C4A7B5755CBF}.Release|x64.Build.0 = Release|x64
		{2AE597BD-5877-467F-92D3-C4A7B5755CBF}.Release|x86.ActiveCfg = Release|Win32
		{2AE597BD-5877-467F-92D3-C4A7B5755CBF}.Release|x86.Build.0 = Release|Win32
		{FB0B0FE3-BDB7-4314-ADF3-566C2239B63A}.Debug|x64.ActiveCfg = Debug|x64
		{FB0B0FE3-BDB7-4314-ADF3-566C2239B63A}.Debug|x64.Build.0 = Debug|x64
		{FB0B0FE3-BDB7-4314-ADF3-566C2239B63A}.Debug|x86.ActiveCfg = Debug|Win32
		{FB0B0FE3-BDB7-4314-ADF3-566C2239B63A}.Debug|x86.Build.0 = Debug|Win32
		{FB0B0FE3-BDB7-4314-ADF3-566C2239B63A}.Release|x64.ActiveCfg = Release|x64
		{FB0B0FE3-BDB7-4314-ADF3-566C2239B63A}.Release|x64.Build.0 = Release|x64
		{FB0B0FE3-BDB7-4314-ADF3-566C2239B63A}.Release|x86.ActiveCfg = Release|Win32
		{FB0B0FE3-BDB7-4314-ADF3-566C2239B63A}.Release|x86.Build.0 = Release|Win32
		{E1F82A3E-8E3B-4004-8215-DB908A87BA06}.Debug|x64.ActiveCfg = Debug|x64
		{E1F82A3E-8E3B-4004-8215-DB908A87BA06}.Debug|x64.Build.0 = Debug|x64
		{E1F82A3E-8E3B-4004-8215-DB908A87BA06}.Debug|x86.ActiveCfg = Debug|Win32
		{E1F82A3E-8E3B-4004-8215-DB908A87BA06}.Debug|x86.Build.0 = Debug|Win32
		{E1F82A3E-8E3B-4004-8215-DB908A87BA06}.Release|x64.ActiveCfg = Release|x64
		{E1F82A3E-8E3B-4004-8215-DB908A87BA06}.Release|x64.Build.0 = Release|x64
		{E1F82A3E-8E3B-4004-8215-DB908A87BA06}.Release|x86.ActiveCfg = Release|Win32
		{E1F82A3E-8E3B-4004-8215-DB908A87BA06}.Release|x86.Build.0 = Release|Win32
		{81706C2C-160F-426F-94C4-19D05F52E807}.Debug|x64.ActiveCfg = Debug|x64
		{81706C2C-160F-426F-94C4-19D05F52E807}.Debug|x64.Build.0 = Debug|x64
		{81706C2C-160F-426F-94C4-19D05F52E807}.Debug|x86.ActiveCfg = Debug|Win32
		{81706C2C-160F-426F-94C4-19D05F52E807}.Debug|x86.Build.0 = Debug|Win32
		{81706C2C-160F-426F-94C4-19D05F52E807}.Release|x64.ActiveCfg = Release|x64
		{81706C2C-160F-426F-94C4-19D05F52E807}.Release|x64.Build.0 = Release|x64
		{81706C2C-160F-426F-94C4-19D05F52E807}.Release|x86.ActiveCfg = Release|Win32
		{81706C2C-160F-426F-94C4-19D05F52E807}.Release|x86.Build.0 = Release|Win32
		{AE975DC5-5AAD-472E-BB7C-407CE860D7B9}.Debug|x64.ActiveCfg = Debug|x64
		{AE975DC5-5AAD-472E-BB7C-407CE860D7B9}.Debug|x64.Build.0 = Debug|x64
		{AE975DC5-5AAD-472E-BB7C-407CE860D7B9}.Debug|x86.ActiveCfg = Debug|Win32
		{AE975DC5-5AAD-472E-BB7C-407CE860D7B9}.Debug|x86.Build.0 = Debug|Win32
		{AE975DC5-5AAD-472E-BB7C-407CE860D7B9}.Release|x64.ActiveCfg = Release|x64
		{AE975DC5-5AAD-472E-BB7C-407CE860D7B9}.Release|x64.Build.0 = Release|x64
		{AE975DC5-5AAD-472E-BB7C-407CE860D7B9}.Release|x86.ActiveCfg = Release|Win32
		{AE975DC5-5AAD-472E-BB7C-407CE860D7B9}.Release|x86.Build.0 = Release|Win32
		{444F7FA0-E088-4FBA-82DB-6E1673C20574}.Debug|x64.ActiveCfg = Debug|x64
		{444F7FA0-E088-4FBA-82DB-6E1673C20574}.Debug|x64.Build.0 = Debug|x64
		{444F7FA0-E088-4FBA-82DB-6E1673C20574}.Debug|x86.ActiveCfg = Debug|Win32
		{444F7FA0-E088-4FBA-82DB-6E1673C20574}.Debug|x86.Build.0 = Debug|Win32
		{444F7FA0-E088-4FBA-82DB-6E1673C20574}.Release|x64.ActiveCfg = Release|x64
		{444F7FA0-E088-4FBA-82DB-6E1673C20574}.Release|x64.Build.0 = Release|x64
		{444F7FA0-E088-4FBA-82DB-6E1673C20574}.Release|x86.ActiveCfg = Release|Win32
		{444F7FA0-E088-4FBA-82DB-6E1673C20574}.Release|x86.Build.0 = Release|Win32
		{FA4D423F-FFAD-4D57-9FC7-470288B334B0}.Debug|x64.ActiveCfg = Debug|x64
		{FA4D423F-FFAD-4D57-9FC7-470288B334B0}.Debug|x64.Build.0 = Debug|x64
		{FA4D423F-FFAD-4D57-9FC7-470288B334B0}.Debug|x86.ActiveCfg = Debug|Win32
		{FA4D423F-FFAD-4D57-9FC7-470288B334B0}.Debug|x86.Build.0 = Debug|Win32
		{FA4D423F-FFAD-4D57-9FC7-470288B334B0}.Release|x64.ActiveCfg = Release|x64
		{FA4D423F-FFAD-4D57-9FC7-470288B334B0}.Release|x64.Build.0 = Release|x64
		{FA4D423F-FFAD-4D57-9FC7-470288B334B0}.Release|x86.ActiveCfg = Release|Win32
		{FA4D423F-FFAD-4D57-9FC7-470288B334B0}.Release|x86.Build.0 = Release|Win32
		{6219463C-B88F-4C8B-85D3-A18F07170ED8}.Debug|x64.ActiveCfg = Debug|x64
		{6219463C-B88F-4C8B-85D3-A18F07170ED8}.Debug|x64.Build.0 = Debug|x64
		{6219463C-B88F-4C8B-85D3-A18F07170ED8}.Debug|x86.ActiveCfg = Debug|Win32
		{6219463C-B88F-4C8B-85D3-A18F07170ED8}.Debug|x86.Build.0 = Debug|Win32
		{6219463C-B88F-4C8B-85D3-A18F07170ED8}.Release|x64.ActiveCfg = Release|x64
		{6219463C-B88F-4C8B-85D3-A18F07170ED8}.Release|x64.Build.0 = Release|x64
		{6219463C-B88F-4C8B-85D3-A18F07170ED8}.Release|x86.ActiveCfg = Release|Win32
		{6219463C-B88F-4C8B-85D3-A18F07170ED8}.Release|x86.Build.0 = Release|Win32
		{1CB5F837-CDA8-4212-B330-702FD272FC0C}.Debug|x64.ActiveCfg = Debug|x64
		{1CB5F837-CDA8-4212-B330-702FD272FC0C}.Debug|x64.Build.0 = Debug|x64
		{1CB5F837-CDA8-4212-B330-702FD272FC0C}.Debug|x86.ActiveCfg = Debug|Win32
		{1CB5F837-CDA8-4212-B330-702FD272FC0C}.Debug|x86.Build.0 = Debug|Win32
		{1CB5F837-CDA8-4212-B330-702FD272FC0C}.Release|x64.ActiveCfg = Release|x64
		{1CB5F837-CDA8-4212-B330-702FD272FC0C}.Release|x64.Build.0 = Release|x64
		{1CB5F837-CDA8-4212-B330-702FD272FC0C}.Release|x86.ActiveCfg = Release|Win32
		{1CB5F837-CDA8-4212-B330-702FD272FC0C}.Release|x86.Build.0 = Release|Win32
		{20A8A166-C1F2-4278-91D5-FCFB968B6898}.Debug|x64.ActiveCfg = Debug|x64
		{20A8A166-C1F2-4278-91D5-FCFB968B6898}.Debug|x64.Build.0 = Debug|x64
		{20A8A166-C1F2-4278-91D5-FCFB968B6898}.Debug|x86.ActiveCfg = Debug|Win32
		{20A8A166-C1F2-4278-91D5-FCFB968B6898}.Debug|x86.Build.0 = Debug|Win32
		{20A8A166-C1F2-4278-91D5-FCFB968B6898}.Release|x64.ActiveCfg = Release|x64
		{20A8A166-C1F2-4278-91D5-FCFB968B6898}.Release|x64.Build.0 = Release|x64
		{20A8A166-C1F2-4278-91D5-FCFB968B6898}.Release|x86.ActiveCfg = Release|Win32
		{20A8A166-C1F2-4278-91D5-FCFB968B6898}.Release|x86.Build.0 = Release|Win32
		{004FCD7F-2E28-40BB-8179-81DB49435B59}.Debug|x64.ActiveCfg = Debug|x64
		{004FCD7F-2E28-40BB-8179-81DB49435B59}.Debug|x64.Build.0 = Debug|x64
		{004FCD7F-2E28-40BB-8179-81DB49435B59}.Debug|x86.ActiveCfg = Debug|Win32
		{004FCD7F-2E28-40BB-8179-81DB49435B59}.Debug|x86.Build.0 = Debug|Win32
		{004FCD7F-2E28-40BB-8179-81DB49435B59}.Release|x64.ActiveCfg = Release|x64
		{004FCD7F-2E28-40BB-8179-81DB49435B59}.Release|x64.Build.0 = Release|x64
		{004FCD7F-2E28-40BB-8179-81DB49435B59}.Release|x86.ActiveCfg = Release|Win32
		{004FCD7F-2E28-40BB-8179-81DB49435B59}.Release|x86.Build.0 = Release|Win32
		{DC6D800E-2257-4E82-AC63-0C630AAB079B}.Debug|x64.ActiveCfg = Debug|x64
		{DC6D800E-2257-4E82-AC63-0C630AAB079B}.Debug|x64.Build.0 = Debug|x64
		{DC6D800E-2257-4E82-AC63-0C630AAB079B}.Debug|x86.ActiveCfg = Debug|Win32
		{DC6D800E-2257-4E82-AC63-0C630AAB079B}.Debug|x86.Build.0 = Debug|Win32
		{DC6D800E-2257-4E82-AC63-0C630AAB079B}.Release|x64.ActiveCfg = Release|x64
		{DC6D800E-2257-4E82-AC63-0C630AAB079B}.Release|x64.Build.0 = Release|x64
		{DC6D800E-2257-4E82-AC63-0C630AAB079B}.Release|x86.ActiveCfg = Release|Win32
		{DC6D800E-2257-4E82-AC63-0C630AAB079B}.Release|x86.Build.0 = Release|Win32
		{79965AB3-5AFE-4324-B517-996587367800}.Debug|x64.ActiveCfg = Debug|x64
		{79965AB3-5AFE-4324-B517-996587367800}.Debug|x64.Build.0 = Debug|x64
		{79965AB3-5AFE-4324-B517-996587367800}.Debug|x86.ActiveCfg = Debug|Win32
		{79965AB3-5AFE-4324-B517-996587367800}.Debug|x86.Build.0 = Debug|Win32
		{79965AB3-5AFE-4324-B517-996587367800}.Release|x64.ActiveCfg = Release|x64
		{79965AB3-5AFE-4324-B517-996587367800}.Release|x64.Build.0 = Release|x64
		{79965AB3-5AFE-4324-B517-996587367800}.Release|x86.ActiveCfg = Release|Win32
		{79965AB3-5AFE-4324-B517-996587367800}.Release|x86.Build.0 = Release|Win32
		{E262F45D-84CD-42FD-A6D4-0C046B47652A}.Debug|x64.ActiveCfg = Debug|x64
		{E262F45D-84CD-42FD-A6D4-0C046B47652A}.Debug|x64.Build.0 = Debug|x64
		{E262F45D-84CD-42FD-A6D4-0C046B47652A}.Debug|x86.ActiveCfg = Debug|Win32
		{E262F45D-84CD-42FD-A6D4-0C046B47652A}.Debug|x86.Build.0 = Debug|Win32
		{E262F45D-84CD-42FD-A6D4-0C046B47652A}.Release|x64.ActiveCfg = Release|x64
		{E262F45D-84CD-42FD-A6D4-0C046B47652A}.Release|x64.Build.0 = Release|x64
		{E262F45D-84CD-42FD-A6D4-0C046B47652A}.Release|x86.ActiveCfg = Release|Win32
		{E262F45D-84CD-42FD-A6D4-0C046B47652A}.Release|x86.Build.0 = Release|Win32
		{322C79EE-8D84-46E5-AD52-771BD1D4680C}.Debug|x64.ActiveCfg = Debug|x64
		{322C79EE-8D84-46E5-AD52-771BD1D4680C}.Debug|x64.Build.0 = Debug|x64
		{322C79EE-8D84-46E5-AD52-771BD1D4680C}.Debug|x86.ActiveCfg = Debug|Win32
		{322C79EE-8D84-46E5-AD52-771BD1D4680C}.Debug|x86.Build.0 = Debug|Win32
		{322C79EE-8D84-46E5-AD52-771BD1D4680C}.Release|x64.ActiveCfg = Release|x64
		{322C79EE-8D84-46E5-AD52-771BD1D4680C}.Release|x64.Build.0 = Release|x64
		{322C79EE-8D84-46E5-AD52-771BD1D4680C}.Release|x86.ActiveCfg = Release|Win32
		{322C79EE-8D84-46E5-AD52-771BD1D4680C}.Release|x86.Build.0 = Release|Win32
		{5043F1C9-3CB3-4FC3-BA1A-4AAC4BB5DF73}.Debug|x64.ActiveCfg = Debug|x64
		{5043F1C9-3CB3-4FC3-BA1A-4AAC4BB5DF73}.Debug|x64.Build.0 = Debug|x64
		{5043F1C9-3CB3-4FC3-BA1A-4AAC4BB5DF73}.Debug|x86.ActiveCfg = Debug|Win32
		{5043F1C9-3CB3-4FC3-BA1A-4AAC4BB5DF73}.Debug|x86.Build.0 = Debug|Win32
		{5043F1C9-3CB3-4FC3-BA1A-4AAC4BB5DF73}.Release|x64.ActiveCfg = Release|x64
		{5043F1C9-3CB3-4FC3-BA1A-4AAC4BB5DF73}.Release|x64.Build.0 = Release|x64
		{5043F1C9-3CB3-4FC3-BA1A-4AAC4BB5DF73}.Release|x86.ActiveCfg = Release|Win32
		{5043F1C9-3CB3-4FC3-BA1A-4AAC4BB5DF73}.Release|x86.Build.0 = Release|Win32
		{B389BA4E-B402-4A5D-87EF-53255CE66AC1}.Debug|x64.ActiveCfg = Debug|x64
		{B389BA4E-B402-4A5D-87EF-53255CE66AC1}.Debug|x64.Build.0 = Debug|x64
		{B389BA4E-B402-4A5D-87EF-53255CE66AC1}.Debug|x86.ActiveCfg = Debug|Win32
		{B389BA4E-B402-4A5D-87EF-53255CE66AC1}.Debug|x86.Build.0 = Debug|Win32
		{B389BA4E-B402-4A5D-87EF-53255CE66AC1}.Release|x64.ActiveCfg = Release|x64
		{B389BA4E-B402-4A5D-87EF-53255CE66AC1}.Release|x64.Build.0 = Release|x64
		{B389BA4E-B402-4A5D-87EF-53255CE66AC1}.Release|x86.ActiveCfg = Release|Win32
		{B389BA4E-B402-4A5D-87EF-53255CE66AC1}.Release|x86.Build.0 = Release|Win32
		{A918D577-0AFF-4924-8FBE-FF0A39F1FA1F}.Debug|x64.ActiveCfg = Debug|x64
		{A918D577-0AFF-4924-8FBE-FF0A39F1FA1F}.Debug|x64.Build.0 = Debug|x64
		{A918D577-0AFF-4924-8FBE-FF0A39F1FA1F}.Debug|x86.ActiveCfg = Debug|Win32
		{A918D577-0AFF-4924-8FBE-FF0A39F1FA1F}.Debug|x86.Build.0 = Debug|Win32
		{A918D577-0AFF-4924-8FBE-FF0A39F1FA1F}.Release|x64.ActiveCfg = Release|x64
		{A918D577-0AFF-4924-8FBE-FF0A39F1FA1F}.Release|x64.Build.0 = Release|x64
		{A918D577-0AFF-4924-8FBE-FF0A39F1FA1F}.Release|x86.ActiveCfg = Release|Win32
		{A918D577-0AFF-4924-8FBE-FF0A39F1FA1F}.Release|x86.Build.0 = Release|Win32
		{CD32E147-F40C-428F-B5F4-B20C2DEA9044}.Debug|x64.ActiveCfg = Debug|x64
		{CD32E147-F40C-428F-B5F4-B20C2DEA9044}.Debug|x64.Build.0 = Debug|x64
		{CD32E147-F40C-428F-B5F4-B20C2DEA9044}.Debug|x86.ActiveCfg = Debug|Win32
		{CD32E147-F40C-428F-B5F4-B20C2DEA9044}.Debug|x86.Build.0 = Debug|Win32
		{CD32E147-F40C-428F-B5F4-B20C2DEA9044}.Release|x64.ActiveCfg = Release|x64
		{CD32E147-F40C-428F-B5F4-B20C2DEA9044}.Release|x64.Build.0 = Release|x64
		{CD32E147-F40C-428F-B5F4-B20C2DEA9044}.Release|x86.ActiveCfg = Release|Win32
		{CD32E147-F40C-428F-B5F4-B20C2DEA9044}.Release|x86.Build.0 = Release|Win32
		{CACD2AC3-7CA3-4C37-80E9-C91FD607DAB1}.Debug|x64.ActiveCfg = Debug|x64
		{CACD2AC3-7CA3-4C37-80E9-C91FD607DAB1}.Debug|x64.Build.0 = Debug|x64
		{CACD2AC3-7CA3-4C37-80E9-C91FD607DAB1}.Debug|x86.ActiveCfg = Debug|Win32
		{CACD2AC3-7CA3-4C37-80E9-C91FD607DAB1}.Debug|x86.Build.0 = Debug|Win32
		{CACD2AC3-7CA3-4C37-80E9-C91FD607DAB1}.Release|x64.ActiveCfg = Release|x64
		{CACD2AC3-7CA3-4C37-80E9-C91FD607DAB1}.Release|x64.Build.0 = Release|x64
		{CACD2AC3-7CA3-4C37-80E9-C91FD607DAB1}.Release|x86.ActiveCfg = Release|Win32
		{CACD2AC3-7CA3-4C37-80E9-C91FD607DAB1}.Release|x86.Build.0 = Release|Win32
		{387894BB-5F04-409E-B1C9-F10E9401269C}.Debug|x64.ActiveCfg = Debug|x64
		{387894BB-5F04-409E-B1C9-F10E9401269C}.Debug|x64.Build.0 = Debug|x64
		{387894BB-5F04-409E-B1C9-F10E9401269C}.Debug|x86.ActiveCfg = Debug|Win32
		{387894BB-5F04-409E-B1C9-F10E9401269C}.Debug|x86.Build.0 = Debug|Win32
		{387894BB-5F04-409E-B1C9-F10E9401269C}.Release|x64.ActiveCfg = Release|x64
		{387894BB-5F04-409E-B1C9-F10E9401269C}.Release|x64.Build.0 = Release|x64
		{387894BB-5F04-409E-B1C9-F10E9401269C}.Release|x86.ActiveCfg = Release|Win32
		{387894BB-5F04-409E-B1C9-F10E9401269C}.Release|x86.Build.0 = Release|Win32
		{8CA0E8D8-C76E-45EE-974B-0C7177A96920}.Debug|x64.ActiveCfg = Debug|x64
		{8CA0E8D8-C76E-45EE-974B-0C7177A96920}.Debug|x64.Build.0 = Debug|x64
		{8CA0E8D8-C76E-45EE-974B-0C7177A96920}.Debug|x86.ActiveCfg = Debug|Win32
		{8CA0E8D8-C76E-45EE-974B-0C7177A96920}.Debug|x86.Build.0 = Debug|Win32
		{8CA0E8D8-C76E-45EE-974B-0C7177A96920}.Release|x64.ActiveCfg = Release|x64
		{8CA0E8D8-C76E-45EE-974B-0C7177A96920}.Release|x64.Build.0 = Release|x64
		{8CA0E8D8-C76E-45EE-974B-0C7177A96920}.Release|x86.ActiveCfg = Release|Win32
		{8CA0E8D8-C76E-45EE-974B-0C7177A96920}.Release|x86.Build.0 = Release|Win32
		{8A7631E3-A16C-4CA5-83CB-3B9191BBA8C6}.Debug|x64.ActiveCfg = Debug|x64
		{8A7631E3-A16C-4CA5-83CB-3B9191BBA8C6}.Debug|x64.Build.0 = Debug|x64
		{8A7631E3-A16C-4CA5-83CB-3B9191BBA8C6}.Debug|x86.ActiveCfg = Debug|Win32
		{8A7631E3-A16C-4CA5-83CB-3B9191BBA8C6}.Debug|x86.Build.0 = Debug|Win32
		{8A7631E3-A16C-4CA5-83CB-3B9191BBA8C6}.Release|x64.ActiveCfg = Release|x64
		{8A7631E3-A16C-4CA5-83CB-3B9191BBA8C6}.Release|x64.Build.0 = Release|x64
		{8A7631E3-A16C-4CA5-83CB-3B9191BBA8C6}.Release|x86.ActiveCfg = Release|Win32
		{8A7631E3-A16C-4CA5-83CB-3B9191BBA8C6}.Release|x86.Build.0 = Release|Win32
		{9C5D8EB4-E524-4389-BA5D-A857CC0C9990}.Debug|x64.ActiveCfg = Debug|x64
		{9C5D8EB4-E524-4389-BA5D-A857CC0C9990}.Debug|x64.Build.0 = Debug|x64
		{9C5D8EB4-E524-4389-BA5D-A857CC0C9990}.Debug|x86.ActiveCfg = Debug|Win32
		{9C5D8EB4-E524-4389-BA5D-A857CC0C9990}.Debug|x86.Build.0 = Debug|Win32
		{9C5D8EB4-E524-4389-BA5D-A857CC0C9990}.Release|x64.ActiveCfg = Release|x64
		{9C5D8EB4-E524-4389-BA5D-A857CC0C9990}.Release|x64.Build.0 = Release|x64
		{9C5D8EB4-E524-4389-BA5D-A857CC0C9990}.Release|x86.ActiveCfg = Release|Win32
		{9C5D8EB4-E524-4389-BA5D-A857CC0C9990}.Release|x86.Build.0 = Release|Win32
		{E98162B8-B67E-4997-9A33-29AC591CD4E5}.Debug|x64.ActiveCfg = Debug|x64
		{E98162B8-B67E-4997-9A33-29AC591CD4E5}.Debug|x64.Build.0 = Debug|x64
		{E98162B8-B67E-4997-9A33-29AC591CD4E5}.Debug|x86.ActiveCfg = Debug|Win32
		{E98162B8-B67E-4997-9A33-29AC591CD4E5}.Debug|x86.Build.0 = Debug|Win32
		{E98162B8-B67E-4997-9A33-29AC591CD4E5}.Release|x64.ActiveCfg = Release|x64
		{E98162B8-B67E-4997-9A33-29AC591CD4E5}.Release|x64.Build.0 = Release|x64
		{E98162B8-B67E-4997-9A33-29AC591CD4E5}.Release|x86.ActiveCfg = Release|Win32
		{E98162B8-B67E-4997-9A33-29AC591CD4E5}.Release|x86.Build.0 = Release|Win32
		{5FCBFD9C-8917-4E11-9FFD-3C2FAE7B2FA6}.Debug|x64.ActiveCfg = Debug|x64
		{5FCBFD9C-8917-4E11-9FFD-3C2FAE7B2FA6}.Debug|x64.Build.0 = Debug|x64
		{5FCBFD9C-8917-4E11-9FFD-3C2FAE7B2FA6}.Debug|x86.ActiveCfg = Debug|Win32
		{5FCBFD9C-8917-4E11-9FFD-3C2FAE7B2FA6}.Debug|x86.Build.0 = Debug|Win32
		{5FCBFD9C-8917-4E11-9FFD-3C2FAE7B2FA6}.Release|x64.ActiveCfg = Release|x64
		{5FCBFD9C-8917-4E11-9FFD-3C2FAE7B2FA6}.Release|x64.Build.0 = Release|x64
		{5FCBFD9C-8917-4E11-9FFD-3C2FAE7B2FA6}.Release|x86.ActiveCfg = Release|Win32
		{5FCBFD9C-8917-4E11-9FFD-3C2FAE7B2FA6}.Release|x86.Build.0 = Release|Win32
		{B53941BE-A665-4224-9B4B-B78EC2432B60}.Debug|x64.ActiveCfg = Debug|x64
		{B53941BE-A665-4224-9B4B-B78EC2432B60}.Debug|x64.Build.0 = Debug|x64
		{B53941BE-A665-4224-9B4B-B78EC2432B60}.Debug|x86.ActiveCfg = Debug|Win32
		{B53941BE-A665-4224-9B4B-B78EC2432B60}.Debug|x86.Build.0 = Debug|Win32
		{B53941BE-A665-4224-9B4B-B78EC2432B60}.Release|x64.ActiveCfg = Release|x64
		{B53941BE-A665-4224-9B4B-B78EC2432B60}.Release|x64.Build.0 = Release|x64
		{B53941BE-A665-4224-9B4B-B78EC2432B60}.Release|x86.ActiveCfg = Release|Win32
		{B53941BE-A665-4224-9B4B-B78EC2432B60}.Release|x86.Build.0 = Release|Win32
		{A9244B2D-ADA3-426C-A07A-8D6B264CB16B}.Debug|x64.ActiveCfg = Debug|x64
		{A9244B2D-ADA3-426C-A07A-8D6B264CB16B}.Debug|x64.Build.0 = Debug|x64
		{A9244B2D-ADA3-426C-A07A-8D6B264CB16B}.Debug|x86.ActiveCfg = Debug|Win32
		{A9244B2D-ADA3-426C-A07A-8D6B264CB16B}.Debug|x86.Build.0 = Debug|Win32
		{A9244B2D-ADA3-426C-A07A-8D6B264CB16B}.Release|x64.ActiveCfg = Release|x64
		{A9244B2D-ADA3-426C-A07A-8D6B264CB16B}.Release|x64.Build.0 = Release|x64
		{A9244B2D-ADA3-426C-A07A-8D6B264CB16B}.Release|x86.ActiveCfg = Release|Win32
		{A9244B2D-ADA3-426C-A07A-8D6B264CB16B}.Release|x86.Build.0 = Release|Win32
		{EF9FD86D-4780-4B93-965D-CCD99ED762A1}.Debug|x64.ActiveCfg = Debug|x64
		{EF9FD86D-4780-4B93-965D-CCD99ED762A1}.Debug|x64.Build.0 = Debug|x64
		{EF9FD86D-4780-4B93-965D-CCD99ED762A1}.Debug|x86.ActiveCfg = Debug|Win32
		{EF9FD86D-4780-4B93-965D-CCD99ED762A1}.Debug|x86.Build.0 = Debug|Win32
		{EF9FD86D-4780-4B93-965D-CCD99ED762A1}.Release|x64.ActiveCfg = Release|x64
		{EF9FD86D-4780-4B93-965D-CCD99ED762A1}.Release|x64.Build.0 = Release|x64
		{EF9FD86D-4780-4B93-965D-CCD99ED762A1}.Release|x86.ActiveCfg = Release|Win32
		{EF9FD86D-4780-4B93-965D-CCD99ED762A1}.Release|x86.Build.0 = Release|Win32
		{6C4E60AD-A7C1-4983-8F1C-59B25AD43F67}.Debug|x64.ActiveCfg = Debug|x64
		{6C4E60AD-A7C1-4983-8F1C-59B25AD43F67}.Debug|x64.Build.0 = Debug|x64
		{6C4E60AD-A7C1-4983-8F1C-59B25AD43F67}.Debug|x86.ActiveCfg = Debug|Win32
		{6C4E60AD-A7C1-4983-8F1C-59B25AD43F67}.Debug|x86.Build.0 = Debug|Win32
		{6C4E60AD-A7C1-4983-8F1C-59B25AD43F67}.Release|x64.ActiveCfg = Release|x64
		{6C4E60AD-A7C1-4983-8F1C-59B25AD43F67}.Release|x64.Build.0 = Release|x64
		{6C4E60AD-A7C1-4983-8F1C-59B25AD43F67}.Release|x86.ActiveCfg = Release|Win32
		{6C4E60AD-A7C1-4983-8F1C-59B25AD43F67}.Release|x86.Build.0 = Release|Win32
		{CB61CD0F-978A-4CDE-8DCA-5BBBF3FCB44B}.Debug|x64.ActiveCfg = Debug|x64
		{CB61CD0F-978A-4CDE-8DCA-5BBBF3FCB44B}.Debug|x64.Build.0 = Debug|x64
		{CB61CD0F-978A-4CDE-8DCA-5BBBF3FCB44B}.Debug|x86.ActiveCfg = Debug|Win32
		{CB61CD0F-978A-4CDE-8DCA-5BBBF3FCB44B}.Debug|x86.Build.0 = Debug|Win32
		{CB61CD0F-978A-4CDE-8DCA-5BBBF3FCB44B}.Release|x64.ActiveCfg = Release|x64
		{CB61CD0F-978A-4CDE-8DCA-5BBBF3FCB44B}.Release|x64.Build.0 = Release|x64
		{CB61CD0F-978A-4CDE-8DCA-5BBBF3FCB44B}.Release|x86.ActiveCfg = Release|Win32
		{CB61CD0F-978A-4CDE-8DCA-5BBBF3FCB44B}.Release|x86.Build.0 = Release|Win32
		{3BC573FF-DD4A-495D-98C9-473238A4D84C}.Debug|x64.ActiveCfg = Debug|x64
		{3BC573FF-DD4A-495D-98C9-473238A4D84C}.Debug|x64.Build.0 = Debug|x64
		{3BC573FF-DD4A-495D-98C9-473238A4D84C}.Debug|x86.ActiveCfg = Debug|Win32
		{3BC573FF-DD4A-495D-98C9-473238A4D84C}.Debug|x86.Build.0 = Debug|Win32
		{3BC573FF-DD4A-495D-98C9-473238A4D84C}.Release|x64.ActiveCfg = Release|x64
		{3BC573FF-DD4A-495D-98C9-473238A4D84C}.Release|x64.Build.0 = Release|x64
		{3BC573FF-DD4A-495D-98C9-473238A4D84C}.Release|x86.ActiveCfg = Release|Win32
		{3BC573FF-DD4A-495D-98C9-473238A4D84C}.Release|x86.Build.0 = Release|Win32
		{409371D7-A879-43CE-9FD1-E3B0E0CCED48}.Debug|x64.ActiveCfg = Debug|x64
		{409371D7-A879-43CE-9FD1-E3B0E0CCED48}.Debug|x64.Build.0 = Debug|x64
		{409371D7-A879-43CE-9FD1-E3B0E0CCED48}.Debug|x86.ActiveCfg = Debug|Win32
		{409371D7-A879-43CE-9FD1-E3B0E0CCED48}.Debug|x86.Build.0 = Debug|Win32
		{409371D7-A879-43CE-9FD1-E3B0E0CCED48}.Release|x64.ActiveCfg = Release|x64
		{409371D7-A879-43CE-9FD1-E3B0E0CCED48}.Release|x64.Build.0 = Release|x64
		{409371D7-A879-43CE-9FD1-E3B0E0CCED48}.Release|x86.ActiveCfg = Release|Win32
		{409371D7-A879-43CE-9FD1-E3B0E0CCED48}.Release|x86.Build.0 = Release|Win32
		{0598F3A7-30C0-4BAA-A19B-36CB8417FDE3}.Debug|x64.ActiveCfg = Debug|x64
		{0598F3A7-30C0-4BAA-A19B-36CB8417FDE3}.Debug|x64.Build.0 = Debug|x64
		{0598F3A7-30C0-4BAA-A19B-36CB8417FDE3}.Debug|x86.ActiveCfg = Debug|Win32
		{0598F3A7-30C0-4BAA-A19B-36CB8417FDE3}.Debug|x86.Build.0 = Debug|Win32
		{0598F3A7-30C0-4BAA-A19B-36CB8417FDE3}.Release|x64.ActiveCfg = Release|x64
		{0598F3A7-30C0-4BAA-A19B-36CB8417FDE3}.Release|x64.Build.0 = Release|x64
		{0598F3A7-30C0-4BAA-A19B-36CB8417FDE3}.Release|x86.ActiveCfg = Release|Win32
		{0598F3A7-30C0-4BAA-A19B-36CB8417FDE3}.Release|x86.Build.0 = Release|Win32
		{599E370C-2607-47FE-9967-0534B3EDC4C1}.Debug|x64.ActiveCfg = Debug|x64
		{599E370C-2607-47FE-9967-0534B3EDC4C1}.Debug|x64.Build.0 = Debug|x64
		{599E370C-2607-47FE-9967-0534B3EDC4C1}.Debug|x86.ActiveCfg = Debug|Win32
		{599E370C-2607-47FE-9967-0534B3EDC4C1}.Debug|x86.Build.0 = Debug|Win32
		{599E370C-2607-47FE-9967-0534B3EDC4C1}.Release|x64.ActiveCfg = Release|x64
		{599E370C-2607-47FE-9967-0534B3EDC4C1}.Release|x64.Build.0 = Release|x64
		{599E370C-2607-47FE-9967-0534B3EDC4C1}.Release|x86.ActiveCfg = Release|Win32
		{599E370C-2607-47FE-9967-0534B3EDC4C1}.Release|x86.Build.0 = Release|Win32
	EndGlobalSection
	GlobalSection(SolutionProperties) = preSolution
		HideSolutionNode = FALSE
	EndGlobalSection
	GlobalSection(ExtensibilityGlobals) = postSolution
		SolutionGuid = {76D3336B-8736-44B0-82C8-A31368879ACB}
	EndGlobalSection
EndGlobal
