
Microsoft Visual Studio Solution File, Format Version 12.00
# Visual Studio 15
VisualStudioVersion = 15.0.28307.1758
MinimumVisualStudioVersion = 10.0.40219.1
Project("{8BC9CEB8-8B4A-11D0-8D11-00A0C91BC942}") = "Listing04_01", "Listing04_01\Listing04_01.vcxproj", "{95E28567-5D8E-4C4A-B7AE-8A1E9EFBA924}"
EndProject
Project("{8BC9CEB8-8B4A-11D0-8D11-00A0C91BC942}") = "Listing04_02", "Listing04_02\Listing04_02.vcxproj", "{B17A686E-FC23-445D-A4BD-CBD0B9CCF7CC}"
EndProject
Project("{8BC9CEB8-8B4A-11D0-8D11-00A0C91BC942}") = "Listing04_3", "Listing04_3\Listing04_3.vcxproj", "{F3D6E40E-2228-46D5-B6D1-A086C18E629D}"
EndProject
Project("{8BC9CEB8-8B4A-11D0-8D11-00A0C91BC942}") = "Listing04_4", "Listing04_4\Listing04_4.vcxproj", "{D7821B75-7282-4FF0-9F85-0324EA269A12}"
EndProject
Project("{8BC9CEB8-8B4A-11D0-8D11-00A0C91BC942}") = "Listing04_5", "Listing04_5\Listing04_5.vcxproj", "{794FA689-8D95-4B17-9EBA-44DFF2847419}"
EndProject
Project("{8BC9CEB8-8B4A-11D0-8D11-00A0C91BC942}") = "Listing04_06", "Listing04_06\Listing04_06.vcxproj", "{801990CB-69E3-443D-863C-CA0523CDFE72}"
EndProject
Project("{8BC9CEB8-8B4A-11D0-8D11-00A0C91BC942}") = "Listing04_7", "Listing04_7\Listing04_7.vcxproj", "{4165221C-F4CA-455E-8AB3-6A4EB6960234}"
EndProject
Project("{8BC9CEB8-8B4A-11D0-8D11-00A0C91BC942}") = "Listing04_08", "Listing04_08\Listing04_08.vcxproj", "{55747A6F-8C43-46C6-B1B5-79FB9118AD90}"
EndProject
Project("{8BC9CEB8-8B4A-11D0-8D11-00A0C91BC942}") = "Listing04_09", "Listing04_09\Listing04_09.vcxproj", "{CBA632C6-F508-4FAA-96BE-5CA695DA2A5F}"
EndProject
Project("{8BC9CEB8-8B4A-11D0-8D11-00A0C91BC942}") = "Listing04_10", "Listing04_10\Listing04_10.vcxproj", "{13C86FBB-E5CA-4C4E-B685-46D6AB96FD8C}"
EndProject
Project("{8BC9CEB8-8B4A-11D0-8D11-00A0C91BC942}") = "Listing04_11", "Listing04_11\Listing04_11.vcxproj", "{74D57FB1-E74A-400F-BADC-D40C079BF1B5}"
EndProject
Project("{8BC9CEB8-8B4A-11D0-8D11-00A0C91BC942}") = "Listing04_12", "Listing04_12\Listing04_12.vcxproj", "{D58B02B9-67AA-47F2-A4ED-5C6B64341234}"
EndProject
Project("{8BC9CEB8-8B4A-11D0-8D11-00A0C91BC942}") = "Listing04_13", "Listing04_13\Listing04_13.vcxproj", "{49B0D020-90A7-410B-B136-000650A0D7A8}"
EndProject
Project("{8BC9CEB8-8B4A-11D0-8D11-00A0C91BC942}") = "Listing04_14", "Listing04_14\Listing04_14.vcxproj", "{45BE81F6-867A-43A5-94EF-74543FA212BB}"
EndProject
Project("{8BC9CEB8-8B4A-11D0-8D11-00A0C91BC942}") = "Listing04_15", "Listing04_15\Listing04_15.vcxproj", "{54A88E07-A91D-42BE-A1AD-497FA013229D}"
EndProject
Project("{8BC9CEB8-8B4A-11D0-8D11-00A0C91BC942}") = "Listing04_16", "Listing04_16\Listing04_16.vcxproj", "{E01288CA-A9C3-474D-A707-69AB45736053}"
EndProject
Project("{8BC9CEB8-8B4A-11D0-8D11-00A0C91BC942}") = "Listing04_17", "Listing04_17\Listing04_17.vcxproj", "{ECEA4AE4-9C18-4E35-9DD9-32BDEF5D8AB0}"
EndProject
Project("{8BC9CEB8-8B4A-11D0-8D11-00A0C91BC942}") = "Listing04_18", "Listing04_18\Listing04_18.vcxproj", "{E0CFF569-EF95-49E4-9DCF-5CB9F31C58DB}"
EndProject
Project("{8BC9CEB8-8B4A-11D0-8D11-00A0C91BC942}") = "Listing04_19", "Listing04_19\Listing04_19.vcxproj", "{369C40D0-3B34-4548-A18C-8AFABB3D198B}"
EndProject
Project("{8BC9CEB8-8B4A-11D0-8D11-00A0C91BC942}") = "Listing04_20", "Listing04_20\Listing04_20.vcxproj", "{92B840DD-62D4-410F-BA1D-8377117EE562}"
EndProject
Project("{8BC9CEB8-8B4A-11D0-8D11-00A0C91BC942}") = "Listing04_21", "Listing04_21\Listing04_21.vcxproj", "{F3572736-6AC6-4C31-8227-58A8A9A4F409}"
EndProject
Project("{8BC9CEB8-8B4A-11D0-8D11-00A0C91BC942}") = "Listing04_22", "Listing04_22\Listing04_22.vcxproj", "{655B5C63-7E89-46A8-A4D5-E80C6DA65A9F}"
EndProject
Project("{8BC9CEB8-8B4A-11D0-8D11-00A0C91BC942}") = "Listing04_23", "Listing04_23\Listing04_23.vcxproj", "{10BE798F-5753-4BC1-B6FE-B9032C76329A}"
EndProject
Project("{8BC9CEB8-8B4A-11D0-8D11-00A0C91BC942}") = "Listing04_24", "Listing04_24\Listing04_24.vcxproj", "{FB9B6625-CDAB-4419-BE5C-4D35DB28FCA7}"
EndProject
Global
	GlobalSection(SolutionConfigurationPlatforms) = preSolution
		Debug|x64 = Debug|x64
		Debug|x86 = Debug|x86
		Release|x64 = Release|x64
		Release|x86 = Release|x86
	EndGlobalSection
	GlobalSection(ProjectConfigurationPlatforms) = postSolution
		{95E28567-5D8E-4C4A-B7AE-8A1E9EFBA924}.Debug|x64.ActiveCfg = Debug|x64
		{95E28567-5D8E-4C4A-B7AE-8A1E9EFBA924}.Debug|x64.Build.0 = Debug|x64
		{95E28567-5D8E-4C4A-B7AE-8A1E9EFBA924}.Debug|x86.ActiveCfg = Debug|Win32
		{95E28567-5D8E-4C4A-B7AE-8A1E9EFBA924}.Debug|x86.Build.0 = Debug|Win32
		{95E28567-5D8E-4C4A-B7AE-8A1E9EFBA924}.Release|x64.ActiveCfg = Release|x64
		{95E28567-5D8E-4C4A-B7AE-8A1E9EFBA924}.Release|x64.Build.0 = Release|x64
		{95E28567-5D8E-4C4A-B7AE-8A1E9EFBA924}.Release|x86.ActiveCfg = Release|Win32
		{95E28567-5D8E-4C4A-B7AE-8A1E9EFBA924}.Release|x86.Build.0 = Release|Win32
		{B17A686E-FC23-445D-A4BD-CBD0B9CCF7CC}.Debug|x64.ActiveCfg = Debug|x64
		{B17A686E-FC23-445D-A4BD-CBD0B9CCF7CC}.Debug|x64.Build.0 = Debug|x64
		{B17A686E-FC23-445D-A4BD-CBD0B9CCF7CC}.Debug|x86.ActiveCfg = Debug|Win32
		{B17A686E-FC23-445D-A4BD-CBD0B9CCF7CC}.Debug|x86.Build.0 = Debug|Win32
		{B17A686E-FC23-445D-A4BD-CBD0B9CCF7CC}.Release|x64.ActiveCfg = Release|x64
		{B17A686E-FC23-445D-A4BD-CBD0B9CCF7CC}.Release|x64.Build.0 = Release|x64
		{B17A686E-FC23-445D-A4BD-CBD0B9CCF7CC}.Release|x86.ActiveCfg = Release|Win32
		{B17A686E-FC23-445D-A4BD-CBD0B9CCF7CC}.Release|x86.Build.0 = Release|Win32
		{F3D6E40E-2228-46D5-B6D1-A086C18E629D}.Debug|x64.ActiveCfg = Debug|x64
		{F3D6E40E-2228-46D5-B6D1-A086C18E629D}.Debug|x64.Build.0 = Debug|x64
		{F3D6E40E-2228-46D5-B6D1-A086C18E629D}.Debug|x86.ActiveCfg = Debug|Win32
		{F3D6E40E-2228-46D5-B6D1-A086C18E629D}.Debug|x86.Build.0 = Debug|Win32
		{F3D6E40E-2228-46D5-B6D1-A086C18E629D}.Release|x64.ActiveCfg = Release|x64
		{F3D6E40E-2228-46D5-B6D1-A086C18E629D}.Release|x64.Build.0 = Release|x64
		{F3D6E40E-2228-46D5-B6D1-A086C18E629D}.Release|x86.ActiveCfg = Release|Win32
		{F3D6E40E-2228-46D5-B6D1-A086C18E629D}.Release|x86.Build.0 = Release|Win32
		{D7821B75-7282-4FF0-9F85-0324EA269A12}.Debug|x64.ActiveCfg = Debug|x64
		{D7821B75-7282-4FF0-9F85-0324EA269A12}.Debug|x64.Build.0 = Debug|x64
		{D7821B75-7282-4FF0-9F85-0324EA269A12}.Debug|x86.ActiveCfg = Debug|Win32
		{D7821B75-7282-4FF0-9F85-0324EA269A12}.Debug|x86.Build.0 = Debug|Win32
		{D7821B75-7282-4FF0-9F85-0324EA269A12}.Release|x64.ActiveCfg = Release|x64
		{D7821B75-7282-4FF0-9F85-0324EA269A12}.Release|x64.Build.0 = Release|x64
		{D7821B75-7282-4FF0-9F85-0324EA269A12}.Release|x86.ActiveCfg = Release|Win32
		{D7821B75-7282-4FF0-9F85-0324EA269A12}.Release|x86.Build.0 = Release|Win32
		{794FA689-8D95-4B17-9EBA-44DFF2847419}.Debug|x64.ActiveCfg = Debug|x64
		{794FA689-8D95-4B17-9EBA-44DFF2847419}.Debug|x64.Build.0 = Debug|x64
		{794FA689-8D95-4B17-9EBA-44DFF2847419}.Debug|x86.ActiveCfg = Debug|Win32
		{794FA689-8D95-4B17-9EBA-44DFF2847419}.Debug|x86.Build.0 = Debug|Win32
		{794FA689-8D95-4B17-9EBA-44DFF2847419}.Release|x64.ActiveCfg = Release|x64
		{794FA689-8D95-4B17-9EBA-44DFF2847419}.Release|x64.Build.0 = Release|x64
		{794FA689-8D95-4B17-9EBA-44DFF2847419}.Release|x86.ActiveCfg = Release|Win32
		{794FA689-8D95-4B17-9EBA-44DFF2847419}.Release|x86.Build.0 = Release|Win32
		{801990CB-69E3-443D-863C-CA0523CDFE72}.Debug|x64.ActiveCfg = Debug|x64
		{801990CB-69E3-443D-863C-CA0523CDFE72}.Debug|x64.Build.0 = Debug|x64
		{801990CB-69E3-443D-863C-CA0523CDFE72}.Debug|x86.ActiveCfg = Debug|Win32
		{801990CB-69E3-443D-863C-CA0523CDFE72}.Debug|x86.Build.0 = Debug|Win32
		{801990CB-69E3-443D-863C-CA0523CDFE72}.Release|x64.ActiveCfg = Release|x64
		{801990CB-69E3-443D-863C-CA0523CDFE72}.Release|x64.Build.0 = Release|x64
		{801990CB-69E3-443D-863C-CA0523CDFE72}.Release|x86.ActiveCfg = Release|Win32
		{801990CB-69E3-443D-863C-CA0523CDFE72}.Release|x86.Build.0 = Release|Win32
		{4165221C-F4CA-455E-8AB3-6A4EB6960234}.Debug|x64.ActiveCfg = Debug|x64
		{4165221C-F4CA-455E-8AB3-6A4EB6960234}.Debug|x64.Build.0 = Debug|x64
		{4165221C-F4CA-455E-8AB3-6A4EB6960234}.Debug|x86.ActiveCfg = Debug|Win32
		{4165221C-F4CA-455E-8AB3-6A4EB6960234}.Debug|x86.Build.0 = Debug|Win32
		{4165221C-F4CA-455E-8AB3-6A4EB6960234}.Release|x64.ActiveCfg = Release|x64
		{4165221C-F4CA-455E-8AB3-6A4EB6960234}.Release|x64.Build.0 = Release|x64
		{4165221C-F4CA-455E-8AB3-6A4EB6960234}.Release|x86.ActiveCfg = Release|Win32
		{4165221C-F4CA-455E-8AB3-6A4EB6960234}.Release|x86.Build.0 = Release|Win32
		{55747A6F-8C43-46C6-B1B5-79FB9118AD90}.Debug|x64.ActiveCfg = Debug|x64
		{55747A6F-8C43-46C6-B1B5-79FB9118AD90}.Debug|x64.Build.0 = Debug|x64
		{55747A6F-8C43-46C6-B1B5-79FB9118AD90}.Debug|x86.ActiveCfg = Debug|Win32
		{55747A6F-8C43-46C6-B1B5-79FB9118AD90}.Debug|x86.Build.0 = Debug|Win32
		{55747A6F-8C43-46C6-B1B5-79FB9118AD90}.Release|x64.ActiveCfg = Release|x64
		{55747A6F-8C43-46C6-B1B5-79FB9118AD90}.Release|x64.Build.0 = Release|x64
		{55747A6F-8C43-46C6-B1B5-79FB9118AD90}.Release|x86.ActiveCfg = Release|Win32
		{55747A6F-8C43-46C6-B1B5-79FB9118AD90}.Release|x86.Build.0 = Release|Win32
		{CBA632C6-F508-4FAA-96BE-5CA695DA2A5F}.Debug|x64.ActiveCfg = Debug|x64
		{CBA632C6-F508-4FAA-96BE-5CA695DA2A5F}.Debug|x64.Build.0 = Debug|x64
		{CBA632C6-F508-4FAA-96BE-5CA695DA2A5F}.Debug|x86.ActiveCfg = Debug|Win32
		{CBA632C6-F508-4FAA-96BE-5CA695DA2A5F}.Debug|x86.Build.0 = Debug|Win32
		{CBA632C6-F508-4FAA-96BE-5CA695DA2A5F}.Release|x64.ActiveCfg = Release|x64
		{CBA632C6-F508-4FAA-96BE-5CA695DA2A5F}.Release|x64.Build.0 = Release|x64
		{CBA632C6-F508-4FAA-96BE-5CA695DA2A5F}.Release|x86.ActiveCfg = Release|Win32
		{CBA632C6-F508-4FAA-96BE-5CA695DA2A5F}.Release|x86.Build.0 = Release|Win32
		{13C86FBB-E5CA-4C4E-B685-46D6AB96FD8C}.Debug|x64.ActiveCfg = Debug|x64
		{13C86FBB-E5CA-4C4E-B685-46D6AB96FD8C}.Debug|x64.Build.0 = Debug|x64
		{13C86FBB-E5CA-4C4E-B685-46D6AB96FD8C}.Debug|x86.ActiveCfg = Debug|Win32
		{13C86FBB-E5CA-4C4E-B685-46D6AB96FD8C}.Debug|x86.Build.0 = Debug|Win32
		{13C86FBB-E5CA-4C4E-B685-46D6AB96FD8C}.Release|x64.ActiveCfg = Release|x64
		{13C86FBB-E5CA-4C4E-B685-46D6AB96FD8C}.Release|x64.Build.0 = Release|x64
		{13C86FBB-E5CA-4C4E-B685-46D6AB96FD8C}.Release|x86.ActiveCfg = Release|Win32
		{13C86FBB-E5CA-4C4E-B685-46D6AB96FD8C}.Release|x86.Build.0 = Release|Win32
		{74D57FB1-E74A-400F-BADC-D40C079BF1B5}.Debug|x64.ActiveCfg = Debug|x64
		{74D57FB1-E74A-400F-BADC-D40C079BF1B5}.Debug|x64.Build.0 = Debug|x64
		{74D57FB1-E74A-400F-BADC-D40C079BF1B5}.Debug|x86.ActiveCfg = Debug|Win32
		{74D57FB1-E74A-400F-BADC-D40C079BF1B5}.Debug|x86.Build.0 = Debug|Win32
		{74D57FB1-E74A-400F-BADC-D40C079BF1B5}.Release|x64.ActiveCfg = Release|x64
		{74D57FB1-E74A-400F-BADC-D40C079BF1B5}.Release|x64.Build.0 = Release|x64
		{74D57FB1-E74A-400F-BADC-D40C079BF1B5}.Release|x86.ActiveCfg = Release|Win32
		{74D57FB1-E74A-400F-BADC-D40C079BF1B5}.Release|x86.Build.0 = Release|Win32
		{D58B02B9-67AA-47F2-A4ED-5C6B64341234}.Debug|x64.ActiveCfg = Debug|x64
		{D58B02B9-67AA-47F2-A4ED-5C6B64341234}.Debug|x64.Build.0 = Debug|x64
		{D58B02B9-67AA-47F2-A4ED-5C6B64341234}.Debug|x86.ActiveCfg = Debug|Win32
		{D58B02B9-67AA-47F2-A4ED-5C6B64341234}.Debug|x86.Build.0 = Debug|Win32
		{D58B02B9-67AA-47F2-A4ED-5C6B64341234}.Release|x64.ActiveCfg = Release|x64
		{D58B02B9-67AA-47F2-A4ED-5C6B64341234}.Release|x64.Build.0 = Release|x64
		{D58B02B9-67AA-47F2-A4ED-5C6B64341234}.Release|x86.ActiveCfg = Release|Win32
		{D58B02B9-67AA-47F2-A4ED-5C6B64341234}.Release|x86.Build.0 = Release|Win32
		{49B0D020-90A7-410B-B136-000650A0D7A8}.Debug|x64.ActiveCfg = Debug|x64
		{49B0D020-90A7-410B-B136-000650A0D7A8}.Debug|x64.Build.0 = Debug|x64
		{49B0D020-90A7-410B-B136-000650A0D7A8}.Debug|x86.ActiveCfg = Debug|Win32
		{49B0D020-90A7-410B-B136-000650A0D7A8}.Debug|x86.Build.0 = Debug|Win32
		{49B0D020-90A7-410B-B136-000650A0D7A8}.Release|x64.ActiveCfg = Release|x64
		{49B0D020-90A7-410B-B136-000650A0D7A8}.Release|x64.Build.0 = Release|x64
		{49B0D020-90A7-410B-B136-000650A0D7A8}.Release|x86.ActiveCfg = Release|Win32
		{49B0D020-90A7-410B-B136-000650A0D7A8}.Release|x86.Build.0 = Release|Win32
		{45BE81F6-867A-43A5-94EF-74543FA212BB}.Debug|x64.ActiveCfg = Debug|x64
		{45BE81F6-867A-43A5-94EF-74543FA212BB}.Debug|x64.Build.0 = Debug|x64
		{45BE81F6-867A-43A5-94EF-74543FA212BB}.Debug|x86.ActiveCfg = Debug|Win32
		{45BE81F6-867A-43A5-94EF-74543FA212BB}.Debug|x86.Build.0 = Debug|Win32
		{45BE81F6-867A-43A5-94EF-74543FA212BB}.Release|x64.ActiveCfg = Release|x64
		{45BE81F6-867A-43A5-94EF-74543FA212BB}.Release|x64.Build.0 = Release|x64
		{45BE81F6-867A-43A5-94EF-74543FA212BB}.Release|x86.ActiveCfg = Release|Win32
		{45BE81F6-867A-43A5-94EF-74543FA212BB}.Release|x86.Build.0 = Release|Win32
		{54A88E07-A91D-42BE-A1AD-497FA013229D}.Debug|x64.ActiveCfg = Debug|x64
		{54A88E07-A91D-42BE-A1AD-497FA013229D}.Debug|x64.Build.0 = Debug|x64
		{54A88E07-A91D-42BE-A1AD-497FA013229D}.Debug|x86.ActiveCfg = Debug|Win32
		{54A88E07-A91D-42BE-A1AD-497FA013229D}.Debug|x86.Build.0 = Debug|Win32
		{54A88E07-A91D-42BE-A1AD-497FA013229D}.Release|x64.ActiveCfg = Release|x64
		{54A88E07-A91D-42BE-A1AD-497FA013229D}.Release|x64.Build.0 = Release|x64
		{54A88E07-A91D-42BE-A1AD-497FA013229D}.Release|x86.ActiveCfg = Release|Win32
		{54A88E07-A91D-42BE-A1AD-497FA013229D}.Release|x86.Build.0 = Release|Win32
		{E01288CA-A9C3-474D-A707-69AB45736053}.Debug|x64.ActiveCfg = Debug|x64
		{E01288CA-A9C3-474D-A707-69AB45736053}.Debug|x64.Build.0 = Debug|x64
		{E01288CA-A9C3-474D-A707-69AB45736053}.Debug|x86.ActiveCfg = Debug|Win32
		{E01288CA-A9C3-474D-A707-69AB45736053}.Debug|x86.Build.0 = Debug|Win32
		{E01288CA-A9C3-474D-A707-69AB45736053}.Release|x64.ActiveCfg = Release|x64
		{E01288CA-A9C3-474D-A707-69AB45736053}.Release|x64.Build.0 = Release|x64
		{E01288CA-A9C3-474D-A707-69AB45736053}.Release|x86.ActiveCfg = Release|Win32
		{E01288CA-A9C3-474D-A707-69AB45736053}.Release|x86.Build.0 = Release|Win32
		{ECEA4AE4-9C18-4E35-9DD9-32BDEF5D8AB0}.Debug|x64.ActiveCfg = Debug|x64
		{ECEA4AE4-9C18-4E35-9DD9-32BDEF5D8AB0}.Debug|x64.Build.0 = Debug|x64
		{ECEA4AE4-9C18-4E35-9DD9-32BDEF5D8AB0}.Debug|x86.ActiveCfg = Debug|Win32
		{ECEA4AE4-9C18-4E35-9DD9-32BDEF5D8AB0}.Debug|x86.Build.0 = Debug|Win32
		{ECEA4AE4-9C18-4E35-9DD9-32BDEF5D8AB0}.Release|x64.ActiveCfg = Release|x64
		{ECEA4AE4-9C18-4E35-9DD9-32BDEF5D8AB0}.Release|x64.Build.0 = Release|x64
		{ECEA4AE4-9C18-4E35-9DD9-32BDEF5D8AB0}.Release|x86.ActiveCfg = Release|Win32
		{ECEA4AE4-9C18-4E35-9DD9-32BDEF5D8AB0}.Release|x86.Build.0 = Release|Win32
		{E0CFF569-EF95-49E4-9DCF-5CB9F31C58DB}.Debug|x64.ActiveCfg = Debug|x64
		{E0CFF569-EF95-49E4-9DCF-5CB9F31C58DB}.Debug|x64.Build.0 = Debug|x64
		{E0CFF569-EF95-49E4-9DCF-5CB9F31C58DB}.Debug|x86.ActiveCfg = Debug|Win32
		{E0CFF569-EF95-49E4-9DCF-5CB9F31C58DB}.Debug|x86.Build.0 = Debug|Win32
		{E0CFF569-EF95-49E4-9DCF-5CB9F31C58DB}.Release|x64.ActiveCfg = Release|x64
		{E0CFF569-EF95-49E4-9DCF-5CB9F31C58DB}.Release|x64.Build.0 = Release|x64
		{E0CFF569-EF95-49E4-9DCF-5CB9F31C58DB}.Release|x86.ActiveCfg = Release|Win32
		{E0CFF569-EF95-49E4-9DCF-5CB9F31C58DB}.Release|x86.Build.0 = Release|Win32
		{369C40D0-3B34-4548-A18C-8AFABB3D198B}.Debug|x64.ActiveCfg = Debug|x64
		{369C40D0-3B34-4548-A18C-8AFABB3D198B}.Debug|x64.Build.0 = Debug|x64
		{369C40D0-3B34-4548-A18C-8AFABB3D198B}.Debug|x86.ActiveCfg = Debug|Win32
		{369C40D0-3B34-4548-A18C-8AFABB3D198B}.Debug|x86.Build.0 = Debug|Win32
		{369C40D0-3B34-4548-A18C-8AFABB3D198B}.Release|x64.ActiveCfg = Release|x64
		{369C40D0-3B34-4548-A18C-8AFABB3D198B}.Release|x64.Build.0 = Release|x64
		{369C40D0-3B34-4548-A18C-8AFABB3D198B}.Release|x86.ActiveCfg = Release|Win32
		{369C40D0-3B34-4548-A18C-8AFABB3D198B}.Release|x86.Build.0 = Release|Win32
		{92B840DD-62D4-410F-BA1D-8377117EE562}.Debug|x64.ActiveCfg = Debug|x64
		{92B840DD-62D4-410F-BA1D-8377117EE562}.Debug|x64.Build.0 = Debug|x64
		{92B840DD-62D4-410F-BA1D-8377117EE562}.Debug|x86.ActiveCfg = Debug|Win32
		{92B840DD-62D4-410F-BA1D-8377117EE562}.Debug|x86.Build.0 = Debug|Win32
		{92B840DD-62D4-410F-BA1D-8377117EE562}.Release|x64.ActiveCfg = Release|x64
		{92B840DD-62D4-410F-BA1D-8377117EE562}.Release|x64.Build.0 = Release|x64
		{92B840DD-62D4-410F-BA1D-8377117EE562}.Release|x86.ActiveCfg = Release|Win32
		{92B840DD-62D4-410F-BA1D-8377117EE562}.Release|x86.Build.0 = Release|Win32
		{F3572736-6AC6-4C31-8227-58A8A9A4F409}.Debug|x64.ActiveCfg = Debug|x64
		{F3572736-6AC6-4C31-8227-58A8A9A4F409}.Debug|x64.Build.0 = Debug|x64
		{F3572736-6AC6-4C31-8227-58A8A9A4F409}.Debug|x86.ActiveCfg = Debug|Win32
		{F3572736-6AC6-4C31-8227-58A8A9A4F409}.Debug|x86.Build.0 = Debug|Win32
		{F3572736-6AC6-4C31-8227-58A8A9A4F409}.Release|x64.ActiveCfg = Release|x64
		{F3572736-6AC6-4C31-8227-58A8A9A4F409}.Release|x64.Build.0 = Release|x64
		{F3572736-6AC6-4C31-8227-58A8A9A4F409}.Release|x86.ActiveCfg = Release|Win32
		{F3572736-6AC6-4C31-8227-58A8A9A4F409}.Release|x86.Build.0 = Release|Win32
		{655B5C63-7E89-46A8-A4D5-E80C6DA65A9F}.Debug|x64.ActiveCfg = Debug|x64
		{655B5C63-7E89-46A8-A4D5-E80C6DA65A9F}.Debug|x64.Build.0 = Debug|x64
		{655B5C63-7E89-46A8-A4D5-E80C6DA65A9F}.Debug|x86.ActiveCfg = Debug|Win32
		{655B5C63-7E89-46A8-A4D5-E80C6DA65A9F}.Debug|x86.Build.0 = Debug|Win32
		{655B5C63-7E89-46A8-A4D5-E80C6DA65A9F}.Release|x64.ActiveCfg = Release|x64
		{655B5C63-7E89-46A8-A4D5-E80C6DA65A9F}.Release|x64.Build.0 = Release|x64
		{655B5C63-7E89-46A8-A4D5-E80C6DA65A9F}.Release|x86.ActiveCfg = Release|Win32
		{655B5C63-7E89-46A8-A4D5-E80C6DA65A9F}.Release|x86.Build.0 = Release|Win32
		{10BE798F-5753-4BC1-B6FE-B9032C76329A}.Debug|x64.ActiveCfg = Debug|x64
		{10BE798F-5753-4BC1-B6FE-B9032C76329A}.Debug|x64.Build.0 = Debug|x64
		{10BE798F-5753-4BC1-B6FE-B9032C76329A}.Debug|x86.ActiveCfg = Debug|Win32
		{10BE798F-5753-4BC1-B6FE-B9032C76329A}.Debug|x86.Build.0 = Debug|Win32
		{10BE798F-5753-4BC1-B6FE-B9032C76329A}.Release|x64.ActiveCfg = Release|x64
		{10BE798F-5753-4BC1-B6FE-B9032C76329A}.Release|x64.Build.0 = Release|x64
		{10BE798F-5753-4BC1-B6FE-B9032C76329A}.Release|x86.ActiveCfg = Release|Win32
		{10BE798F-5753-4BC1-B6FE-B9032C76329A}.Release|x86.Build.0 = Release|Win32
		{FB9B6625-CDAB-4419-BE5C-4D35DB28FCA7}.Debug|x64.ActiveCfg = Debug|x64
		{FB9B6625-CDAB-4419-BE5C-4D35DB28FCA7}.Debug|x64.Build.0 = Debug|x64
		{FB9B6625-CDAB-4419-BE5C-4D35DB28FCA7}.Debug|x86.ActiveCfg = Debug|Win32
		{FB9B6625-CDAB-4419-BE5C-4D35DB28FCA7}.Debug|x86.Build.0 = Debug|Win32
		{FB9B6625-CDAB-4419-BE5C-4D35DB28FCA7}.Release|x64.ActiveCfg = Release|x64
		{FB9B6625-CDAB-4419-BE5C-4D35DB28FCA7}.Release|x64.Build.0 = Release|x64
		{FB9B6625-CDAB-4419-BE5C-4D35DB28FCA7}.Release|x86.ActiveCfg = Release|Win32
		{FB9B6625-CDAB-4419-BE5C-4D35DB28FCA7}.Release|x86.Build.0 = Release|Win32
	EndGlobalSection
	GlobalSection(SolutionProperties) = preSolution
		HideSolutionNode = FALSE
	EndGlobalSection
	GlobalSection(ExtensibilityGlobals) = postSolution
		SolutionGuid = {194FCE5B-B38E-4EED-B429-52DDA322DCA8}
	EndGlobalSection
EndGlobal
