
Microsoft Visual Studio Solution File, Format Version 12.00
# Visual Studio 15
VisualStudioVersion = 15.0.28307.1758
MinimumVisualStudioVersion = 10.0.40219.1
Project("{8BC9CEB8-8B4A-11D0-8D11-00A0C91BC942}") = "Listing06_01", "Listing06_01\Listing06_01.vcxproj", "{A3DDF112-8BF9-44EB-8282-A2F0461FE4B8}"
EndProject
Project("{8BC9CEB8-8B4A-11D0-8D11-00A0C91BC942}") = "Listing06_02", "Listing06_02\Listing06_02.vcxproj", "{37C5DE23-3A83-415C-81E7-21F8DCE4CEDF}"
EndProject
Project("{8BC9CEB8-8B4A-11D0-8D11-00A0C91BC942}") = "Listing06_03", "Listing06_03\Listing06_03.vcxproj", "{9BEE247C-6DF7-49B7-80D8-94ABCA1D9B8A}"
EndProject
Project("{8BC9CEB8-8B4A-11D0-8D11-00A0C91BC942}") = "Listing06_04", "Listing06_04\Listing06_04.vcxproj", "{8180496B-CB0C-4B5A-A174-DEB93F7CB826}"
EndProject
Project("{8BC9CEB8-8B4A-11D0-8D11-00A0C91BC942}") = "Listing06_05", "Listing06_05\Listing06_05.vcxproj", "{3F1529B3-6952-4156-AE25-F3B89AC185BD}"
EndProject
Project("{8BC9CEB8-8B4A-11D0-8D11-00A0C91BC942}") = "Listing06_06", "Listing06_06\Listing06_06.vcxproj", "{B9C1B5F3-80EF-4A46-93B6-EEEAB3DC4BE4}"
EndProject
Project("{8BC9CEB8-8B4A-11D0-8D11-00A0C91BC942}") = "Listing06_07", "Listing06_07\Listing06_07.vcxproj", "{E8F79C00-18E6-4D8D-B6CF-0CDEC16D0270}"
EndProject
Project("{8BC9CEB8-8B4A-11D0-8D11-00A0C91BC942}") = "Listing06_08", "Listing06_08\Listing06_08.vcxproj", "{F3D24F69-B910-42BA-9477-9A25049C3E77}"
EndProject
Project("{8BC9CEB8-8B4A-11D0-8D11-00A0C91BC942}") = "Listing06_09", "Listing06_09\Listing06_09.vcxproj", "{0C28407F-D546-4516-81D7-2BDEC3E7F086}"
EndProject
Project("{8BC9CEB8-8B4A-11D0-8D11-00A0C91BC942}") = "Listing06_10", "Listing06_10\Listing06_10.vcxproj", "{2FF737F5-4BB3-4271-9238-A2AC39EB7D61}"
EndProject
Project("{8BC9CEB8-8B4A-11D0-8D11-00A0C91BC942}") = "Listing06_11", "Listing06_11\Listing06_11.vcxproj", "{E3442A70-9DBE-4E05-9DC3-F9DD66E5F8A1}"
EndProject
Project("{8BC9CEB8-8B4A-11D0-8D11-00A0C91BC942}") = "Listing06_12", "Listing06_12\Listing06_12.vcxproj", "{D0240560-634F-4A40-BB39-F44A781BBEA0}"
EndProject
Global
	GlobalSection(SolutionConfigurationPlatforms) = preSolution
		Debug|x64 = Debug|x64
		Debug|x86 = Debug|x86
		Release|x64 = Release|x64
		Release|x86 = Release|x86
	EndGlobalSection
	GlobalSection(ProjectConfigurationPlatforms) = postSolution
		{A3DDF112-8BF9-44EB-8282-A2F0461FE4B8}.Debug|x64.ActiveCfg = Debug|x64
		{A3DDF112-8BF9-44EB-8282-A2F0461FE4B8}.Debug|x64.Build.0 = Debug|x64
		{A3DDF112-8BF9-44EB-8282-A2F0461FE4B8}.Debug|x86.ActiveCfg = Debug|Win32
		{A3DDF112-8BF9-44EB-8282-A2F0461FE4B8}.Debug|x86.Build.0 = Debug|Win32
		{A3DDF112-8BF9-44EB-8282-A2F0461FE4B8}.Release|x64.ActiveCfg = Release|x64
		{A3DDF112-8BF9-44EB-8282-A2F0461FE4B8}.Release|x64.Build.0 = Release|x64
		{A3DDF112-8BF9-44EB-8282-A2F0461FE4B8}.Release|x86.ActiveCfg = Release|Win32
		{A3DDF112-8BF9-44EB-8282-A2F0461FE4B8}.Release|x86.Build.0 = Release|Win32
		{37C5DE23-3A83-415C-81E7-21F8DCE4CEDF}.Debug|x64.ActiveCfg = Debug|x64
		{37C5DE23-3A83-415C-81E7-21F8DCE4CEDF}.Debug|x64.Build.0 = Debug|x64
		{37C5DE23-3A83-415C-81E7-21F8DCE4CEDF}.Debug|x86.ActiveCfg = Debug|Win32
		{37C5DE23-3A83-415C-81E7-21F8DCE4CEDF}.Debug|x86.Build.0 = Debug|Win32
		{37C5DE23-3A83-415C-81E7-21F8DCE4CEDF}.Release|x64.ActiveCfg = Release|x64
		{37C5DE23-3A83-415C-81E7-21F8DCE4CEDF}.Release|x64.Build.0 = Release|x64
		{37C5DE23-3A83-415C-81E7-21F8DCE4CEDF}.Release|x86.ActiveCfg = Release|Win32
		{37C5DE23-3A83-415C-81E7-21F8DCE4CEDF}.Release|x86.Build.0 = Release|Win32
		{9BEE247C-6DF7-49B7-80D8-94ABCA1D9B8A}.Debug|x64.ActiveCfg = Debug|x64
		{9BEE247C-6DF7-49B7-80D8-94ABCA1D9B8A}.Debug|x64.Build.0 = Debug|x64
		{9BEE247C-6DF7-49B7-80D8-94ABCA1D9B8A}.Debug|x86.ActiveCfg = Debug|Win32
		{9BEE247C-6DF7-49B7-80D8-94ABCA1D9B8A}.Debug|x86.Build.0 = Debug|Win32
		{9BEE247C-6DF7-49B7-80D8-94ABCA1D9B8A}.Release|x64.ActiveCfg = Release|x64
		{9BEE247C-6DF7-49B7-80D8-94ABCA1D9B8A}.Release|x64.Build.0 = Release|x64
		{9BEE247C-6DF7-49B7-80D8-94ABCA1D9B8A}.Release|x86.ActiveCfg = Release|Win32
		{9BEE247C-6DF7-49B7-80D8-94ABCA1D9B8A}.Release|x86.Build.0 = Release|Win32
		{8180496B-CB0C-4B5A-A174-DEB93F7CB826}.Debug|x64.ActiveCfg = Debug|x64
		{8180496B-CB0C-4B5A-A174-DEB93F7CB826}.Debug|x64.Build.0 = Debug|x64
		{8180496B-CB0C-4B5A-A174-DEB93F7CB826}.Debug|x86.ActiveCfg = Debug|Win32
		{8180496B-CB0C-4B5A-A174-DEB93F7CB826}.Debug|x86.Build.0 = Debug|Win32
		{8180496B-CB0C-4B5A-A174-DEB93F7CB826}.Release|x64.ActiveCfg = Release|x64
		{8180496B-CB0C-4B5A-A174-DEB93F7CB826}.Release|x64.Build.0 = Release|x64
		{8180496B-CB0C-4B5A-A174-DEB93F7CB826}.Release|x86.ActiveCfg = Release|Win32
		{8180496B-CB0C-4B5A-A174-DEB93F7CB826}.Release|x86.Build.0 = Release|Win32
		{3F1529B3-6952-4156-AE25-F3B89AC185BD}.Debug|x64.ActiveCfg = Debug|x64
		{3F1529B3-6952-4156-AE25-F3B89AC185BD}.Debug|x64.Build.0 = Debug|x64
		{3F1529B3-6952-4156-AE25-F3B89AC185BD}.Debug|x86.ActiveCfg = Debug|Win32
		{3F1529B3-6952-4156-AE25-F3B89AC185BD}.Debug|x86.Build.0 = Debug|Win32
		{3F1529B3-6952-4156-AE25-F3B89AC185BD}.Release|x64.ActiveCfg = Release|x64
		{3F1529B3-6952-4156-AE25-F3B89AC185BD}.Release|x64.Build.0 = Release|x64
		{3F1529B3-6952-4156-AE25-F3B89AC185BD}.Release|x86.ActiveCfg = Release|Win32
		{3F1529B3-6952-4156-AE25-F3B89AC185BD}.Release|x86.Build.0 = Release|Win32
		{B9C1B5F3-80EF-4A46-93B6-EEEAB3DC4BE4}.Debug|x64.ActiveCfg = Debug|x64
		{B9C1B5F3-80EF-4A46-93B6-EEEAB3DC4BE4}.Debug|x64.Build.0 = Debug|x64
		{B9C1B5F3-80EF-4A46-93B6-EEEAB3DC4BE4}.Debug|x86.ActiveCfg = Debug|Win32
		{B9C1B5F3-80EF-4A46-93B6-EEEAB3DC4BE4}.Debug|x86.Build.0 = Debug|Win32
		{B9C1B5F3-80EF-4A46-93B6-EEEAB3DC4BE4}.Release|x64.ActiveCfg = Release|x64
		{B9C1B5F3-80EF-4A46-93B6-EEEAB3DC4BE4}.Release|x64.Build.0 = Release|x64
		{B9C1B5F3-80EF-4A46-93B6-EEEAB3DC4BE4}.Release|x86.ActiveCfg = Release|Win32
		{B9C1B5F3-80EF-4A46-93B6-EEEAB3DC4BE4}.Release|x86.Build.0 = Release|Win32
		{E8F79C00-18E6-4D8D-B6CF-0CDEC16D0270}.Debug|x64.ActiveCfg = Debug|x64
		{E8F79C00-18E6-4D8D-B6CF-0CDEC16D0270}.Debug|x64.Build.0 = Debug|x64
		{E8F79C00-18E6-4D8D-B6CF-0CDEC16D0270}.Debug|x86.ActiveCfg = Debug|Win32
		{E8F79C00-18E6-4D8D-B6CF-0CDEC16D0270}.Debug|x86.Build.0 = Debug|Win32
		{E8F79C00-18E6-4D8D-B6CF-0CDEC16D0270}.Release|x64.ActiveCfg = Release|x64
		{E8F79C00-18E6-4D8D-B6CF-0CDEC16D0270}.Release|x64.Build.0 = Release|x64
		{E8F79C00-18E6-4D8D-B6CF-0CDEC16D0270}.Release|x86.ActiveCfg = Release|Win32
		{E8F79C00-18E6-4D8D-B6CF-0CDEC16D0270}.Release|x86.Build.0 = Release|Win32
		{F3D24F69-B910-42BA-9477-9A25049C3E77}.Debug|x64.ActiveCfg = Debug|x64
		{F3D24F69-B910-42BA-9477-9A25049C3E77}.Debug|x64.Build.0 = Debug|x64
		{F3D24F69-B910-42BA-9477-9A25049C3E77}.Debug|x86.ActiveCfg = Debug|Win32
		{F3D24F69-B910-42BA-9477-9A25049C3E77}.Debug|x86.Build.0 = Debug|Win32
		{F3D24F69-B910-42BA-9477-9A25049C3E77}.Release|x64.ActiveCfg = Release|x64
		{F3D24F69-B910-42BA-9477-9A25049C3E77}.Release|x64.Build.0 = Release|x64
		{F3D24F69-B910-42BA-9477-9A25049C3E77}.Release|x86.ActiveCfg = Release|Win32
		{F3D24F69-B910-42BA-9477-9A25049C3E77}.Release|x86.Build.0 = Release|Win32
		{0C28407F-D546-4516-81D7-2BDEC3E7F086}.Debug|x64.ActiveCfg = Debug|x64
		{0C28407F-D546-4516-81D7-2BDEC3E7F086}.Debug|x64.Build.0 = Debug|x64
		{0C28407F-D546-4516-81D7-2BDEC3E7F086}.Debug|x86.ActiveCfg = Debug|Win32
		{0C28407F-D546-4516-81D7-2BDEC3E7F086}.Debug|x86.Build.0 = Debug|Win32
		{0C28407F-D546-4516-81D7-2BDEC3E7F086}.Release|x64.ActiveCfg = Release|x64
		{0C28407F-D546-4516-81D7-2BDEC3E7F086}.Release|x64.Build.0 = Release|x64
		{0C28407F-D546-4516-81D7-2BDEC3E7F086}.Release|x86.ActiveCfg = Release|Win32
		{0C28407F-D546-4516-81D7-2BDEC3E7F086}.Release|x86.Build.0 = Release|Win32
		{2FF737F5-4BB3-4271-9238-A2AC39EB7D61}.Debug|x64.ActiveCfg = Debug|x64
		{2FF737F5-4BB3-4271-9238-A2AC39EB7D61}.Debug|x64.Build.0 = Debug|x64
		{2FF737F5-4BB3-4271-9238-A2AC39EB7D61}.Debug|x86.ActiveCfg = Debug|Win32
		{2FF737F5-4BB3-4271-9238-A2AC39EB7D61}.Debug|x86.Build.0 = Debug|Win32
		{2FF737F5-4BB3-4271-9238-A2AC39EB7D61}.Release|x64.ActiveCfg = Release|x64
		{2FF737F5-4BB3-4271-9238-A2AC39EB7D61}.Release|x64.Build.0 = Release|x64
		{2FF737F5-4BB3-4271-9238-A2AC39EB7D61}.Release|x86.ActiveCfg = Release|Win32
		{2FF737F5-4BB3-4271-9238-A2AC39EB7D61}.Release|x86.Build.0 = Release|Win32
		{E3442A70-9DBE-4E05-9DC3-F9DD66E5F8A1}.Debug|x64.ActiveCfg = Debug|x64
		{E3442A70-9DBE-4E05-9DC3-F9DD66E5F8A1}.Debug|x64.Build.0 = Debug|x64
		{E3442A70-9DBE-4E05-9DC3-F9DD66E5F8A1}.Debug|x86.ActiveCfg = Debug|Win32
		{E3442A70-9DBE-4E05-9DC3-F9DD66E5F8A1}.Debug|x86.Build.0 = Debug|Win32
		{E3442A70-9DBE-4E05-9DC3-F9DD66E5F8A1}.Release|x64.ActiveCfg = Release|x64
		{E3442A70-9DBE-4E05-9DC3-F9DD66E5F8A1}.Release|x64.Build.0 = Release|x64
		{E3442A70-9DBE-4E05-9DC3-F9DD66E5F8A1}.Release|x86.ActiveCfg = Release|Win32
		{E3442A70-9DBE-4E05-9DC3-F9DD66E5F8A1}.Release|x86.Build.0 = Release|Win32
		{D0240560-634F-4A40-BB39-F44A781BBEA0}.Debug|x64.ActiveCfg = Debug|x64
		{D0240560-634F-4A40-BB39-F44A781BBEA0}.Debug|x64.Build.0 = Debug|x64
		{D0240560-634F-4A40-BB39-F44A781BBEA0}.Debug|x86.ActiveCfg = Debug|Win32
		{D0240560-634F-4A40-BB39-F44A781BBEA0}.Debug|x86.Build.0 = Debug|Win32
		{D0240560-634F-4A40-BB39-F44A781BBEA0}.Release|x64.ActiveCfg = Release|x64
		{D0240560-634F-4A40-BB39-F44A781BBEA0}.Release|x64.Build.0 = Release|x64
		{D0240560-634F-4A40-BB39-F44A781BBEA0}.Release|x86.ActiveCfg = Release|Win32
		{D0240560-634F-4A40-BB39-F44A781BBEA0}.Release|x86.Build.0 = Release|Win32
	EndGlobalSection
	GlobalSection(SolutionProperties) = preSolution
		HideSolutionNode = FALSE
	EndGlobalSection
	GlobalSection(ExtensibilityGlobals) = postSolution
		SolutionGuid = {A4F8B68B-AFDA-40AA-9F3D-F5EDA668E77D}
	EndGlobalSection
EndGlobal
