
Microsoft Visual Studio Solution File, Format Version 12.00
# Visual Studio 15
VisualStudioVersion = 15.0.28307.1758
MinimumVisualStudioVersion = 10.0.40219.1
Project("{8BC9CEB8-8B4A-11D0-8D11-00A0C91BC942}") = "twoSwap", "twoSwap.vcxproj", "{045188CB-9E83-4FE8-863C-BC84C1F79628}"
EndProject
Global
	GlobalSection(SolutionConfigurationPlatforms) = preSolution
		Debug|x64 = Debug|x64
		Debug|x86 = Debug|x86
		Release|x64 = Release|x64
		Release|x86 = Release|x86
	EndGlobalSection
	GlobalSection(ProjectConfigurationPlatforms) = postSolution
		{045188CB-9E83-4FE8-863C-BC84C1F79628}.Debug|x64.ActiveCfg = Debug|x64
		{045188CB-9E83-4FE8-863C-BC84C1F79628}.Debug|x64.Build.0 = Debug|x64
		{045188CB-9E83-4FE8-863C-BC84C1F79628}.Debug|x86.ActiveCfg = Debug|Win32
		{045188CB-9E83-4FE8-863C-BC84C1F79628}.Debug|x86.Build.0 = Debug|Win32
		{045188CB-9E83-4FE8-863C-BC84C1F79628}.Release|x64.ActiveCfg = Release|x64
		{045188CB-9E83-4FE8-863C-BC84C1F79628}.Release|x64.Build.0 = Release|x64
		{045188CB-9E83-4FE8-863C-BC84C1F79628}.Release|x86.ActiveCfg = Release|Win32
		{045188CB-9E83-4FE8-863C-BC84C1F79628}.Release|x86.Build.0 = Release|Win32
	EndGlobalSection
	GlobalSection(SolutionProperties) = preSolution
		HideSolutionNode = FALSE
	EndGlobalSection
	GlobalSection(ExtensibilityGlobals) = postSolution
		SolutionGuid = {1A219130-B3E3-4D19-A44B-7564C9B735F0}
	EndGlobalSection
EndGlobal
