
Microsoft Visual Studio Solution File, Format Version 12.00
# Visual Studio 15
VisualStudioVersion = 15.0.28307.1525
MinimumVisualStudioVersion = 10.0.40219.1
Project("{8BC9CEB8-8B4A-11D0-8D11-00A0C91BC942}") = "BoundCheck2DIntArray", "BoundCheck2DIntArray\BoundCheck2DIntArray.vcxproj", "{9342AEB1-F6A6-4E26-8751-69FB83F5BE1F}"
EndProject
Global
	GlobalSection(SolutionConfigurationPlatforms) = preSolution
		Debug|x64 = Debug|x64
		Debug|x86 = Debug|x86
		Release|x64 = Release|x64
		Release|x86 = Release|x86
	EndGlobalSection
	GlobalSection(ProjectConfigurationPlatforms) = postSolution
		{9342AEB1-F6A6-4E26-8751-69FB83F5BE1F}.Debug|x64.ActiveCfg = Debug|x64
		{9342AEB1-F6A6-4E26-8751-69FB83F5BE1F}.Debug|x64.Build.0 = Debug|x64
		{9342AEB1-F6A6-4E26-8751-69FB83F5BE1F}.Debug|x86.ActiveCfg = Debug|Win32
		{9342AEB1-F6A6-4E26-8751-69FB83F5BE1F}.Debug|x86.Build.0 = Debug|Win32
		{9342AEB1-F6A6-4E26-8751-69FB83F5BE1F}.Release|x64.ActiveCfg = Release|x64
		{9342AEB1-F6A6-4E26-8751-69FB83F5BE1F}.Release|x64.Build.0 = Release|x64
		{9342AEB1-F6A6-4E26-8751-69FB83F5BE1F}.Release|x86.ActiveCfg = Release|Win32
		{9342AEB1-F6A6-4E26-8751-69FB83F5BE1F}.Release|x86.Build.0 = Release|Win32
	EndGlobalSection
	GlobalSection(SolutionProperties) = preSolution
		HideSolutionNode = FALSE
	EndGlobalSection
	GlobalSection(ExtensibilityGlobals) = postSolution
		SolutionGuid = {5FA04210-335B-4D62-BD5D-05BEA410EDE6}
	EndGlobalSection
EndGlobal
