
Microsoft Visual Studio Solution File, Format Version 12.00
# Visual Studio 15
VisualStudioVersion = 15.0.28307.1525
MinimumVisualStudioVersion = 10.0.40219.1
Project("{8BC9CEB8-8B4A-11D0-8D11-00A0C91BC942}") = "STDString", "STDString\STDString.vcxproj", "{628476F0-24C4-41A3-B86C-65710B5E3F2C}"
EndProject
Global
	GlobalSection(SolutionConfigurationPlatforms) = preSolution
		Debug|x64 = Debug|x64
		Debug|x86 = Debug|x86
		Release|x64 = Release|x64
		Release|x86 = Release|x86
	EndGlobalSection
	GlobalSection(ProjectConfigurationPlatforms) = postSolution
		{628476F0-24C4-41A3-B86C-65710B5E3F2C}.Debug|x64.ActiveCfg = Debug|x64
		{628476F0-24C4-41A3-B86C-65710B5E3F2C}.Debug|x64.Build.0 = Debug|x64
		{628476F0-24C4-41A3-B86C-65710B5E3F2C}.Debug|x86.ActiveCfg = Debug|Win32
		{628476F0-24C4-41A3-B86C-65710B5E3F2C}.Debug|x86.Build.0 = Debug|Win32
		{628476F0-24C4-41A3-B86C-65710B5E3F2C}.Release|x64.ActiveCfg = Release|x64
		{628476F0-24C4-41A3-B86C-65710B5E3F2C}.Release|x64.Build.0 = Release|x64
		{628476F0-24C4-41A3-B86C-65710B5E3F2C}.Release|x86.ActiveCfg = Release|Win32
		{628476F0-24C4-41A3-B86C-65710B5E3F2C}.Release|x86.Build.0 = Release|Win32
	EndGlobalSection
	GlobalSection(SolutionProperties) = preSolution
		HideSolutionNode = FALSE
	EndGlobalSection
	GlobalSection(ExtensibilityGlobals) = postSolution
		SolutionGuid = {F750611A-E395-49CE-B43B-211BCEC0DDCC}
	EndGlobalSection
EndGlobal
