
Microsoft Visual Studio Solution File, Format Version 12.00
# Visual Studio 15
VisualStudioVersion = 15.0.28307.1758
MinimumVisualStudioVersion = 10.0.40219.1
Project("{8BC9CEB8-8B4A-11D0-8D11-00A0C91BC942}") = "Listing05_01", "Listing05_01\Listing05_01.vcxproj", "{6A085B13-FD4B-4462-839F-4B701BB42F8A}"
EndProject
Project("{8BC9CEB8-8B4A-11D0-8D11-00A0C91BC942}") = "Listing05_02", "Listing05_02\Listing05_02.vcxproj", "{83E893B1-476A-4C62-B4B9-56C436D9604D}"
EndProject
Project("{8BC9CEB8-8B4A-11D0-8D11-00A0C91BC942}") = "Listing05_03", "Listing05_03\Listing05_03.vcxproj", "{1AF0B6F6-E61D-402C-96ED-01B0346C35FC}"
EndProject
Project("{8BC9CEB8-8B4A-11D0-8D11-00A0C91BC942}") = "Listing05_04", "Listing05_04\Listing05_04.vcxproj", "{EBE9DCDC-81FB-4CD5-B962-E9268CF67B46}"
EndProject
Project("{8BC9CEB8-8B4A-11D0-8D11-00A0C91BC942}") = "Listing05_05", "Listing05_05\Listing05_05.vcxproj", "{CD7B1175-9CCB-43C3-9F5E-4747DC2ACC5A}"
EndProject
Project("{8BC9CEB8-8B4A-11D0-8D11-00A0C91BC942}") = "Listing05_06", "Listing05_06\Listing05_06.vcxproj", "{361395CF-78EC-42BC-8109-BDAE0665AFE2}"
EndProject
Project("{8BC9CEB8-8B4A-11D0-8D11-00A0C91BC942}") = "Listing05_07", "Listing05_07\Listing05_07.vcxproj", "{16C3533A-7253-46A1-BD5E-1153CF5BBE7D}"
EndProject
Project("{8BC9CEB8-8B4A-11D0-8D11-00A0C91BC942}") = "Listing05_08", "Listing05_08\Listing05_08.vcxproj", "{61EEE0C5-70D6-41CB-992A-4CC5EC2F0C66}"
EndProject
Project("{8BC9CEB8-8B4A-11D0-8D11-00A0C91BC942}") = "Listing05_09", "Listing05_09\Listing05_09.vcxproj", "{2E24BF1A-C960-4011-8EBB-DBFAFB82DD83}"
EndProject
Project("{8BC9CEB8-8B4A-11D0-8D11-00A0C91BC942}") = "Listing05_10", "Listing05_10\Listing05_10.vcxproj", "{9898E206-86FE-448C-B242-B7293E786A07}"
EndProject
Project("{8BC9CEB8-8B4A-11D0-8D11-00A0C91BC942}") = "Listing05_11", "Listing05_11\Listing05_11.vcxproj", "{9C947C87-D242-4CD2-8943-D1159E6F32F1}"
EndProject
Project("{8BC9CEB8-8B4A-11D0-8D11-00A0C91BC942}") = "Listing05_12", "Listing05_12\Listing05_12.vcxproj", "{5209DBC4-5662-4A3E-ABCE-0902A56D9E08}"
EndProject
Project("{8BC9CEB8-8B4A-11D0-8D11-00A0C91BC942}") = "Listing05_13", "Listing05_13\Listing05_13.vcxproj", "{C69AAEB0-E227-4F34-B5D0-304F987D880D}"
EndProject
Project("{8BC9CEB8-8B4A-11D0-8D11-00A0C91BC942}") = "Listing05_14", "Listing05_14\Listing05_14.vcxproj", "{D956B859-6288-4EC3-813C-CEF18A8D97B5}"
EndProject
Project("{8BC9CEB8-8B4A-11D0-8D11-00A0C91BC942}") = "Listing05_15", "Listing05_15\Listing05_15.vcxproj", "{879B1FAD-1A2E-46A2-9A6D-B57EBA701A25}"
EndProject
Project("{8BC9CEB8-8B4A-11D0-8D11-00A0C91BC942}") = "Listing05_16", "Listing05_16\Listing05_16.vcxproj", "{B3C7CF26-9839-4AC0-8150-CC3E0F7D7680}"
EndProject
Project("{8BC9CEB8-8B4A-11D0-8D11-00A0C91BC942}") = "Listing05_17", "Listing05_17\Listing05_17.vcxproj", "{E4D6F1F8-1158-4A9B-AE19-2A98645E9E49}"
EndProject
Project("{8BC9CEB8-8B4A-11D0-8D11-00A0C91BC942}") = "Listing05_18", "Listing05_18\Listing05_18.vcxproj", "{9E7CF3A0-3855-446B-B0E8-59C88C11336E}"
EndProject
Project("{8BC9CEB8-8B4A-11D0-8D11-00A0C91BC942}") = "Listing05_19", "Listing05_19\Listing05_19.vcxproj", "{0715A9C0-DB61-4C84-98FA-398EEFBB47CC}"
EndProject
Project("{8BC9CEB8-8B4A-11D0-8D11-00A0C91BC942}") = "Listing05_20", "Listing05_20\Listing05_20.vcxproj", "{B2F94DA6-E1D8-45E4-840C-CDEACCC03F5B}"
EndProject
Global
	GlobalSection(SolutionConfigurationPlatforms) = preSolution
		Debug|x64 = Debug|x64
		Debug|x86 = Debug|x86
		Release|x64 = Release|x64
		Release|x86 = Release|x86
	EndGlobalSection
	GlobalSection(ProjectConfigurationPlatforms) = postSolution
		{6A085B13-FD4B-4462-839F-4B701BB42F8A}.Debug|x64.ActiveCfg = Debug|x64
		{6A085B13-FD4B-4462-839F-4B701BB42F8A}.Debug|x64.Build.0 = Debug|x64
		{6A085B13-FD4B-4462-839F-4B701BB42F8A}.Debug|x86.ActiveCfg = Debug|Win32
		{6A085B13-FD4B-4462-839F-4B701BB42F8A}.Debug|x86.Build.0 = Debug|Win32
		{6A085B13-FD4B-4462-839F-4B701BB42F8A}.Release|x64.ActiveCfg = Release|x64
		{6A085B13-FD4B-4462-839F-4B701BB42F8A}.Release|x64.Build.0 = Release|x64
		{6A085B13-FD4B-4462-839F-4B701BB42F8A}.Release|x86.ActiveCfg = Release|Win32
		{6A085B13-FD4B-4462-839F-4B701BB42F8A}.Release|x86.Build.0 = Release|Win32
		{83E893B1-476A-4C62-B4B9-56C436D9604D}.Debug|x64.ActiveCfg = Debug|x64
		{83E893B1-476A-4C62-B4B9-56C436D9604D}.Debug|x64.Build.0 = Debug|x64
		{83E893B1-476A-4C62-B4B9-56C436D9604D}.Debug|x86.ActiveCfg = Debug|Win32
		{83E893B1-476A-4C62-B4B9-56C436D9604D}.Debug|x86.Build.0 = Debug|Win32
		{83E893B1-476A-4C62-B4B9-56C436D9604D}.Release|x64.ActiveCfg = Release|x64
		{83E893B1-476A-4C62-B4B9-56C436D9604D}.Release|x64.Build.0 = Release|x64
		{83E893B1-476A-4C62-B4B9-56C436D9604D}.Release|x86.ActiveCfg = Release|Win32
		{83E893B1-476A-4C62-B4B9-56C436D9604D}.Release|x86.Build.0 = Release|Win32
		{1AF0B6F6-E61D-402C-96ED-01B0346C35FC}.Debug|x64.ActiveCfg = Debug|x64
		{1AF0B6F6-E61D-402C-96ED-01B0346C35FC}.Debug|x64.Build.0 = Debug|x64
		{1AF0B6F6-E61D-402C-96ED-01B0346C35FC}.Debug|x86.ActiveCfg = Debug|Win32
		{1AF0B6F6-E61D-402C-96ED-01B0346C35FC}.Debug|x86.Build.0 = Debug|Win32
		{1AF0B6F6-E61D-402C-96ED-01B0346C35FC}.Release|x64.ActiveCfg = Release|x64
		{1AF0B6F6-E61D-402C-96ED-01B0346C35FC}.Release|x64.Build.0 = Release|x64
		{1AF0B6F6-E61D-402C-96ED-01B0346C35FC}.Release|x86.ActiveCfg = Release|Win32
		{1AF0B6F6-E61D-402C-96ED-01B0346C35FC}.Release|x86.Build.0 = Release|Win32
		{EBE9DCDC-81FB-4CD5-B962-E9268CF67B46}.Debug|x64.ActiveCfg = Debug|x64
		{EBE9DCDC-81FB-4CD5-B962-E9268CF67B46}.Debug|x64.Build.0 = Debug|x64
		{EBE9DCDC-81FB-4CD5-B962-E9268CF67B46}.Debug|x86.ActiveCfg = Debug|Win32
		{EBE9DCDC-81FB-4CD5-B962-E9268CF67B46}.Debug|x86.Build.0 = Debug|Win32
		{EBE9DCDC-81FB-4CD5-B962-E9268CF67B46}.Release|x64.ActiveCfg = Release|x64
		{EBE9DCDC-81FB-4CD5-B962-E9268CF67B46}.Release|x64.Build.0 = Release|x64
		{EBE9DCDC-81FB-4CD5-B962-E9268CF67B46}.Release|x86.ActiveCfg = Release|Win32
		{EBE9DCDC-81FB-4CD5-B962-E9268CF67B46}.Release|x86.Build.0 = Release|Win32
		{CD7B1175-9CCB-43C3-9F5E-4747DC2ACC5A}.Debug|x64.ActiveCfg = Debug|x64
		{CD7B1175-9CCB-43C3-9F5E-4747DC2ACC5A}.Debug|x64.Build.0 = Debug|x64
		{CD7B1175-9CCB-43C3-9F5E-4747DC2ACC5A}.Debug|x86.ActiveCfg = Debug|Win32
		{CD7B1175-9CCB-43C3-9F5E-4747DC2ACC5A}.Debug|x86.Build.0 = Debug|Win32
		{CD7B1175-9CCB-43C3-9F5E-4747DC2ACC5A}.Release|x64.ActiveCfg = Release|x64
		{CD7B1175-9CCB-43C3-9F5E-4747DC2ACC5A}.Release|x64.Build.0 = Release|x64
		{CD7B1175-9CCB-43C3-9F5E-4747DC2ACC5A}.Release|x86.ActiveCfg = Release|Win32
		{CD7B1175-9CCB-43C3-9F5E-4747DC2ACC5A}.Release|x86.Build.0 = Release|Win32
		{361395CF-78EC-42BC-8109-BDAE0665AFE2}.Debug|x64.ActiveCfg = Debug|x64
		{361395CF-78EC-42BC-8109-BDAE0665AFE2}.Debug|x64.Build.0 = Debug|x64
		{361395CF-78EC-42BC-8109-BDAE0665AFE2}.Debug|x86.ActiveCfg = Debug|Win32
		{361395CF-78EC-42BC-8109-BDAE0665AFE2}.Debug|x86.Build.0 = Debug|Win32
		{361395CF-78EC-42BC-8109-BDAE0665AFE2}.Release|x64.ActiveCfg = Release|x64
		{361395CF-78EC-42BC-8109-BDAE0665AFE2}.Release|x64.Build.0 = Release|x64
		{361395CF-78EC-42BC-8109-BDAE0665AFE2}.Release|x86.ActiveCfg = Release|Win32
		{361395CF-78EC-42BC-8109-BDAE0665AFE2}.Release|x86.Build.0 = Release|Win32
		{16C3533A-7253-46A1-BD5E-1153CF5BBE7D}.Debug|x64.ActiveCfg = Debug|x64
		{16C3533A-7253-46A1-BD5E-1153CF5BBE7D}.Debug|x64.Build.0 = Debug|x64
		{16C3533A-7253-46A1-BD5E-1153CF5BBE7D}.Debug|x86.ActiveCfg = Debug|Win32
		{16C3533A-7253-46A1-BD5E-1153CF5BBE7D}.Debug|x86.Build.0 = Debug|Win32
		{16C3533A-7253-46A1-BD5E-1153CF5BBE7D}.Release|x64.ActiveCfg = Release|x64
		{16C3533A-7253-46A1-BD5E-1153CF5BBE7D}.Release|x64.Build.0 = Release|x64
		{16C3533A-7253-46A1-BD5E-1153CF5BBE7D}.Release|x86.ActiveCfg = Release|Win32
		{16C3533A-7253-46A1-BD5E-1153CF5BBE7D}.Release|x86.Build.0 = Release|Win32
		{61EEE0C5-70D6-41CB-992A-4CC5EC2F0C66}.Debug|x64.ActiveCfg = Debug|x64
		{61EEE0C5-70D6-41CB-992A-4CC5EC2F0C66}.Debug|x64.Build.0 = Debug|x64
		{61EEE0C5-70D6-41CB-992A-4CC5EC2F0C66}.Debug|x86.ActiveCfg = Debug|Win32
		{61EEE0C5-70D6-41CB-992A-4CC5EC2F0C66}.Debug|x86.Build.0 = Debug|Win32
		{61EEE0C5-70D6-41CB-992A-4CC5EC2F0C66}.Release|x64.ActiveCfg = Release|x64
		{61EEE0C5-70D6-41CB-992A-4CC5EC2F0C66}.Release|x64.Build.0 = Release|x64
		{61EEE0C5-70D6-41CB-992A-4CC5EC2F0C66}.Release|x86.ActiveCfg = Release|Win32
		{61EEE0C5-70D6-41CB-992A-4CC5EC2F0C66}.Release|x86.Build.0 = Release|Win32
		{2E24BF1A-C960-4011-8EBB-DBFAFB82DD83}.Debug|x64.ActiveCfg = Debug|x64
		{2E24BF1A-C960-4011-8EBB-DBFAFB82DD83}.Debug|x64.Build.0 = Debug|x64
		{2E24BF1A-C960-4011-8EBB-DBFAFB82DD83}.Debug|x86.ActiveCfg = Debug|Win32
		{2E24BF1A-C960-4011-8EBB-DBFAFB82DD83}.Debug|x86.Build.0 = Debug|Win32
		{2E24BF1A-C960-4011-8EBB-DBFAFB82DD83}.Release|x64.ActiveCfg = Release|x64
		{2E24BF1A-C960-4011-8EBB-DBFAFB82DD83}.Release|x64.Build.0 = Release|x64
		{2E24BF1A-C960-4011-8EBB-DBFAFB82DD83}.Release|x86.ActiveCfg = Release|Win32
		{2E24BF1A-C960-4011-8EBB-DBFAFB82DD83}.Release|x86.Build.0 = Release|Win32
		{9898E206-86FE-448C-B242-B7293E786A07}.Debug|x64.ActiveCfg = Debug|x64
		{9898E206-86FE-448C-B242-B7293E786A07}.Debug|x64.Build.0 = Debug|x64
		{9898E206-86FE-448C-B242-B7293E786A07}.Debug|x86.ActiveCfg = Debug|Win32
		{9898E206-86FE-448C-B242-B7293E786A07}.Debug|x86.Build.0 = Debug|Win32
		{9898E206-86FE-448C-B242-B7293E786A07}.Release|x64.ActiveCfg = Release|x64
		{9898E206-86FE-448C-B242-B7293E786A07}.Release|x64.Build.0 = Release|x64
		{9898E206-86FE-448C-B242-B7293E786A07}.Release|x86.ActiveCfg = Release|Win32
		{9898E206-86FE-448C-B242-B7293E786A07}.Release|x86.Build.0 = Release|Win32
		{9C947C87-D242-4CD2-8943-D1159E6F32F1}.Debug|x64.ActiveCfg = Debug|x64
		{9C947C87-D242-4CD2-8943-D1159E6F32F1}.Debug|x64.Build.0 = Debug|x64
		{9C947C87-D242-4CD2-8943-D1159E6F32F1}.Debug|x86.ActiveCfg = Debug|Win32
		{9C947C87-D242-4CD2-8943-D1159E6F32F1}.Debug|x86.Build.0 = Debug|Win32
		{9C947C87-D242-4CD2-8943-D1159E6F32F1}.Release|x64.ActiveCfg = Release|x64
		{9C947C87-D242-4CD2-8943-D1159E6F32F1}.Release|x64.Build.0 = Release|x64
		{9C947C87-D242-4CD2-8943-D1159E6F32F1}.Release|x86.ActiveCfg = Release|Win32
		{9C947C87-D242-4CD2-8943-D1159E6F32F1}.Release|x86.Build.0 = Release|Win32
		{5209DBC4-5662-4A3E-ABCE-0902A56D9E08}.Debug|x64.ActiveCfg = Debug|x64
		{5209DBC4-5662-4A3E-ABCE-0902A56D9E08}.Debug|x64.Build.0 = Debug|x64
		{5209DBC4-5662-4A3E-ABCE-0902A56D9E08}.Debug|x86.ActiveCfg = Debug|Win32
		{5209DBC4-5662-4A3E-ABCE-0902A56D9E08}.Debug|x86.Build.0 = Debug|Win32
		{5209DBC4-5662-4A3E-ABCE-0902A56D9E08}.Release|x64.ActiveCfg = Release|x64
		{5209DBC4-5662-4A3E-ABCE-0902A56D9E08}.Release|x64.Build.0 = Release|x64
		{5209DBC4-5662-4A3E-ABCE-0902A56D9E08}.Release|x86.ActiveCfg = Release|Win32
		{5209DBC4-5662-4A3E-ABCE-0902A56D9E08}.Release|x86.Build.0 = Release|Win32
		{C69AAEB0-E227-4F34-B5D0-304F987D880D}.Debug|x64.ActiveCfg = Debug|x64
		{C69AAEB0-E227-4F34-B5D0-304F987D880D}.Debug|x64.Build.0 = Debug|x64
		{C69AAEB0-E227-4F34-B5D0-304F987D880D}.Debug|x86.ActiveCfg = Debug|Win32
		{C69AAEB0-E227-4F34-B5D0-304F987D880D}.Debug|x86.Build.0 = Debug|Win32
		{C69AAEB0-E227-4F34-B5D0-304F987D880D}.Release|x64.ActiveCfg = Release|x64
		{C69AAEB0-E227-4F34-B5D0-304F987D880D}.Release|x64.Build.0 = Release|x64
		{C69AAEB0-E227-4F34-B5D0-304F987D880D}.Release|x86.ActiveCfg = Release|Win32
		{C69AAEB0-E227-4F34-B5D0-304F987D880D}.Release|x86.Build.0 = Release|Win32
		{D956B859-6288-4EC3-813C-CEF18A8D97B5}.Debug|x64.ActiveCfg = Debug|x64
		{D956B859-6288-4EC3-813C-CEF18A8D97B5}.Debug|x64.Build.0 = Debug|x64
		{D956B859-6288-4EC3-813C-CEF18A8D97B5}.Debug|x86.ActiveCfg = Debug|Win32
		{D956B859-6288-4EC3-813C-CEF18A8D97B5}.Debug|x86.Build.0 = Debug|Win32
		{D956B859-6288-4EC3-813C-CEF18A8D97B5}.Release|x64.ActiveCfg = Release|x64
		{D956B859-6288-4EC3-813C-CEF18A8D97B5}.Release|x64.Build.0 = Release|x64
		{D956B859-6288-4EC3-813C-CEF18A8D97B5}.Release|x86.ActiveCfg = Release|Win32
		{D956B859-6288-4EC3-813C-CEF18A8D97B5}.Release|x86.Build.0 = Release|Win32
		{879B1FAD-1A2E-46A2-9A6D-B57EBA701A25}.Debug|x64.ActiveCfg = Debug|x64
		{879B1FAD-1A2E-46A2-9A6D-B57EBA701A25}.Debug|x64.Build.0 = Debug|x64
		{879B1FAD-1A2E-46A2-9A6D-B57EBA701A25}.Debug|x86.ActiveCfg = Debug|Win32
		{879B1FAD-1A2E-46A2-9A6D-B57EBA701A25}.Debug|x86.Build.0 = Debug|Win32
		{879B1FAD-1A2E-46A2-9A6D-B57EBA701A25}.Release|x64.ActiveCfg = Release|x64
		{879B1FAD-1A2E-46A2-9A6D-B57EBA701A25}.Release|x64.Build.0 = Release|x64
		{879B1FAD-1A2E-46A2-9A6D-B57EBA701A25}.Release|x86.ActiveCfg = Release|Win32
		{879B1FAD-1A2E-46A2-9A6D-B57EBA701A25}.Release|x86.Build.0 = Release|Win32
		{B3C7CF26-9839-4AC0-8150-CC3E0F7D7680}.Debug|x64.ActiveCfg = Debug|x64
		{B3C7CF26-9839-4AC0-8150-CC3E0F7D7680}.Debug|x64.Build.0 = Debug|x64
		{B3C7CF26-9839-4AC0-8150-CC3E0F7D7680}.Debug|x86.ActiveCfg = Debug|Win32
		{B3C7CF26-9839-4AC0-8150-CC3E0F7D7680}.Debug|x86.Build.0 = Debug|Win32
		{B3C7CF26-9839-4AC0-8150-CC3E0F7D7680}.Release|x64.ActiveCfg = Release|x64
		{B3C7CF26-9839-4AC0-8150-CC3E0F7D7680}.Release|x64.Build.0 = Release|x64
		{B3C7CF26-9839-4AC0-8150-CC3E0F7D7680}.Release|x86.ActiveCfg = Release|Win32
		{B3C7CF26-9839-4AC0-8150-CC3E0F7D7680}.Release|x86.Build.0 = Release|Win32
		{E4D6F1F8-1158-4A9B-AE19-2A98645E9E49}.Debug|x64.ActiveCfg = Debug|x64
		{E4D6F1F8-1158-4A9B-AE19-2A98645E9E49}.Debug|x64.Build.0 = Debug|x64
		{E4D6F1F8-1158-4A9B-AE19-2A98645E9E49}.Debug|x86.ActiveCfg = Debug|Win32
		{E4D6F1F8-1158-4A9B-AE19-2A98645E9E49}.Debug|x86.Build.0 = Debug|Win32
		{E4D6F1F8-1158-4A9B-AE19-2A98645E9E49}.Release|x64.ActiveCfg = Release|x64
		{E4D6F1F8-1158-4A9B-AE19-2A98645E9E49}.Release|x64.Build.0 = Release|x64
		{E4D6F1F8-1158-4A9B-AE19-2A98645E9E49}.Release|x86.ActiveCfg = Release|Win32
		{E4D6F1F8-1158-4A9B-AE19-2A98645E9E49}.Release|x86.Build.0 = Release|Win32
		{9E7CF3A0-3855-446B-B0E8-59C88C11336E}.Debug|x64.ActiveCfg = Debug|x64
		{9E7CF3A0-3855-446B-B0E8-59C88C11336E}.Debug|x64.Build.0 = Debug|x64
		{9E7CF3A0-3855-446B-B0E8-59C88C11336E}.Debug|x86.ActiveCfg = Debug|Win32
		{9E7CF3A0-3855-446B-B0E8-59C88C11336E}.Debug|x86.Build.0 = Debug|Win32
		{9E7CF3A0-3855-446B-B0E8-59C88C11336E}.Release|x64.ActiveCfg = Release|x64
		{9E7CF3A0-3855-446B-B0E8-59C88C11336E}.Release|x64.Build.0 = Release|x64
		{9E7CF3A0-3855-446B-B0E8-59C88C11336E}.Release|x86.ActiveCfg = Release|Win32
		{9E7CF3A0-3855-446B-B0E8-59C88C11336E}.Release|x86.Build.0 = Release|Win32
		{0715A9C0-DB61-4C84-98FA-398EEFBB47CC}.Debug|x64.ActiveCfg = Debug|x64
		{0715A9C0-DB61-4C84-98FA-398EEFBB47CC}.Debug|x64.Build.0 = Debug|x64
		{0715A9C0-DB61-4C84-98FA-398EEFBB47CC}.Debug|x86.ActiveCfg = Debug|Win32
		{0715A9C0-DB61-4C84-98FA-398EEFBB47CC}.Debug|x86.Build.0 = Debug|Win32
		{0715A9C0-DB61-4C84-98FA-398EEFBB47CC}.Release|x64.ActiveCfg = Release|x64
		{0715A9C0-DB61-4C84-98FA-398EEFBB47CC}.Release|x64.Build.0 = Release|x64
		{0715A9C0-DB61-4C84-98FA-398EEFBB47CC}.Release|x86.ActiveCfg = Release|Win32
		{0715A9C0-DB61-4C84-98FA-398EEFBB47CC}.Release|x86.Build.0 = Release|Win32
		{B2F94DA6-E1D8-45E4-840C-CDEACCC03F5B}.Debug|x64.ActiveCfg = Debug|x64
		{B2F94DA6-E1D8-45E4-840C-CDEACCC03F5B}.Debug|x64.Build.0 = Debug|x64
		{B2F94DA6-E1D8-45E4-840C-CDEACCC03F5B}.Debug|x86.ActiveCfg = Debug|Win32
		{B2F94DA6-E1D8-45E4-840C-CDEACCC03F5B}.Debug|x86.Build.0 = Debug|Win32
		{B2F94DA6-E1D8-45E4-840C-CDEACCC03F5B}.Release|x64.ActiveCfg = Release|x64
		{B2F94DA6-E1D8-45E4-840C-CDEACCC03F5B}.Release|x64.Build.0 = Release|x64
		{B2F94DA6-E1D8-45E4-840C-CDEACCC03F5B}.Release|x86.ActiveCfg = Release|Win32
		{B2F94DA6-E1D8-45E4-840C-CDEACCC03F5B}.Release|x86.Build.0 = Release|Win32
	EndGlobalSection
	GlobalSection(SolutionProperties) = preSolution
		HideSolutionNode = FALSE
	EndGlobalSection
	GlobalSection(ExtensibilityGlobals) = postSolution
		SolutionGuid = {8F61E566-997B-485D-A093-4C11BC31E058}
	EndGlobalSection
EndGlobal
