
Microsoft Visual Studio Solution File, Format Version 12.00
# Visual Studio 15
VisualStudioVersion = 15.0.28307.1525
MinimumVisualStudioVersion = 10.0.40219.1
Project("{8BC9CEB8-8B4A-11D0-8D11-00A0C91BC942}") = "InheritAssignOperation", "InheritAssignOperation\InheritAssignOperation.vcxproj", "{2838A6D5-6A0B-4855-B6E5-BE4118F5360A}"
EndProject
Global
	GlobalSection(SolutionConfigurationPlatforms) = preSolution
		Debug|x64 = Debug|x64
		Debug|x86 = Debug|x86
		Release|x64 = Release|x64
		Release|x86 = Release|x86
	EndGlobalSection
	GlobalSection(ProjectConfigurationPlatforms) = postSolution
		{2838A6D5-6A0B-4855-B6E5-BE4118F5360A}.Debug|x64.ActiveCfg = Debug|x64
		{2838A6D5-6A0B-4855-B6E5-BE4118F5360A}.Debug|x64.Build.0 = Debug|x64
		{2838A6D5-6A0B-4855-B6E5-BE4118F5360A}.Debug|x86.ActiveCfg = Debug|Win32
		{2838A6D5-6A0B-4855-B6E5-BE4118F5360A}.Debug|x86.Build.0 = Debug|Win32
		{2838A6D5-6A0B-4855-B6E5-BE4118F5360A}.Release|x64.ActiveCfg = Release|x64
		{2838A6D5-6A0B-4855-B6E5-BE4118F5360A}.Release|x64.Build.0 = Release|x64
		{2838A6D5-6A0B-4855-B6E5-BE4118F5360A}.Release|x86.ActiveCfg = Release|Win32
		{2838A6D5-6A0B-4855-B6E5-BE4118F5360A}.Release|x86.Build.0 = Release|Win32
	EndGlobalSection
	GlobalSection(SolutionProperties) = preSolution
		HideSolutionNode = FALSE
	EndGlobalSection
	GlobalSection(ExtensibilityGlobals) = postSolution
		SolutionGuid = {7AFAF65D-080C-462B-902E-A50D94B493EF}
	EndGlobalSection
EndGlobal
