
Microsoft Visual Studio Solution File, Format Version 12.00
# Visual Studio 15
VisualStudioVersion = 15.0.28307.1525
MinimumVisualStudioVersion = 10.0.40219.1
Project("{8BC9CEB8-8B4A-11D0-8D11-00A0C91BC942}") = "BankingSystemV1.0", "BankingSystemV1.0\BankingSystemV1.0.vcxproj", "{7C6ACB68-F476-4758-A0A7-102BACC15CFF}"
EndProject
Global
	GlobalSection(SolutionConfigurationPlatforms) = preSolution
		Debug|x64 = Debug|x64
		Debug|x86 = Debug|x86
		Release|x64 = Release|x64
		Release|x86 = Release|x86
	EndGlobalSection
	GlobalSection(ProjectConfigurationPlatforms) = postSolution
		{7C6ACB68-F476-4758-A0A7-102BACC15CFF}.Debug|x64.ActiveCfg = Debug|x64
		{7C6ACB68-F476-4758-A0A7-102BACC15CFF}.Debug|x64.Build.0 = Debug|x64
		{7C6ACB68-F476-4758-A0A7-102BACC15CFF}.Debug|x86.ActiveCfg = Debug|Win32
		{7C6ACB68-F476-4758-A0A7-102BACC15CFF}.Debug|x86.Build.0 = Debug|Win32
		{7C6ACB68-F476-4758-A0A7-102BACC15CFF}.Release|x64.ActiveCfg = Release|x64
		{7C6ACB68-F476-4758-A0A7-102BACC15CFF}.Release|x64.Build.0 = Release|x64
		{7C6ACB68-F476-4758-A0A7-102BACC15CFF}.Release|x86.ActiveCfg = Release|Win32
		{7C6ACB68-F476-4758-A0A7-102BACC15CFF}.Release|x86.Build.0 = Release|Win32
	EndGlobalSection
	GlobalSection(SolutionProperties) = preSolution
		HideSolutionNode = FALSE
	EndGlobalSection
	GlobalSection(ExtensibilityGlobals) = postSolution
		SolutionGuid = {424B4969-8A7C-42FB-9BEE-E2393593A4D6}
	EndGlobalSection
EndGlobal
