
Microsoft Visual Studio Solution File, Format Version 12.00
# Visual Studio 15
VisualStudioVersion = 15.0.28307.1525
MinimumVisualStudioVersion = 10.0.40219.1
Project("{8BC9CEB8-8B4A-11D0-8D11-00A0C91BC942}") = "SelfRef", "SelfRef\SelfRef.vcxproj", "{53CACEF8-E9B1-4B99-B554-1C3F9DC18C18}"
EndProject
Global
	GlobalSection(SolutionConfigurationPlatforms) = preSolution
		Debug|x64 = Debug|x64
		Debug|x86 = Debug|x86
		Release|x64 = Release|x64
		Release|x86 = Release|x86
	EndGlobalSection
	GlobalSection(ProjectConfigurationPlatforms) = postSolution
		{53CACEF8-E9B1-4B99-B554-1C3F9DC18C18}.Debug|x64.ActiveCfg = Debug|x64
		{53CACEF8-E9B1-4B99-B554-1C3F9DC18C18}.Debug|x64.Build.0 = Debug|x64
		{53CACEF8-E9B1-4B99-B554-1C3F9DC18C18}.Debug|x86.ActiveCfg = Debug|Win32
		{53CACEF8-E9B1-4B99-B554-1C3F9DC18C18}.Debug|x86.Build.0 = Debug|Win32
		{53CACEF8-E9B1-4B99-B554-1C3F9DC18C18}.Release|x64.ActiveCfg = Release|x64
		{53CACEF8-E9B1-4B99-B554-1C3F9DC18C18}.Release|x64.Build.0 = Release|x64
		{53CACEF8-E9B1-4B99-B554-1C3F9DC18C18}.Release|x86.ActiveCfg = Release|Win32
		{53CACEF8-E9B1-4B99-B554-1C3F9DC18C18}.Release|x86.Build.0 = Release|Win32
	EndGlobalSection
	GlobalSection(SolutionProperties) = preSolution
		HideSolutionNode = FALSE
	EndGlobalSection
	GlobalSection(ExtensibilityGlobals) = postSolution
		SolutionGuid = {F75CE6D4-8F8D-45A3-BA5C-475A5DE1A5E2}
	EndGlobalSection
EndGlobal
