
Microsoft Visual Studio Solution File, Format Version 12.00
# Visual Studio 15
VisualStudioVersion = 15.0.28307.1525
MinimumVisualStudioVersion = 10.0.40219.1
Project("{8BC9CEB8-8B4A-11D0-8D11-00A0C91BC942}") = "BankingSystemVer10", "BankingSystemVer10\BankingSystemVer10.vcxproj", "{8822FA16-823B-4E0E-99FF-213A5A4D9F35}"
EndProject
Global
	GlobalSection(SolutionConfigurationPlatforms) = preSolution
		Debug|x64 = Debug|x64
		Debug|x86 = Debug|x86
		Release|x64 = Release|x64
		Release|x86 = Release|x86
	EndGlobalSection
	GlobalSection(ProjectConfigurationPlatforms) = postSolution
		{8822FA16-823B-4E0E-99FF-213A5A4D9F35}.Debug|x64.ActiveCfg = Debug|x64
		{8822FA16-823B-4E0E-99FF-213A5A4D9F35}.Debug|x64.Build.0 = Debug|x64
		{8822FA16-823B-4E0E-99FF-213A5A4D9F35}.Debug|x86.ActiveCfg = Debug|Win32
		{8822FA16-823B-4E0E-99FF-213A5A4D9F35}.Debug|x86.Build.0 = Debug|Win32
		{8822FA16-823B-4E0E-99FF-213A5A4D9F35}.Release|x64.ActiveCfg = Release|x64
		{8822FA16-823B-4E0E-99FF-213A5A4D9F35}.Release|x64.Build.0 = Release|x64
		{8822FA16-823B-4E0E-99FF-213A5A4D9F35}.Release|x86.ActiveCfg = Release|Win32
		{8822FA16-823B-4E0E-99FF-213A5A4D9F35}.Release|x86.Build.0 = Release|Win32
	EndGlobalSection
	GlobalSection(SolutionProperties) = preSolution
		HideSolutionNode = FALSE
	EndGlobalSection
	GlobalSection(ExtensibilityGlobals) = postSolution
		SolutionGuid = {9909470F-E52B-4F1A-9C49-14447DC25C11}
	EndGlobalSection
EndGlobal
