
Microsoft Visual Studio Solution File, Format Version 12.00
# Visual Studio 15
VisualStudioVersion = 15.0.28307.1758
MinimumVisualStudioVersion = 10.0.40219.1
Project("{8BC9CEB8-8B4A-11D0-8D11-00A0C91BC942}") = "Listing07_01", "Listing07_01\Listing07_01.vcxproj", "{A85A889B-6885-4EFF-B150-C72633DA3F4B}"
EndProject
Project("{8BC9CEB8-8B4A-11D0-8D11-00A0C91BC942}") = "Listing07_02", "Listing07_02\Listing07_02.vcxproj", "{43E7D688-A67C-40A6-B595-CE1367707238}"
EndProject
Project("{8BC9CEB8-8B4A-11D0-8D11-00A0C91BC942}") = "Listing07_03", "Listing07_03\Listing07_03.vcxproj", "{0967046B-91CC-47EC-8BF5-27D8E75ACE67}"
EndProject
Project("{8BC9CEB8-8B4A-11D0-8D11-00A0C91BC942}") = "Listing07_04", "Listing07_04\Listing07_04.vcxproj", "{9EA6DDCA-B9F8-43FD-A004-17D8762F455F}"
EndProject
Project("{8BC9CEB8-8B4A-11D0-8D11-00A0C91BC942}") = "Listing07_05", "Listing07_05\Listing07_05.vcxproj", "{4ABD7CDB-5888-4495-8C0C-7ACEE8D94867}"
EndProject
Project("{8BC9CEB8-8B4A-11D0-8D11-00A0C91BC942}") = "Listing07_06", "Listing07_06\Listing07_06.vcxproj", "{65D5F5F2-098F-4394-A8AD-BA305DD18393}"
EndProject
Project("{8BC9CEB8-8B4A-11D0-8D11-00A0C91BC942}") = "Listing07_07", "Listing07_07\Listing07_07.vcxproj", "{BD544096-FDE9-4C14-9867-E2B441F270DB}"
EndProject
Project("{8BC9CEB8-8B4A-11D0-8D11-00A0C91BC942}") = "Listing07_08", "Listing07_08\Listing07_08.vcxproj", "{1B13B5AC-3206-4F58-AF3D-F7F5E247121F}"
EndProject
Project("{8BC9CEB8-8B4A-11D0-8D11-00A0C91BC942}") = "Listing07_09", "Listing07_09\Listing07_09.vcxproj", "{425485DA-B885-4674-A3DA-992B7370DBC3}"
EndProject
Project("{8BC9CEB8-8B4A-11D0-8D11-00A0C91BC942}") = "Listing07_10", "Listing07_10\Listing07_10.vcxproj", "{4524AECB-8FF5-4BBE-8D75-63A32C9AF889}"
EndProject
Project("{8BC9CEB8-8B4A-11D0-8D11-00A0C91BC942}") = "Listing07_11", "Listing07_11\Listing07_11.vcxproj", "{CAB0C657-8FEA-4C8D-B018-1D95A5A4BAAA}"
EndProject
Project("{8BC9CEB8-8B4A-11D0-8D11-00A0C91BC942}") = "Listing07_12", "Listing07_12\Listing07_12.vcxproj", "{D5696639-45FF-4D86-8F94-422249D67A4E}"
EndProject
Project("{8BC9CEB8-8B4A-11D0-8D11-00A0C91BC942}") = "Listing07_13", "Listing07_13\Listing07_13.vcxproj", "{8B1F90F5-B454-4D66-84DB-204662D255DC}"
EndProject
Project("{8BC9CEB8-8B4A-11D0-8D11-00A0C91BC942}") = "Listing07_14", "Listing07_14\Listing07_14.vcxproj", "{919C5D91-D298-4CC0-9849-8779A7BC312F}"
EndProject
Project("{8BC9CEB8-8B4A-11D0-8D11-00A0C91BC942}") = "Listing07_15", "Listing07_15\Listing07_15.vcxproj", "{C3C7CC1B-F5AA-4C52-91F8-778BEC6F1A29}"
EndProject
Project("{8BC9CEB8-8B4A-11D0-8D11-00A0C91BC942}") = "Listing07_16", "Listing07_16\Listing07_16.vcxproj", "{617832DD-B3CD-424D-B720-FD1824CB03FF}"
EndProject
Project("{8BC9CEB8-8B4A-11D0-8D11-00A0C91BC942}") = "Listing07_17", "Listing07_17\Listing07_17.vcxproj", "{BFE2217C-1F88-401F-BE3B-9BBE55476537}"
EndProject
Project("{8BC9CEB8-8B4A-11D0-8D11-00A0C91BC942}") = "Listing07_18", "Listing07_18\Listing07_18.vcxproj", "{AA86FC15-A45D-4E91-A620-F31FC66B9EB8}"
EndProject
Project("{8BC9CEB8-8B4A-11D0-8D11-00A0C91BC942}") = "Listing07_19", "Listing07_19\Listing07_19.vcxproj", "{EA6D279C-415E-4BFA-897C-370D7E205D38}"
EndProject
Global
	GlobalSection(SolutionConfigurationPlatforms) = preSolution
		Debug|x64 = Debug|x64
		Debug|x86 = Debug|x86
		Release|x64 = Release|x64
		Release|x86 = Release|x86
	EndGlobalSection
	GlobalSection(ProjectConfigurationPlatforms) = postSolution
		{A85A889B-6885-4EFF-B150-C72633DA3F4B}.Debug|x64.ActiveCfg = Debug|x64
		{A85A889B-6885-4EFF-B150-C72633DA3F4B}.Debug|x64.Build.0 = Debug|x64
		{A85A889B-6885-4EFF-B150-C72633DA3F4B}.Debug|x86.ActiveCfg = Debug|Win32
		{A85A889B-6885-4EFF-B150-C72633DA3F4B}.Debug|x86.Build.0 = Debug|Win32
		{A85A889B-6885-4EFF-B150-C72633DA3F4B}.Release|x64.ActiveCfg = Release|x64
		{A85A889B-6885-4EFF-B150-C72633DA3F4B}.Release|x64.Build.0 = Release|x64
		{A85A889B-6885-4EFF-B150-C72633DA3F4B}.Release|x86.ActiveCfg = Release|Win32
		{A85A889B-6885-4EFF-B150-C72633DA3F4B}.Release|x86.Build.0 = Release|Win32
		{43E7D688-A67C-40A6-B595-CE1367707238}.Debug|x64.ActiveCfg = Debug|x64
		{43E7D688-A67C-40A6-B595-CE1367707238}.Debug|x64.Build.0 = Debug|x64
		{43E7D688-A67C-40A6-B595-CE1367707238}.Debug|x86.ActiveCfg = Debug|Win32
		{43E7D688-A67C-40A6-B595-CE1367707238}.Debug|x86.Build.0 = Debug|Win32
		{43E7D688-A67C-40A6-B595-CE1367707238}.Release|x64.ActiveCfg = Release|x64
		{43E7D688-A67C-40A6-B595-CE1367707238}.Release|x64.Build.0 = Release|x64
		{43E7D688-A67C-40A6-B595-CE1367707238}.Release|x86.ActiveCfg = Release|Win32
		{43E7D688-A67C-40A6-B595-CE1367707238}.Release|x86.Build.0 = Release|Win32
		{0967046B-91CC-47EC-8BF5-27D8E75ACE67}.Debug|x64.ActiveCfg = Debug|x64
		{0967046B-91CC-47EC-8BF5-27D8E75ACE67}.Debug|x64.Build.0 = Debug|x64
		{0967046B-91CC-47EC-8BF5-27D8E75ACE67}.Debug|x86.ActiveCfg = Debug|Win32
		{0967046B-91CC-47EC-8BF5-27D8E75ACE67}.Debug|x86.Build.0 = Debug|Win32
		{0967046B-91CC-47EC-8BF5-27D8E75ACE67}.Release|x64.ActiveCfg = Release|x64
		{0967046B-91CC-47EC-8BF5-27D8E75ACE67}.Release|x64.Build.0 = Release|x64
		{0967046B-91CC-47EC-8BF5-27D8E75ACE67}.Release|x86.ActiveCfg = Release|Win32
		{0967046B-91CC-47EC-8BF5-27D8E75ACE67}.Release|x86.Build.0 = Release|Win32
		{9EA6DDCA-B9F8-43FD-A004-17D8762F455F}.Debug|x64.ActiveCfg = Debug|x64
		{9EA6DDCA-B9F8-43FD-A004-17D8762F455F}.Debug|x64.Build.0 = Debug|x64
		{9EA6DDCA-B9F8-43FD-A004-17D8762F455F}.Debug|x86.ActiveCfg = Debug|Win32
		{9EA6DDCA-B9F8-43FD-A004-17D8762F455F}.Debug|x86.Build.0 = Debug|Win32
		{9EA6DDCA-B9F8-43FD-A004-17D8762F455F}.Release|x64.ActiveCfg = Release|x64
		{9EA6DDCA-B9F8-43FD-A004-17D8762F455F}.Release|x64.Build.0 = Release|x64
		{9EA6DDCA-B9F8-43FD-A004-17D8762F455F}.Release|x86.ActiveCfg = Release|Win32
		{9EA6DDCA-B9F8-43FD-A004-17D8762F455F}.Release|x86.Build.0 = Release|Win32
		{4ABD7CDB-5888-4495-8C0C-7ACEE8D94867}.Debug|x64.ActiveCfg = Debug|x64
		{4ABD7CDB-5888-4495-8C0C-7ACEE8D94867}.Debug|x64.Build.0 = Debug|x64
		{4ABD7CDB-5888-4495-8C0C-7ACEE8D94867}.Debug|x86.ActiveCfg = Debug|Win32
		{4ABD7CDB-5888-4495-8C0C-7ACEE8D94867}.Debug|x86.Build.0 = Debug|Win32
		{4ABD7CDB-5888-4495-8C0C-7ACEE8D94867}.Release|x64.ActiveCfg = Release|x64
		{4ABD7CDB-5888-4495-8C0C-7ACEE8D94867}.Release|x64.Build.0 = Release|x64
		{4ABD7CDB-5888-4495-8C0C-7ACEE8D94867}.Release|x86.ActiveCfg = Release|Win32
		{4ABD7CDB-5888-4495-8C0C-7ACEE8D94867}.Release|x86.Build.0 = Release|Win32
		{65D5F5F2-098F-4394-A8AD-BA305DD18393}.Debug|x64.ActiveCfg = Debug|x64
		{65D5F5F2-098F-4394-A8AD-BA305DD18393}.Debug|x64.Build.0 = Debug|x64
		{65D5F5F2-098F-4394-A8AD-BA305DD18393}.Debug|x86.ActiveCfg = Debug|Win32
		{65D5F5F2-098F-4394-A8AD-BA305DD18393}.Debug|x86.Build.0 = Debug|Win32
		{65D5F5F2-098F-4394-A8AD-BA305DD18393}.Release|x64.ActiveCfg = Release|x64
		{65D5F5F2-098F-4394-A8AD-BA305DD18393}.Release|x64.Build.0 = Release|x64
		{65D5F5F2-098F-4394-A8AD-BA305DD18393}.Release|x86.ActiveCfg = Release|Win32
		{65D5F5F2-098F-4394-A8AD-BA305DD18393}.Release|x86.Build.0 = Release|Win32
		{BD544096-FDE9-4C14-9867-E2B441F270DB}.Debug|x64.ActiveCfg = Debug|x64
		{BD544096-FDE9-4C14-9867-E2B441F270DB}.Debug|x64.Build.0 = Debug|x64
		{BD544096-FDE9-4C14-9867-E2B441F270DB}.Debug|x86.ActiveCfg = Debug|Win32
		{BD544096-FDE9-4C14-9867-E2B441F270DB}.Debug|x86.Build.0 = Debug|Win32
		{BD544096-FDE9-4C14-9867-E2B441F270DB}.Release|x64.ActiveCfg = Release|x64
		{BD544096-FDE9-4C14-9867-E2B441F270DB}.Release|x64.Build.0 = Release|x64
		{BD544096-FDE9-4C14-9867-E2B441F270DB}.Release|x86.ActiveCfg = Release|Win32
		{BD544096-FDE9-4C14-9867-E2B441F270DB}.Release|x86.Build.0 = Release|Win32
		{1B13B5AC-3206-4F58-AF3D-F7F5E247121F}.Debug|x64.ActiveCfg = Debug|x64
		{1B13B5AC-3206-4F58-AF3D-F7F5E247121F}.Debug|x64.Build.0 = Debug|x64
		{1B13B5AC-3206-4F58-AF3D-F7F5E247121F}.Debug|x86.ActiveCfg = Debug|Win32
		{1B13B5AC-3206-4F58-AF3D-F7F5E247121F}.Debug|x86.Build.0 = Debug|Win32
		{1B13B5AC-3206-4F58-AF3D-F7F5E247121F}.Release|x64.ActiveCfg = Release|x64
		{1B13B5AC-3206-4F58-AF3D-F7F5E247121F}.Release|x64.Build.0 = Release|x64
		{1B13B5AC-3206-4F58-AF3D-F7F5E247121F}.Release|x86.ActiveCfg = Release|Win32
		{1B13B5AC-3206-4F58-AF3D-F7F5E247121F}.Release|x86.Build.0 = Release|Win32
		{425485DA-B885-4674-A3DA-992B7370DBC3}.Debug|x64.ActiveCfg = Debug|x64
		{425485DA-B885-4674-A3DA-992B7370DBC3}.Debug|x64.Build.0 = Debug|x64
		{425485DA-B885-4674-A3DA-992B7370DBC3}.Debug|x86.ActiveCfg = Debug|Win32
		{425485DA-B885-4674-A3DA-992B7370DBC3}.Debug|x86.Build.0 = Debug|Win32
		{425485DA-B885-4674-A3DA-992B7370DBC3}.Release|x64.ActiveCfg = Release|x64
		{425485DA-B885-4674-A3DA-992B7370DBC3}.Release|x64.Build.0 = Release|x64
		{425485DA-B885-4674-A3DA-992B7370DBC3}.Release|x86.ActiveCfg = Release|Win32
		{425485DA-B885-4674-A3DA-992B7370DBC3}.Release|x86.Build.0 = Release|Win32
		{4524AECB-8FF5-4BBE-8D75-63A32C9AF889}.Debug|x64.ActiveCfg = Debug|x64
		{4524AECB-8FF5-4BBE-8D75-63A32C9AF889}.Debug|x64.Build.0 = Debug|x64
		{4524AECB-8FF5-4BBE-8D75-63A32C9AF889}.Debug|x86.ActiveCfg = Debug|Win32
		{4524AECB-8FF5-4BBE-8D75-63A32C9AF889}.Debug|x86.Build.0 = Debug|Win32
		{4524AECB-8FF5-4BBE-8D75-63A32C9AF889}.Release|x64.ActiveCfg = Release|x64
		{4524AECB-8FF5-4BBE-8D75-63A32C9AF889}.Release|x64.Build.0 = Release|x64
		{4524AECB-8FF5-4BBE-8D75-63A32C9AF889}.Release|x86.ActiveCfg = Release|Win32
		{4524AECB-8FF5-4BBE-8D75-63A32C9AF889}.Release|x86.Build.0 = Release|Win32
		{CAB0C657-8FEA-4C8D-B018-1D95A5A4BAAA}.Debug|x64.ActiveCfg = Debug|x64
		{CAB0C657-8FEA-4C8D-B018-1D95A5A4BAAA}.Debug|x64.Build.0 = Debug|x64
		{CAB0C657-8FEA-4C8D-B018-1D95A5A4BAAA}.Debug|x86.ActiveCfg = Debug|Win32
		{CAB0C657-8FEA-4C8D-B018-1D95A5A4BAAA}.Debug|x86.Build.0 = Debug|Win32
		{CAB0C657-8FEA-4C8D-B018-1D95A5A4BAAA}.Release|x64.ActiveCfg = Release|x64
		{CAB0C657-8FEA-4C8D-B018-1D95A5A4BAAA}.Release|x64.Build.0 = Release|x64
		{CAB0C657-8FEA-4C8D-B018-1D95A5A4BAAA}.Release|x86.ActiveCfg = Release|Win32
		{CAB0C657-8FEA-4C8D-B018-1D95A5A4BAAA}.Release|x86.Build.0 = Release|Win32
		{D5696639-45FF-4D86-8F94-422249D67A4E}.Debug|x64.ActiveCfg = Debug|x64
		{D5696639-45FF-4D86-8F94-422249D67A4E}.Debug|x64.Build.0 = Debug|x64
		{D5696639-45FF-4D86-8F94-422249D67A4E}.Debug|x86.ActiveCfg = Debug|Win32
		{D5696639-45FF-4D86-8F94-422249D67A4E}.Debug|x86.Build.0 = Debug|Win32
		{D5696639-45FF-4D86-8F94-422249D67A4E}.Release|x64.ActiveCfg = Release|x64
		{D5696639-45FF-4D86-8F94-422249D67A4E}.Release|x64.Build.0 = Release|x64
		{D5696639-45FF-4D86-8F94-422249D67A4E}.Release|x86.ActiveCfg = Release|Win32
		{D5696639-45FF-4D86-8F94-422249D67A4E}.Release|x86.Build.0 = Release|Win32
		{8B1F90F5-B454-4D66-84DB-204662D255DC}.Debug|x64.ActiveCfg = Debug|x64
		{8B1F90F5-B454-4D66-84DB-204662D255DC}.Debug|x64.Build.0 = Debug|x64
		{8B1F90F5-B454-4D66-84DB-204662D255DC}.Debug|x86.ActiveCfg = Debug|Win32
		{8B1F90F5-B454-4D66-84DB-204662D255DC}.Debug|x86.Build.0 = Debug|Win32
		{8B1F90F5-B454-4D66-84DB-204662D255DC}.Release|x64.ActiveCfg = Release|x64
		{8B1F90F5-B454-4D66-84DB-204662D255DC}.Release|x64.Build.0 = Release|x64
		{8B1F90F5-B454-4D66-84DB-204662D255DC}.Release|x86.ActiveCfg = Release|Win32
		{8B1F90F5-B454-4D66-84DB-204662D255DC}.Release|x86.Build.0 = Release|Win32
		{919C5D91-D298-4CC0-9849-8779A7BC312F}.Debug|x64.ActiveCfg = Debug|x64
		{919C5D91-D298-4CC0-9849-8779A7BC312F}.Debug|x64.Build.0 = Debug|x64
		{919C5D91-D298-4CC0-9849-8779A7BC312F}.Debug|x86.ActiveCfg = Debug|Win32
		{919C5D91-D298-4CC0-9849-8779A7BC312F}.Debug|x86.Build.0 = Debug|Win32
		{919C5D91-D298-4CC0-9849-8779A7BC312F}.Release|x64.ActiveCfg = Release|x64
		{919C5D91-D298-4CC0-9849-8779A7BC312F}.Release|x64.Build.0 = Release|x64
		{919C5D91-D298-4CC0-9849-8779A7BC312F}.Release|x86.ActiveCfg = Release|Win32
		{919C5D91-D298-4CC0-9849-8779A7BC312F}.Release|x86.Build.0 = Release|Win32
		{C3C7CC1B-F5AA-4C52-91F8-778BEC6F1A29}.Debug|x64.ActiveCfg = Debug|x64
		{C3C7CC1B-F5AA-4C52-91F8-778BEC6F1A29}.Debug|x64.Build.0 = Debug|x64
		{C3C7CC1B-F5AA-4C52-91F8-778BEC6F1A29}.Debug|x86.ActiveCfg = Debug|Win32
		{C3C7CC1B-F5AA-4C52-91F8-778BEC6F1A29}.Debug|x86.Build.0 = Debug|Win32
		{C3C7CC1B-F5AA-4C52-91F8-778BEC6F1A29}.Release|x64.ActiveCfg = Release|x64
		{C3C7CC1B-F5AA-4C52-91F8-778BEC6F1A29}.Release|x64.Build.0 = Release|x64
		{C3C7CC1B-F5AA-4C52-91F8-778BEC6F1A29}.Release|x86.ActiveCfg = Release|Win32
		{C3C7CC1B-F5AA-4C52-91F8-778BEC6F1A29}.Release|x86.Build.0 = Release|Win32
		{617832DD-B3CD-424D-B720-FD1824CB03FF}.Debug|x64.ActiveCfg = Debug|x64
		{617832DD-B3CD-424D-B720-FD1824CB03FF}.Debug|x64.Build.0 = Debug|x64
		{617832DD-B3CD-424D-B720-FD1824CB03FF}.Debug|x86.ActiveCfg = Debug|Win32
		{617832DD-B3CD-424D-B720-FD1824CB03FF}.Debug|x86.Build.0 = Debug|Win32
		{617832DD-B3CD-424D-B720-FD1824CB03FF}.Release|x64.ActiveCfg = Release|x64
		{617832DD-B3CD-424D-B720-FD1824CB03FF}.Release|x64.Build.0 = Release|x64
		{617832DD-B3CD-424D-B720-FD1824CB03FF}.Release|x86.ActiveCfg = Release|Win32
		{617832DD-B3CD-424D-B720-FD1824CB03FF}.Release|x86.Build.0 = Release|Win32
		{BFE2217C-1F88-401F-BE3B-9BBE55476537}.Debug|x64.ActiveCfg = Debug|x64
		{BFE2217C-1F88-401F-BE3B-9BBE55476537}.Debug|x64.Build.0 = Debug|x64
		{BFE2217C-1F88-401F-BE3B-9BBE55476537}.Debug|x86.ActiveCfg = Debug|Win32
		{BFE2217C-1F88-401F-BE3B-9BBE55476537}.Debug|x86.Build.0 = Debug|Win32
		{BFE2217C-1F88-401F-BE3B-9BBE55476537}.Release|x64.ActiveCfg = Release|x64
		{BFE2217C-1F88-401F-BE3B-9BBE55476537}.Release|x64.Build.0 = Release|x64
		{BFE2217C-1F88-401F-BE3B-9BBE55476537}.Release|x86.ActiveCfg = Release|Win32
		{BFE2217C-1F88-401F-BE3B-9BBE55476537}.Release|x86.Build.0 = Release|Win32
		{AA86FC15-A45D-4E91-A620-F31FC66B9EB8}.Debug|x64.ActiveCfg = Debug|x64
		{AA86FC15-A45D-4E91-A620-F31FC66B9EB8}.Debug|x64.Build.0 = Debug|x64
		{AA86FC15-A45D-4E91-A620-F31FC66B9EB8}.Debug|x86.ActiveCfg = Debug|Win32
		{AA86FC15-A45D-4E91-A620-F31FC66B9EB8}.Debug|x86.Build.0 = Debug|Win32
		{AA86FC15-A45D-4E91-A620-F31FC66B9EB8}.Release|x64.ActiveCfg = Release|x64
		{AA86FC15-A45D-4E91-A620-F31FC66B9EB8}.Release|x64.Build.0 = Release|x64
		{AA86FC15-A45D-4E91-A620-F31FC66B9EB8}.Release|x86.ActiveCfg = Release|Win32
		{AA86FC15-A45D-4E91-A620-F31FC66B9EB8}.Release|x86.Build.0 = Release|Win32
		{EA6D279C-415E-4BFA-897C-370D7E205D38}.Debug|x64.ActiveCfg = Debug|x64
		{EA6D279C-415E-4BFA-897C-370D7E205D38}.Debug|x64.Build.0 = Debug|x64
		{EA6D279C-415E-4BFA-897C-370D7E205D38}.Debug|x86.ActiveCfg = Debug|Win32
		{EA6D279C-415E-4BFA-897C-370D7E205D38}.Debug|x86.Build.0 = Debug|Win32
		{EA6D279C-415E-4BFA-897C-370D7E205D38}.Release|x64.ActiveCfg = Release|x64
		{EA6D279C-415E-4BFA-897C-370D7E205D38}.Release|x64.Build.0 = Release|x64
		{EA6D279C-415E-4BFA-897C-370D7E205D38}.Release|x86.ActiveCfg = Release|Win32
		{EA6D279C-415E-4BFA-897C-370D7E205D38}.Release|x86.Build.0 = Release|Win32
	EndGlobalSection
	GlobalSection(SolutionProperties) = preSolution
		HideSolutionNode = FALSE
	EndGlobalSection
	GlobalSection(ExtensibilityGlobals) = postSolution
		SolutionGuid = {BA896D6A-9A89-4A30-BEF8-7E4AF73CACAC}
	EndGlobalSection
EndGlobal
