
Microsoft Visual Studio Solution File, Format Version 12.00
# Visual Studio 15
VisualStudioVersion = 15.0.28307.1525
MinimumVisualStudioVersion = 10.0.40219.1
Project("{8BC9CEB8-8B4A-11D0-8D11-00A0C91BC942}") = "FunctionOverride", "FunctionOverride\FunctionOverride.vcxproj", "{E66A620A-80D8-44BA-87F6-99D685C7AA57}"
EndProject
Global
	GlobalSection(SolutionConfigurationPlatforms) = preSolution
		Debug|x64 = Debug|x64
		Debug|x86 = Debug|x86
		Release|x64 = Release|x64
		Release|x86 = Release|x86
	EndGlobalSection
	GlobalSection(ProjectConfigurationPlatforms) = postSolution
		{E66A620A-80D8-44BA-87F6-99D685C7AA57}.Debug|x64.ActiveCfg = Debug|x64
		{E66A620A-80D8-44BA-87F6-99D685C7AA57}.Debug|x64.Build.0 = Debug|x64
		{E66A620A-80D8-44BA-87F6-99D685C7AA57}.Debug|x86.ActiveCfg = Debug|Win32
		{E66A620A-80D8-44BA-87F6-99D685C7AA57}.Debug|x86.Build.0 = Debug|Win32
		{E66A620A-80D8-44BA-87F6-99D685C7AA57}.Release|x64.ActiveCfg = Release|x64
		{E66A620A-80D8-44BA-87F6-99D685C7AA57}.Release|x64.Build.0 = Release|x64
		{E66A620A-80D8-44BA-87F6-99D685C7AA57}.Release|x86.ActiveCfg = Release|Win32
		{E66A620A-80D8-44BA-87F6-99D685C7AA57}.Release|x86.Build.0 = Release|Win32
	EndGlobalSection
	GlobalSection(SolutionProperties) = preSolution
		HideSolutionNode = FALSE
	EndGlobalSection
	GlobalSection(ExtensibilityGlobals) = postSolution
		SolutionGuid = {76894B6B-061F-4BE9-AAC1-725CA1F68384}
	EndGlobalSection
EndGlobal
