
Microsoft Visual Studio Solution File, Format Version 12.00
# Visual Studio 15
VisualStudioVersion = 15.0.28307.1758
MinimumVisualStudioVersion = 10.0.40219.1
Project("{8BC9CEB8-8B4A-11D0-8D11-00A0C91BC942}") = "Exercise01", "Exercise01\Exercise01.vcxproj", "{29BA617A-F6F1-40E1-8D69-6F4A4EE39A4E}"
EndProject
Project("{8BC9CEB8-8B4A-11D0-8D11-00A0C91BC942}") = "Exercise02", "Exercise02\Exercise02.vcxproj", "{B4631A4D-3164-4D3F-A018-3AA4A017106F}"
EndProject
Project("{8BC9CEB8-8B4A-11D0-8D11-00A0C91BC942}") = "Exercise03", "Exercise03\Exercise03.vcxproj", "{B659E114-2E24-43ED-BC0E-A201CCB34918}"
EndProject
Project("{8BC9CEB8-8B4A-11D0-8D11-00A0C91BC942}") = "Exercise04", "Exercise04\Exercise04.vcxproj", "{E0954AB7-AD64-4850-AEE8-600889D0A141}"
EndProject
Project("{8BC9CEB8-8B4A-11D0-8D11-00A0C91BC942}") = "Exercise05", "Exercise05\Exercise05.vcxproj", "{03C987AD-6A2F-4495-ABFC-1117F665A615}"
EndProject
Project("{8BC9CEB8-8B4A-11D0-8D11-00A0C91BC942}") = "Exercise06", "Exercise06\Exercise06.vcxproj", "{CDFEC72C-1631-46AA-ACE3-97EAC935ED3B}"
EndProject
Project("{8BC9CEB8-8B4A-11D0-8D11-00A0C91BC942}") = "Exercise07", "Exercise07\Exercise07.vcxproj", "{DA2D53B0-D1A6-42B6-A763-D3722A2E7471}"
EndProject
Project("{8BC9CEB8-8B4A-11D0-8D11-00A0C91BC942}") = "Exercise08", "Exercise08\Exercise08.vcxproj", "{41322999-5B59-4C19-814A-098E28D702D4}"
EndProject
Project("{8BC9CEB8-8B4A-11D0-8D11-00A0C91BC942}") = "Exercise09", "Exercise09\Exercise09.vcxproj", "{B2FD7F4F-C6E9-4C60-A567-92DDDF9FFAF9}"
EndProject
Global
	GlobalSection(SolutionConfigurationPlatforms) = preSolution
		Debug|x64 = Debug|x64
		Debug|x86 = Debug|x86
		Release|x64 = Release|x64
		Release|x86 = Release|x86
	EndGlobalSection
	GlobalSection(ProjectConfigurationPlatforms) = postSolution
		{29BA617A-F6F1-40E1-8D69-6F4A4EE39A4E}.Debug|x64.ActiveCfg = Debug|x64
		{29BA617A-F6F1-40E1-8D69-6F4A4EE39A4E}.Debug|x64.Build.0 = Debug|x64
		{29BA617A-F6F1-40E1-8D69-6F4A4EE39A4E}.Debug|x86.ActiveCfg = Debug|Win32
		{29BA617A-F6F1-40E1-8D69-6F4A4EE39A4E}.Debug|x86.Build.0 = Debug|Win32
		{29BA617A-F6F1-40E1-8D69-6F4A4EE39A4E}.Release|x64.ActiveCfg = Release|x64
		{29BA617A-F6F1-40E1-8D69-6F4A4EE39A4E}.Release|x64.Build.0 = Release|x64
		{29BA617A-F6F1-40E1-8D69-6F4A4EE39A4E}.Release|x86.ActiveCfg = Release|Win32
		{29BA617A-F6F1-40E1-8D69-6F4A4EE39A4E}.Release|x86.Build.0 = Release|Win32
		{B4631A4D-3164-4D3F-A018-3AA4A017106F}.Debug|x64.ActiveCfg = Debug|x64
		{B4631A4D-3164-4D3F-A018-3AA4A017106F}.Debug|x64.Build.0 = Debug|x64
		{B4631A4D-3164-4D3F-A018-3AA4A017106F}.Debug|x86.ActiveCfg = Debug|Win32
		{B4631A4D-3164-4D3F-A018-3AA4A017106F}.Debug|x86.Build.0 = Debug|Win32
		{B4631A4D-3164-4D3F-A018-3AA4A017106F}.Release|x64.ActiveCfg = Release|x64
		{B4631A4D-3164-4D3F-A018-3AA4A017106F}.Release|x64.Build.0 = Release|x64
		{B4631A4D-3164-4D3F-A018-3AA4A017106F}.Release|x86.ActiveCfg = Release|Win32
		{B4631A4D-3164-4D3F-A018-3AA4A017106F}.Release|x86.Build.0 = Release|Win32
		{B659E114-2E24-43ED-BC0E-A201CCB34918}.Debug|x64.ActiveCfg = Debug|x64
		{B659E114-2E24-43ED-BC0E-A201CCB34918}.Debug|x64.Build.0 = Debug|x64
		{B659E114-2E24-43ED-BC0E-A201CCB34918}.Debug|x86.ActiveCfg = Debug|Win32
		{B659E114-2E24-43ED-BC0E-A201CCB34918}.Debug|x86.Build.0 = Debug|Win32
		{B659E114-2E24-43ED-BC0E-A201CCB34918}.Release|x64.ActiveCfg = Release|x64
		{B659E114-2E24-43ED-BC0E-A201CCB34918}.Release|x64.Build.0 = Release|x64
		{B659E114-2E24-43ED-BC0E-A201CCB34918}.Release|x86.ActiveCfg = Release|Win32
		{B659E114-2E24-43ED-BC0E-A201CCB34918}.Release|x86.Build.0 = Release|Win32
		{E0954AB7-AD64-4850-AEE8-600889D0A141}.Debug|x64.ActiveCfg = Debug|x64
		{E0954AB7-AD64-4850-AEE8-600889D0A141}.Debug|x64.Build.0 = Debug|x64
		{E0954AB7-AD64-4850-AEE8-600889D0A141}.Debug|x86.ActiveCfg = Debug|Win32
		{E0954AB7-AD64-4850-AEE8-600889D0A141}.Debug|x86.Build.0 = Debug|Win32
		{E0954AB7-AD64-4850-AEE8-600889D0A141}.Release|x64.ActiveCfg = Release|x64
		{E0954AB7-AD64-4850-AEE8-600889D0A141}.Release|x64.Build.0 = Release|x64
		{E0954AB7-AD64-4850-AEE8-600889D0A141}.Release|x86.ActiveCfg = Release|Win32
		{E0954AB7-AD64-4850-AEE8-600889D0A141}.Release|x86.Build.0 = Release|Win32
		{03C987AD-6A2F-4495-ABFC-1117F665A615}.Debug|x64.ActiveCfg = Debug|x64
		{03C987AD-6A2F-4495-ABFC-1117F665A615}.Debug|x64.Build.0 = Debug|x64
		{03C987AD-6A2F-4495-ABFC-1117F665A615}.Debug|x86.ActiveCfg = Debug|Win32
		{03C987AD-6A2F-4495-ABFC-1117F665A615}.Debug|x86.Build.0 = Debug|Win32
		{03C987AD-6A2F-4495-ABFC-1117F665A615}.Release|x64.ActiveCfg = Release|x64
		{03C987AD-6A2F-4495-ABFC-1117F665A615}.Release|x64.Build.0 = Release|x64
		{03C987AD-6A2F-4495-ABFC-1117F665A615}.Release|x86.ActiveCfg = Release|Win32
		{03C987AD-6A2F-4495-ABFC-1117F665A615}.Release|x86.Build.0 = Release|Win32
		{CDFEC72C-1631-46AA-ACE3-97EAC935ED3B}.Debug|x64.ActiveCfg = Debug|x64
		{CDFEC72C-1631-46AA-ACE3-97EAC935ED3B}.Debug|x64.Build.0 = Debug|x64
		{CDFEC72C-1631-46AA-ACE3-97EAC935ED3B}.Debug|x86.ActiveCfg = Debug|Win32
		{CDFEC72C-1631-46AA-ACE3-97EAC935ED3B}.Debug|x86.Build.0 = Debug|Win32
		{CDFEC72C-1631-46AA-ACE3-97EAC935ED3B}.Release|x64.ActiveCfg = Release|x64
		{CDFEC72C-1631-46AA-ACE3-97EAC935ED3B}.Release|x64.Build.0 = Release|x64
		{CDFEC72C-1631-46AA-ACE3-97EAC935ED3B}.Release|x86.ActiveCfg = Release|Win32
		{CDFEC72C-1631-46AA-ACE3-97EAC935ED3B}.Release|x86.Build.0 = Release|Win32
		{DA2D53B0-D1A6-42B6-A763-D3722A2E7471}.Debug|x64.ActiveCfg = Debug|x64
		{DA2D53B0-D1A6-42B6-A763-D3722A2E7471}.Debug|x64.Build.0 = Debug|x64
		{DA2D53B0-D1A6-42B6-A763-D3722A2E7471}.Debug|x86.ActiveCfg = Debug|Win32
		{DA2D53B0-D1A6-42B6-A763-D3722A2E7471}.Debug|x86.Build.0 = Debug|Win32
		{DA2D53B0-D1A6-42B6-A763-D3722A2E7471}.Release|x64.ActiveCfg = Release|x64
		{DA2D53B0-D1A6-42B6-A763-D3722A2E7471}.Release|x64.Build.0 = Release|x64
		{DA2D53B0-D1A6-42B6-A763-D3722A2E7471}.Release|x86.ActiveCfg = Release|Win32
		{DA2D53B0-D1A6-42B6-A763-D3722A2E7471}.Release|x86.Build.0 = Release|Win32
		{41322999-5B59-4C19-814A-098E28D702D4}.Debug|x64.ActiveCfg = Debug|x64
		{41322999-5B59-4C19-814A-098E28D702D4}.Debug|x64.Build.0 = Debug|x64
		{41322999-5B59-4C19-814A-098E28D702D4}.Debug|x86.ActiveCfg = Debug|Win32
		{41322999-5B59-4C19-814A-098E28D702D4}.Debug|x86.Build.0 = Debug|Win32
		{41322999-5B59-4C19-814A-098E28D702D4}.Release|x64.ActiveCfg = Release|x64
		{41322999-5B59-4C19-814A-098E28D702D4}.Release|x64.Build.0 = Release|x64
		{41322999-5B59-4C19-814A-098E28D702D4}.Release|x86.ActiveCfg = Release|Win32
		{41322999-5B59-4C19-814A-098E28D702D4}.Release|x86.Build.0 = Release|Win32
		{B2FD7F4F-C6E9-4C60-A567-92DDDF9FFAF9}.Debug|x64.ActiveCfg = Debug|x64
		{B2FD7F4F-C6E9-4C60-A567-92DDDF9FFAF9}.Debug|x64.Build.0 = Debug|x64
		{B2FD7F4F-C6E9-4C60-A567-92DDDF9FFAF9}.Debug|x86.ActiveCfg = Debug|Win32
		{B2FD7F4F-C6E9-4C60-A567-92DDDF9FFAF9}.Debug|x86.Build.0 = Debug|Win32
		{B2FD7F4F-C6E9-4C60-A567-92DDDF9FFAF9}.Release|x64.ActiveCfg = Release|x64
		{B2FD7F4F-C6E9-4C60-A567-92DDDF9FFAF9}.Release|x64.Build.0 = Release|x64
		{B2FD7F4F-C6E9-4C60-A567-92DDDF9FFAF9}.Release|x86.ActiveCfg = Release|Win32
		{B2FD7F4F-C6E9-4C60-A567-92DDDF9FFAF9}.Release|x86.Build.0 = Release|Win32
	EndGlobalSection
	GlobalSection(SolutionProperties) = preSolution
		HideSolutionNode = FALSE
	EndGlobalSection
	GlobalSection(ExtensibilityGlobals) = postSolution
		SolutionGuid = {17DC6C15-6081-4DC2-941A-F73427134E3C}
	EndGlobalSection
EndGlobal
