
Microsoft Visual Studio Solution File, Format Version 12.00
# Visual Studio 15
VisualStudioVersion = 15.0.28307.1525
MinimumVisualStudioVersion = 10.0.40219.1
Project("{8BC9CEB8-8B4A-11D0-8D11-00A0C91BC942}") = "OneOpndOverloading_Practice", "OneOpndOverloading_Practice\OneOpndOverloading_Practice.vcxproj", "{9BE64DE5-2366-4A38-A7E6-DDE6980060CE}"
EndProject
Global
	GlobalSection(SolutionConfigurationPlatforms) = preSolution
		Debug|x64 = Debug|x64
		Debug|x86 = Debug|x86
		Release|x64 = Release|x64
		Release|x86 = Release|x86
	EndGlobalSection
	GlobalSection(ProjectConfigurationPlatforms) = postSolution
		{9BE64DE5-2366-4A38-A7E6-DDE6980060CE}.Debug|x64.ActiveCfg = Debug|x64
		{9BE64DE5-2366-4A38-A7E6-DDE6980060CE}.Debug|x64.Build.0 = Debug|x64
		{9BE64DE5-2366-4A38-A7E6-DDE6980060CE}.Debug|x86.ActiveCfg = Debug|Win32
		{9BE64DE5-2366-4A38-A7E6-DDE6980060CE}.Debug|x86.Build.0 = Debug|Win32
		{9BE64DE5-2366-4A38-A7E6-DDE6980060CE}.Release|x64.ActiveCfg = Release|x64
		{9BE64DE5-2366-4A38-A7E6-DDE6980060CE}.Release|x64.Build.0 = Release|x64
		{9BE64DE5-2366-4A38-A7E6-DDE6980060CE}.Release|x86.ActiveCfg = Release|Win32
		{9BE64DE5-2366-4A38-A7E6-DDE6980060CE}.Release|x86.Build.0 = Release|Win32
	EndGlobalSection
	GlobalSection(SolutionProperties) = preSolution
		HideSolutionNode = FALSE
	EndGlobalSection
	GlobalSection(ExtensibilityGlobals) = postSolution
		SolutionGuid = {99D6DAD1-8D80-4645-A8EF-C8636B02138E}
	EndGlobalSection
EndGlobal
