
Microsoft Visual Studio Solution File, Format Version 12.00
# Visual Studio 15
VisualStudioVersion = 15.0.28307.1525
MinimumVisualStudioVersion = 10.0.40219.1
Project("{8BC9CEB8-8B4A-11D0-8D11-00A0C91BC942}") = "EmployeeManager2", "EmployeeManager2\EmployeeManager2.vcxproj", "{A06A454E-1EB1-4684-8E66-81DD0F791105}"
EndProject
Global
	GlobalSection(SolutionConfigurationPlatforms) = preSolution
		Debug|x64 = Debug|x64
		Debug|x86 = Debug|x86
		Release|x64 = Release|x64
		Release|x86 = Release|x86
	EndGlobalSection
	GlobalSection(ProjectConfigurationPlatforms) = postSolution
		{A06A454E-1EB1-4684-8E66-81DD0F791105}.Debug|x64.ActiveCfg = Debug|x64
		{A06A454E-1EB1-4684-8E66-81DD0F791105}.Debug|x64.Build.0 = Debug|x64
		{A06A454E-1EB1-4684-8E66-81DD0F791105}.Debug|x86.ActiveCfg = Debug|Win32
		{A06A454E-1EB1-4684-8E66-81DD0F791105}.Debug|x86.Build.0 = Debug|Win32
		{A06A454E-1EB1-4684-8E66-81DD0F791105}.Release|x64.ActiveCfg = Release|x64
		{A06A454E-1EB1-4684-8E66-81DD0F791105}.Release|x64.Build.0 = Release|x64
		{A06A454E-1EB1-4684-8E66-81DD0F791105}.Release|x86.ActiveCfg = Release|Win32
		{A06A454E-1EB1-4684-8E66-81DD0F791105}.Release|x86.Build.0 = Release|Win32
	EndGlobalSection
	GlobalSection(SolutionProperties) = preSolution
		HideSolutionNode = FALSE
	EndGlobalSection
	GlobalSection(ExtensibilityGlobals) = postSolution
		SolutionGuid = {2A5E6BBC-3E2A-4BB7-B9D0-A92CD6A44A06}
	EndGlobalSection
EndGlobal
