
Microsoft Visual Studio Solution File, Format Version 12.00
# Visual Studio 15
VisualStudioVersion = 15.0.28307.1758
MinimumVisualStudioVersion = 10.0.40219.1
Project("{8BC9CEB8-8B4A-11D0-8D11-00A0C91BC942}") = "mytime", "mytime.vcxproj", "{320F67AB-3CF2-49DD-85CD-67D589294131}"
EndProject
Global
	GlobalSection(SolutionConfigurationPlatforms) = preSolution
		Debug|x64 = Debug|x64
		Debug|x86 = Debug|x86
		Release|x64 = Release|x64
		Release|x86 = Release|x86
	EndGlobalSection
	GlobalSection(ProjectConfigurationPlatforms) = postSolution
		{320F67AB-3CF2-49DD-85CD-67D589294131}.Debug|x64.ActiveCfg = Debug|x64
		{320F67AB-3CF2-49DD-85CD-67D589294131}.Debug|x64.Build.0 = Debug|x64
		{320F67AB-3CF2-49DD-85CD-67D589294131}.Debug|x86.ActiveCfg = Debug|Win32
		{320F67AB-3CF2-49DD-85CD-67D589294131}.Debug|x86.Build.0 = Debug|Win32
		{320F67AB-3CF2-49DD-85CD-67D589294131}.Release|x64.ActiveCfg = Release|x64
		{320F67AB-3CF2-49DD-85CD-67D589294131}.Release|x64.Build.0 = Release|x64
		{320F67AB-3CF2-49DD-85CD-67D589294131}.Release|x86.ActiveCfg = Release|Win32
		{320F67AB-3CF2-49DD-85CD-67D589294131}.Release|x86.Build.0 = Release|Win32
	EndGlobalSection
	GlobalSection(SolutionProperties) = preSolution
		HideSolutionNode = FALSE
	EndGlobalSection
	GlobalSection(ExtensibilityGlobals) = postSolution
		SolutionGuid = {7BC7BA93-9C1D-4346-8D93-95EAA30EC47B}
	EndGlobalSection
EndGlobal
