
Microsoft Visual Studio Solution File, Format Version 12.00
# Visual Studio 15
VisualStudioVersion = 15.0.28307.1525
MinimumVisualStudioVersion = 10.0.40219.1
Project("{8BC9CEB8-8B4A-11D0-8D11-00A0C91BC942}") = "PrimitiveFunctionTemplate", "PrimitiveFunctionTemplate\PrimitiveFunctionTemplate.vcxproj", "{2406DD58-D59A-4E54-A3A0-7B66C3D92CEA}"
EndProject
Global
	GlobalSection(SolutionConfigurationPlatforms) = preSolution
		Debug|x64 = Debug|x64
		Debug|x86 = Debug|x86
		Release|x64 = Release|x64
		Release|x86 = Release|x86
	EndGlobalSection
	GlobalSection(ProjectConfigurationPlatforms) = postSolution
		{2406DD58-D59A-4E54-A3A0-7B66C3D92CEA}.Debug|x64.ActiveCfg = Debug|x64
		{2406DD58-D59A-4E54-A3A0-7B66C3D92CEA}.Debug|x64.Build.0 = Debug|x64
		{2406DD58-D59A-4E54-A3A0-7B66C3D92CEA}.Debug|x86.ActiveCfg = Debug|Win32
		{2406DD58-D59A-4E54-A3A0-7B66C3D92CEA}.Debug|x86.Build.0 = Debug|Win32
		{2406DD58-D59A-4E54-A3A0-7B66C3D92CEA}.Release|x64.ActiveCfg = Release|x64
		{2406DD58-D59A-4E54-A3A0-7B66C3D92CEA}.Release|x64.Build.0 = Release|x64
		{2406DD58-D59A-4E54-A3A0-7B66C3D92CEA}.Release|x86.ActiveCfg = Release|Win32
		{2406DD58-D59A-4E54-A3A0-7B66C3D92CEA}.Release|x86.Build.0 = Release|Win32
	EndGlobalSection
	GlobalSection(SolutionProperties) = preSolution
		HideSolutionNode = FALSE
	EndGlobalSection
	GlobalSection(ExtensibilityGlobals) = postSolution
		SolutionGuid = {C42E52C0-8FA2-4CF3-84D7-0141A19C5A46}
	EndGlobalSection
EndGlobal
