
Microsoft Visual Studio Solution File, Format Version 12.00
# Visual Studio 15
VisualStudioVersion = 15.0.28307.1525
MinimumVisualStudioVersion = 10.0.40219.1
Project("{8BC9CEB8-8B4A-11D0-8D11-00A0C91BC942}") = "Ring", "Ring\Ring.vcxproj", "{123F86F9-F289-4A45-992D-3A49BB31DCD5}"
EndProject
Global
	GlobalSection(SolutionConfigurationPlatforms) = preSolution
		Debug|x64 = Debug|x64
		Debug|x86 = Debug|x86
		Release|x64 = Release|x64
		Release|x86 = Release|x86
	EndGlobalSection
	GlobalSection(ProjectConfigurationPlatforms) = postSolution
		{123F86F9-F289-4A45-992D-3A49BB31DCD5}.Debug|x64.ActiveCfg = Debug|x64
		{123F86F9-F289-4A45-992D-3A49BB31DCD5}.Debug|x64.Build.0 = Debug|x64
		{123F86F9-F289-4A45-992D-3A49BB31DCD5}.Debug|x86.ActiveCfg = Debug|Win32
		{123F86F9-F289-4A45-992D-3A49BB31DCD5}.Debug|x86.Build.0 = Debug|Win32
		{123F86F9-F289-4A45-992D-3A49BB31DCD5}.Release|x64.ActiveCfg = Release|x64
		{123F86F9-F289-4A45-992D-3A49BB31DCD5}.Release|x64.Build.0 = Release|x64
		{123F86F9-F289-4A45-992D-3A49BB31DCD5}.Release|x86.ActiveCfg = Release|Win32
		{123F86F9-F289-4A45-992D-3A49BB31DCD5}.Release|x86.Build.0 = Release|Win32
	EndGlobalSection
	GlobalSection(SolutionProperties) = preSolution
		HideSolutionNode = FALSE
	EndGlobalSection
	GlobalSection(ExtensibilityGlobals) = postSolution
		SolutionGuid = {5B66A89C-CF7A-4BA9-B36C-10E1F88345A1}
	EndGlobalSection
EndGlobal
