
Microsoft Visual Studio Solution File, Format Version 12.00
# Visual Studio 15
VisualStudioVersion = 15.0.28307.1525
MinimumVisualStudioVersion = 10.0.40219.1
Project("{8BC9CEB8-8B4A-11D0-8D11-00A0C91BC942}") = "ClassInit2", "ClassInit2\ClassInit2.vcxproj", "{CEB1AA20-33B5-4C07-8098-5116398E7B66}"
EndProject
Global
	GlobalSection(SolutionConfigurationPlatforms) = preSolution
		Debug|x64 = Debug|x64
		Debug|x86 = Debug|x86
		Release|x64 = Release|x64
		Release|x86 = Release|x86
	EndGlobalSection
	GlobalSection(ProjectConfigurationPlatforms) = postSolution
		{CEB1AA20-33B5-4C07-8098-5116398E7B66}.Debug|x64.ActiveCfg = Debug|x64
		{CEB1AA20-33B5-4C07-8098-5116398E7B66}.Debug|x64.Build.0 = Debug|x64
		{CEB1AA20-33B5-4C07-8098-5116398E7B66}.Debug|x86.ActiveCfg = Debug|Win32
		{CEB1AA20-33B5-4C07-8098-5116398E7B66}.Debug|x86.Build.0 = Debug|Win32
		{CEB1AA20-33B5-4C07-8098-5116398E7B66}.Release|x64.ActiveCfg = Release|x64
		{CEB1AA20-33B5-4C07-8098-5116398E7B66}.Release|x64.Build.0 = Release|x64
		{CEB1AA20-33B5-4C07-8098-5116398E7B66}.Release|x86.ActiveCfg = Release|Win32
		{CEB1AA20-33B5-4C07-8098-5116398E7B66}.Release|x86.Build.0 = Release|Win32
	EndGlobalSection
	GlobalSection(SolutionProperties) = preSolution
		HideSolutionNode = FALSE
	EndGlobalSection
	GlobalSection(ExtensibilityGlobals) = postSolution
		SolutionGuid = {ACD9244A-183E-46CF-A34B-876AC0653303}
	EndGlobalSection
EndGlobal
