
Microsoft Visual Studio Solution File, Format Version 12.00
# Visual Studio 15
VisualStudioVersion = 15.0.28307.1525
MinimumVisualStudioVersion = 10.0.40219.1
Project("{8BC9CEB8-8B4A-11D0-8D11-00A0C91BC942}") = "ImproveInit", "ImproveInit\ImproveInit.vcxproj", "{2EB6A1D0-F503-4381-B931-B29FE25604CE}"
EndProject
Global
	GlobalSection(SolutionConfigurationPlatforms) = preSolution
		Debug|x64 = Debug|x64
		Debug|x86 = Debug|x86
		Release|x64 = Release|x64
		Release|x86 = Release|x86
	EndGlobalSection
	GlobalSection(ProjectConfigurationPlatforms) = postSolution
		{2EB6A1D0-F503-4381-B931-B29FE25604CE}.Debug|x64.ActiveCfg = Debug|x64
		{2EB6A1D0-F503-4381-B931-B29FE25604CE}.Debug|x64.Build.0 = Debug|x64
		{2EB6A1D0-F503-4381-B931-B29FE25604CE}.Debug|x86.ActiveCfg = Debug|Win32
		{2EB6A1D0-F503-4381-B931-B29FE25604CE}.Debug|x86.Build.0 = Debug|Win32
		{2EB6A1D0-F503-4381-B931-B29FE25604CE}.Release|x64.ActiveCfg = Release|x64
		{2EB6A1D0-F503-4381-B931-B29FE25604CE}.Release|x64.Build.0 = Release|x64
		{2EB6A1D0-F503-4381-B931-B29FE25604CE}.Release|x86.ActiveCfg = Release|Win32
		{2EB6A1D0-F503-4381-B931-B29FE25604CE}.Release|x86.Build.0 = Release|Win32
	EndGlobalSection
	GlobalSection(SolutionProperties) = preSolution
		HideSolutionNode = FALSE
	EndGlobalSection
	GlobalSection(ExtensibilityGlobals) = postSolution
		SolutionGuid = {45AFE430-E825-4924-B9EC-D1DEB3EA8166}
	EndGlobalSection
EndGlobal
