
Microsoft Visual Studio Solution File, Format Version 12.00
# Visual Studio 15
VisualStudioVersion = 15.0.28307.1525
MinimumVisualStudioVersion = 10.0.40219.1
Project("{8BC9CEB8-8B4A-11D0-8D11-00A0C91BC942}") = "CatchFlow", "CatchFlow\CatchFlow.vcxproj", "{7A64683D-2FC1-46FF-9B88-0D2D7410945A}"
EndProject
Global
	GlobalSection(SolutionConfigurationPlatforms) = preSolution
		Debug|x64 = Debug|x64
		Debug|x86 = Debug|x86
		Release|x64 = Release|x64
		Release|x86 = Release|x86
	EndGlobalSection
	GlobalSection(ProjectConfigurationPlatforms) = postSolution
		{7A64683D-2FC1-46FF-9B88-0D2D7410945A}.Debug|x64.ActiveCfg = Debug|x64
		{7A64683D-2FC1-46FF-9B88-0D2D7410945A}.Debug|x64.Build.0 = Debug|x64
		{7A64683D-2FC1-46FF-9B88-0D2D7410945A}.Debug|x86.ActiveCfg = Debug|Win32
		{7A64683D-2FC1-46FF-9B88-0D2D7410945A}.Debug|x86.Build.0 = Debug|Win32
		{7A64683D-2FC1-46FF-9B88-0D2D7410945A}.Release|x64.ActiveCfg = Release|x64
		{7A64683D-2FC1-46FF-9B88-0D2D7410945A}.Release|x64.Build.0 = Release|x64
		{7A64683D-2FC1-46FF-9B88-0D2D7410945A}.Release|x86.ActiveCfg = Release|Win32
		{7A64683D-2FC1-46FF-9B88-0D2D7410945A}.Release|x86.Build.0 = Release|Win32
	EndGlobalSection
	GlobalSection(SolutionProperties) = preSolution
		HideSolutionNode = FALSE
	EndGlobalSection
	GlobalSection(ExtensibilityGlobals) = postSolution
		SolutionGuid = {A9A47529-7B07-4CE8-95FD-C8D5260ECFB0}
	EndGlobalSection
EndGlobal
