
Microsoft Visual Studio Solution File, Format Version 12.00
# Visual Studio 15
VisualStudioVersion = 15.0.28307.1758
MinimumVisualStudioVersion = 10.0.40219.1
Project("{8BC9CEB8-8B4A-11D0-8D11-00A0C91BC942}") = "Exercise01", "Exercise01\Exercise01.vcxproj", "{6149E315-C8B6-42D9-AB5A-C78F3D92E515}"
EndProject
Project("{8BC9CEB8-8B4A-11D0-8D11-00A0C91BC942}") = "Exercise02", "Exercise02\Exercise02.vcxproj", "{58EF4304-EA70-42F4-AAE7-8C269627DAD6}"
EndProject
Project("{8BC9CEB8-8B4A-11D0-8D11-00A0C91BC942}") = "Exercise03", "Exercise03\Exercise03.vcxproj", "{B38B2C74-6F92-4B5E-9C96-DB88C5FF3826}"
EndProject
Project("{8BC9CEB8-8B4A-11D0-8D11-00A0C91BC942}") = "Exercise04", "Exercise04\Exercise04.vcxproj", "{9E0A27AC-D9BB-43FB-809F-F2A420B59550}"
EndProject
Project("{8BC9CEB8-8B4A-11D0-8D11-00A0C91BC942}") = "Exercise05", "Exercise05\Exercise05.vcxproj", "{F0E38A58-0CB0-4DFD-8723-5F6F84EFDE88}"
EndProject
Project("{8BC9CEB8-8B4A-11D0-8D11-00A0C91BC942}") = "Exercise06", "Exercise06\Exercise06.vcxproj", "{B7D926BB-5079-4970-96FB-E282A66BE0C8}"
EndProject
Project("{8BC9CEB8-8B4A-11D0-8D11-00A0C91BC942}") = "Exercise07", "Exercise07\Exercise07.vcxproj", "{738E7A99-5D06-409B-917C-92C4F66143B2}"
EndProject
Global
	GlobalSection(SolutionConfigurationPlatforms) = preSolution
		Debug|x64 = Debug|x64
		Debug|x86 = Debug|x86
		Release|x64 = Release|x64
		Release|x86 = Release|x86
	EndGlobalSection
	GlobalSection(ProjectConfigurationPlatforms) = postSolution
		{6149E315-C8B6-42D9-AB5A-C78F3D92E515}.Debug|x64.ActiveCfg = Debug|x64
		{6149E315-C8B6-42D9-AB5A-C78F3D92E515}.Debug|x64.Build.0 = Debug|x64
		{6149E315-C8B6-42D9-AB5A-C78F3D92E515}.Debug|x86.ActiveCfg = Debug|Win32
		{6149E315-C8B6-42D9-AB5A-C78F3D92E515}.Debug|x86.Build.0 = Debug|Win32
		{6149E315-C8B6-42D9-AB5A-C78F3D92E515}.Release|x64.ActiveCfg = Release|x64
		{6149E315-C8B6-42D9-AB5A-C78F3D92E515}.Release|x64.Build.0 = Release|x64
		{6149E315-C8B6-42D9-AB5A-C78F3D92E515}.Release|x86.ActiveCfg = Release|Win32
		{6149E315-C8B6-42D9-AB5A-C78F3D92E515}.Release|x86.Build.0 = Release|Win32
		{58EF4304-EA70-42F4-AAE7-8C269627DAD6}.Debug|x64.ActiveCfg = Debug|x64
		{58EF4304-EA70-42F4-AAE7-8C269627DAD6}.Debug|x64.Build.0 = Debug|x64
		{58EF4304-EA70-42F4-AAE7-8C269627DAD6}.Debug|x86.ActiveCfg = Debug|Win32
		{58EF4304-EA70-42F4-AAE7-8C269627DAD6}.Debug|x86.Build.0 = Debug|Win32
		{58EF4304-EA70-42F4-AAE7-8C269627DAD6}.Release|x64.ActiveCfg = Release|x64
		{58EF4304-EA70-42F4-AAE7-8C269627DAD6}.Release|x64.Build.0 = Release|x64
		{58EF4304-EA70-42F4-AAE7-8C269627DAD6}.Release|x86.ActiveCfg = Release|Win32
		{58EF4304-EA70-42F4-AAE7-8C269627DAD6}.Release|x86.Build.0 = Release|Win32
		{B38B2C74-6F92-4B5E-9C96-DB88C5FF3826}.Debug|x64.ActiveCfg = Debug|x64
		{B38B2C74-6F92-4B5E-9C96-DB88C5FF3826}.Debug|x64.Build.0 = Debug|x64
		{B38B2C74-6F92-4B5E-9C96-DB88C5FF3826}.Debug|x86.ActiveCfg = Debug|Win32
		{B38B2C74-6F92-4B5E-9C96-DB88C5FF3826}.Debug|x86.Build.0 = Debug|Win32
		{B38B2C74-6F92-4B5E-9C96-DB88C5FF3826}.Release|x64.ActiveCfg = Release|x64
		{B38B2C74-6F92-4B5E-9C96-DB88C5FF3826}.Release|x64.Build.0 = Release|x64
		{B38B2C74-6F92-4B5E-9C96-DB88C5FF3826}.Release|x86.ActiveCfg = Release|Win32
		{B38B2C74-6F92-4B5E-9C96-DB88C5FF3826}.Release|x86.Build.0 = Release|Win32
		{9E0A27AC-D9BB-43FB-809F-F2A420B59550}.Debug|x64.ActiveCfg = Debug|x64
		{9E0A27AC-D9BB-43FB-809F-F2A420B59550}.Debug|x64.Build.0 = Debug|x64
		{9E0A27AC-D9BB-43FB-809F-F2A420B59550}.Debug|x86.ActiveCfg = Debug|Win32
		{9E0A27AC-D9BB-43FB-809F-F2A420B59550}.Debug|x86.Build.0 = Debug|Win32
		{9E0A27AC-D9BB-43FB-809F-F2A420B59550}.Release|x64.ActiveCfg = Release|x64
		{9E0A27AC-D9BB-43FB-809F-F2A420B59550}.Release|x64.Build.0 = Release|x64
		{9E0A27AC-D9BB-43FB-809F-F2A420B59550}.Release|x86.ActiveCfg = Release|Win32
		{9E0A27AC-D9BB-43FB-809F-F2A420B59550}.Release|x86.Build.0 = Release|Win32
		{F0E38A58-0CB0-4DFD-8723-5F6F84EFDE88}.Debug|x64.ActiveCfg = Debug|x64
		{F0E38A58-0CB0-4DFD-8723-5F6F84EFDE88}.Debug|x64.Build.0 = Debug|x64
		{F0E38A58-0CB0-4DFD-8723-5F6F84EFDE88}.Debug|x86.ActiveCfg = Debug|Win32
		{F0E38A58-0CB0-4DFD-8723-5F6F84EFDE88}.Debug|x86.Build.0 = Debug|Win32
		{F0E38A58-0CB0-4DFD-8723-5F6F84EFDE88}.Release|x64.ActiveCfg = Release|x64
		{F0E38A58-0CB0-4DFD-8723-5F6F84EFDE88}.Release|x64.Build.0 = Release|x64
		{F0E38A58-0CB0-4DFD-8723-5F6F84EFDE88}.Release|x86.ActiveCfg = Release|Win32
		{F0E38A58-0CB0-4DFD-8723-5F6F84EFDE88}.Release|x86.Build.0 = Release|Win32
		{B7D926BB-5079-4970-96FB-E282A66BE0C8}.Debug|x64.ActiveCfg = Debug|x64
		{B7D926BB-5079-4970-96FB-E282A66BE0C8}.Debug|x64.Build.0 = Debug|x64
		{B7D926BB-5079-4970-96FB-E282A66BE0C8}.Debug|x86.ActiveCfg = Debug|Win32
		{B7D926BB-5079-4970-96FB-E282A66BE0C8}.Debug|x86.Build.0 = Debug|Win32
		{B7D926BB-5079-4970-96FB-E282A66BE0C8}.Release|x64.ActiveCfg = Release|x64
		{B7D926BB-5079-4970-96FB-E282A66BE0C8}.Release|x64.Build.0 = Release|x64
		{B7D926BB-5079-4970-96FB-E282A66BE0C8}.Release|x86.ActiveCfg = Release|Win32
		{B7D926BB-5079-4970-96FB-E282A66BE0C8}.Release|x86.Build.0 = Release|Win32
		{738E7A99-5D06-409B-917C-92C4F66143B2}.Debug|x64.ActiveCfg = Debug|x64
		{738E7A99-5D06-409B-917C-92C4F66143B2}.Debug|x64.Build.0 = Debug|x64
		{738E7A99-5D06-409B-917C-92C4F66143B2}.Debug|x86.ActiveCfg = Debug|Win32
		{738E7A99-5D06-409B-917C-92C4F66143B2}.Debug|x86.Build.0 = Debug|Win32
		{738E7A99-5D06-409B-917C-92C4F66143B2}.Release|x64.ActiveCfg = Release|x64
		{738E7A99-5D06-409B-917C-92C4F66143B2}.Release|x64.Build.0 = Release|x64
		{738E7A99-5D06-409B-917C-92C4F66143B2}.Release|x86.ActiveCfg = Release|Win32
		{738E7A99-5D06-409B-917C-92C4F66143B2}.Release|x86.Build.0 = Release|Win32
	EndGlobalSection
	GlobalSection(SolutionProperties) = preSolution
		HideSolutionNode = FALSE
	EndGlobalSection
	GlobalSection(ExtensibilityGlobals) = postSolution
		SolutionGuid = {69F3F21E-1B90-4976-8F0F-80D11988301A}
	EndGlobalSection
EndGlobal
