
Microsoft Visual Studio Solution File, Format Version 12.00
# Visual Studio 15
VisualStudioVersion = 15.0.28307.1525
MinimumVisualStudioVersion = 10.0.40219.1
Project("{8BC9CEB8-8B4A-11D0-8D11-00A0C91BC942}") = "EmployeeManager4", "EmployeeManager4\EmployeeManager4.vcxproj", "{CECEAC05-944D-492D-B141-6BA625F8A443}"
EndProject
Global
	GlobalSection(SolutionConfigurationPlatforms) = preSolution
		Debug|x64 = Debug|x64
		Debug|x86 = Debug|x86
		Release|x64 = Release|x64
		Release|x86 = Release|x86
	EndGlobalSection
	GlobalSection(ProjectConfigurationPlatforms) = postSolution
		{CECEAC05-944D-492D-B141-6BA625F8A443}.Debug|x64.ActiveCfg = Debug|x64
		{CECEAC05-944D-492D-B141-6BA625F8A443}.Debug|x64.Build.0 = Debug|x64
		{CECEAC05-944D-492D-B141-6BA625F8A443}.Debug|x86.ActiveCfg = Debug|Win32
		{CECEAC05-944D-492D-B141-6BA625F8A443}.Debug|x86.Build.0 = Debug|Win32
		{CECEAC05-944D-492D-B141-6BA625F8A443}.Release|x64.ActiveCfg = Release|x64
		{CECEAC05-944D-492D-B141-6BA625F8A443}.Release|x64.Build.0 = Release|x64
		{CECEAC05-944D-492D-B141-6BA625F8A443}.Release|x86.ActiveCfg = Release|Win32
		{CECEAC05-944D-492D-B141-6BA625F8A443}.Release|x86.Build.0 = Release|Win32
	EndGlobalSection
	GlobalSection(SolutionProperties) = preSolution
		HideSolutionNode = FALSE
	EndGlobalSection
	GlobalSection(ExtensibilityGlobals) = postSolution
		SolutionGuid = {55A96B4D-C0F6-426E-BB10-DFF38ABC4E89}
	EndGlobalSection
EndGlobal
