
Microsoft Visual Studio Solution File, Format Version 12.00
# Visual Studio 15
VisualStudioVersion = 15.0.28307.1758
MinimumVisualStudioVersion = 10.0.40219.1
Project("{8BC9CEB8-8B4A-11D0-8D11-00A0C91BC942}") = "stock", "..\stock\stock.vcxproj", "{66551308-100C-4FF8-BFAF-A9C1D95492EE}"
EndProject
Project("{8BC9CEB8-8B4A-11D0-8D11-00A0C91BC942}") = "stock10", "stock10\stock10.vcxproj", "{B77C0D33-1F18-4790-838F-8942A988DCB7}"
EndProject
Global
	GlobalSection(SolutionConfigurationPlatforms) = preSolution
		Debug|x64 = Debug|x64
		Debug|x86 = Debug|x86
		Release|x64 = Release|x64
		Release|x86 = Release|x86
	EndGlobalSection
	GlobalSection(ProjectConfigurationPlatforms) = postSolution
		{66551308-100C-4FF8-BFAF-A9C1D95492EE}.Debug|x64.ActiveCfg = Debug|x64
		{66551308-100C-4FF8-BFAF-A9C1D95492EE}.Debug|x64.Build.0 = Debug|x64
		{66551308-100C-4FF8-BFAF-A9C1D95492EE}.Debug|x86.ActiveCfg = Debug|Win32
		{66551308-100C-4FF8-BFAF-A9C1D95492EE}.Debug|x86.Build.0 = Debug|Win32
		{66551308-100C-4FF8-BFAF-A9C1D95492EE}.Release|x64.ActiveCfg = Release|x64
		{66551308-100C-4FF8-BFAF-A9C1D95492EE}.Release|x64.Build.0 = Release|x64
		{66551308-100C-4FF8-BFAF-A9C1D95492EE}.Release|x86.ActiveCfg = Release|Win32
		{66551308-100C-4FF8-BFAF-A9C1D95492EE}.Release|x86.Build.0 = Release|Win32
		{B77C0D33-1F18-4790-838F-8942A988DCB7}.Debug|x64.ActiveCfg = Debug|x64
		{B77C0D33-1F18-4790-838F-8942A988DCB7}.Debug|x64.Build.0 = Debug|x64
		{B77C0D33-1F18-4790-838F-8942A988DCB7}.Debug|x86.ActiveCfg = Debug|Win32
		{B77C0D33-1F18-4790-838F-8942A988DCB7}.Debug|x86.Build.0 = Debug|Win32
		{B77C0D33-1F18-4790-838F-8942A988DCB7}.Release|x64.ActiveCfg = Release|x64
		{B77C0D33-1F18-4790-838F-8942A988DCB7}.Release|x64.Build.0 = Release|x64
		{B77C0D33-1F18-4790-838F-8942A988DCB7}.Release|x86.ActiveCfg = Release|Win32
		{B77C0D33-1F18-4790-838F-8942A988DCB7}.Release|x86.Build.0 = Release|Win32
	EndGlobalSection
	GlobalSection(SolutionProperties) = preSolution
		HideSolutionNode = FALSE
	EndGlobalSection
	GlobalSection(ExtensibilityGlobals) = postSolution
		SolutionGuid = {A2C37FAA-A7FB-4156-917B-2030E73EABE5}
	EndGlobalSection
EndGlobal
